PODS:
  - Gluon (0.1.0)
  - GluonUIKit (0.1.0):
    - Gluon (~> 0.1)

DEPENDENCIES:
  - Gluon (from `..`)
  - GluonUIKit (from `..`)

EXTERNAL SOURCES:
  Gluon:
    :path: ".."
  GluonUIKit:
    :path: ".."

SPEC CHECKSUMS:
  Gluon: 90e9ffe670c2b289f2532df012b1fce70c117537
  GluonUIKit: ec59ef077207048bffbb3d322fab2918e0f53fe4

PODFILE CHECKSUM: 506176d9f57e313b696258608414e29b871b813e

COCOAPODS: 1.5.3
