// !$*UTF8*$!
{
	archiveVersion = 1;
	classes = {
	};
	objectVersion = 46;
	objects = {

/* Begin PBXAggregateTarget section */
		"Gluon::GluonPackageTests::ProductTarget" /* GluonPackageTests */ = {
			isa = PBXAggregateTarget;
			buildConfigurationList = OBJ_129 /* Build configuration list for PBXAggregateTarget "GluonPackageTests" */;
			buildPhases = (
			);
			dependencies = (
				OBJ_132 /* PBXTargetDependency */,
			);
			name = GluonPackageTests;
			productName = GluonPackageTests;
		};
/* End PBXAggregateTarget section */

/* Begin PBXBuildFile section */
		D109CE6F21DD66F300A7A019 /* UIControllerComponent.swift in Sources */ = {isa = PBXBuildFile; fileRef = D109CE6E21DD66F300A7A019 /* UIControllerComponent.swift */; };
		D1B93BB621DE0791003186DA /* Router.swift in Sources */ = {isa = PBXBuildFile; fileRef = D1B93BB521DE0791003186DA /* Router.swift */; };
		OBJ_100 /* Button.swift in Sources */ = {isa = PBXBuildFile; fileRef = OBJ_23 /* Button.swift */; };
		OBJ_101 /* Label.swift in Sources */ = {isa = PBXBuildFile; fileRef = OBJ_24 /* Label.swift */; };
		OBJ_102 /* Layout.swift in Sources */ = {isa = PBXBuildFile; fileRef = OBJ_25 /* Layout.swift */; };
		OBJ_103 /* ModalPresenter.swift in Sources */ = {isa = PBXBuildFile; fileRef = OBJ_26 /* ModalPresenter.swift */; };
		OBJ_104 /* Color.swift in Sources */ = {isa = PBXBuildFile; fileRef = OBJ_28 /* Color.swift */; };
		OBJ_105 /* Event.swift in Sources */ = {isa = PBXBuildFile; fileRef = OBJ_29 /* Event.swift */; };
		OBJ_106 /* Rectangle.swift in Sources */ = {isa = PBXBuildFile; fileRef = OBJ_30 /* Rectangle.swift */; };
		OBJ_107 /* Style.swift in Sources */ = {isa = PBXBuildFile; fileRef = OBJ_31 /* Style.swift */; };
		OBJ_108 /* TextAlignment.swift in Sources */ = {isa = PBXBuildFile; fileRef = OBJ_32 /* TextAlignment.swift */; };
		OBJ_109 /* Slider.swift in Sources */ = {isa = PBXBuildFile; fileRef = OBJ_33 /* Slider.swift */; };
		OBJ_110 /* StackPresenter.swift in Sources */ = {isa = PBXBuildFile; fileRef = OBJ_34 /* StackPresenter.swift */; };
		OBJ_111 /* StackView.swift in Sources */ = {isa = PBXBuildFile; fileRef = OBJ_35 /* StackView.swift */; };
		OBJ_112 /* TabPresenter.swift in Sources */ = {isa = PBXBuildFile; fileRef = OBJ_36 /* TabPresenter.swift */; };
		OBJ_113 /* View.swift in Sources */ = {isa = PBXBuildFile; fileRef = OBJ_37 /* View.swift */; };
		OBJ_114 /* Node.swift in Sources */ = {isa = PBXBuildFile; fileRef = OBJ_38 /* Node.swift */; };
		OBJ_115 /* Null.swift in Sources */ = {isa = PBXBuildFile; fileRef = OBJ_39 /* Null.swift */; };
		OBJ_116 /* Renderer.swift in Sources */ = {isa = PBXBuildFile; fileRef = OBJ_40 /* Renderer.swift */; };
		OBJ_117 /* StackReconciler.swift in Sources */ = {isa = PBXBuildFile; fileRef = OBJ_41 /* StackReconciler.swift */; };
		OBJ_118 /* Store.swift in Sources */ = {isa = PBXBuildFile; fileRef = OBJ_42 /* Store.swift */; };
		OBJ_119 /* Unique.swift in Sources */ = {isa = PBXBuildFile; fileRef = OBJ_43 /* Unique.swift */; };
		OBJ_120 /* VersionedArray.swift in Sources */ = {isa = PBXBuildFile; fileRef = OBJ_44 /* VersionedArray.swift */; };
		OBJ_127 /* Package.swift in Sources */ = {isa = PBXBuildFile; fileRef = OBJ_6 /* Package.swift */; };
		OBJ_139 /* TestRenderer.swift in Sources */ = {isa = PBXBuildFile; fileRef = OBJ_46 /* TestRenderer.swift */; };
		OBJ_140 /* TestView.swift in Sources */ = {isa = PBXBuildFile; fileRef = OBJ_47 /* TestView.swift */; };
		OBJ_142 /* Gluon.framework in Frameworks */ = {isa = PBXBuildFile; fileRef = "Gluon::Gluon::Product" /* Gluon.framework */; };
		OBJ_148 /* GluonTests.swift in Sources */ = {isa = PBXBuildFile; fileRef = OBJ_75 /* GluonTests.swift */; };
		OBJ_149 /* XCTestManifests.swift in Sources */ = {isa = PBXBuildFile; fileRef = OBJ_76 /* XCTestManifests.swift */; };
		OBJ_151 /* GluonTestRenderer.framework in Frameworks */ = {isa = PBXBuildFile; fileRef = "Gluon::GluonTestRenderer::Product" /* GluonTestRenderer.framework */; };
		OBJ_152 /* Gluon.framework in Frameworks */ = {isa = PBXBuildFile; fileRef = "Gluon::Gluon::Product" /* Gluon.framework */; };
		OBJ_160 /* Button.swift in Sources */ = {isa = PBXBuildFile; fileRef = OBJ_50 /* Button.swift */; };
		OBJ_161 /* Label.swift in Sources */ = {isa = PBXBuildFile; fileRef = OBJ_51 /* Label.swift */; };
		OBJ_162 /* ModalPresenter.swift in Sources */ = {isa = PBXBuildFile; fileRef = OBJ_52 /* ModalPresenter.swift */; };
		OBJ_163 /* Color.swift in Sources */ = {isa = PBXBuildFile; fileRef = OBJ_54 /* Color.swift */; };
		OBJ_164 /* Event.swift in Sources */ = {isa = PBXBuildFile; fileRef = OBJ_55 /* Event.swift */; };
		OBJ_165 /* Rectangle.swift in Sources */ = {isa = PBXBuildFile; fileRef = OBJ_56 /* Rectangle.swift */; };
		OBJ_166 /* UIControlComponent.swift in Sources */ = {isa = PBXBuildFile; fileRef = OBJ_58 /* UIControlComponent.swift */; };
		OBJ_167 /* UIHostComponent.swift in Sources */ = {isa = PBXBuildFile; fileRef = OBJ_59 /* UIHostComponent.swift */; };
		OBJ_168 /* UIValueComponent.swift in Sources */ = {isa = PBXBuildFile; fileRef = OBJ_60 /* UIValueComponent.swift */; };
		OBJ_169 /* UIViewComponent.swift in Sources */ = {isa = PBXBuildFile; fileRef = OBJ_61 /* UIViewComponent.swift */; };
		OBJ_170 /* Slider.swift in Sources */ = {isa = PBXBuildFile; fileRef = OBJ_62 /* Slider.swift */; };
		OBJ_171 /* StackPresenter.swift in Sources */ = {isa = PBXBuildFile; fileRef = OBJ_63 /* StackPresenter.swift */; };
		OBJ_172 /* StackView.swift in Sources */ = {isa = PBXBuildFile; fileRef = OBJ_64 /* StackView.swift */; };
		OBJ_173 /* View.swift in Sources */ = {isa = PBXBuildFile; fileRef = OBJ_65 /* View.swift */; };
		OBJ_174 /* ContainerViewController.swift in Sources */ = {isa = PBXBuildFile; fileRef = OBJ_67 /* ContainerViewController.swift */; };
		OBJ_175 /* ControlBox.swift in Sources */ = {isa = PBXBuildFile; fileRef = OBJ_68 /* ControlBox.swift */; };
		OBJ_176 /* LayoutBox.swift in Sources */ = {isa = PBXBuildFile; fileRef = OBJ_69 /* LayoutBox.swift */; };
		OBJ_177 /* ValueControlBox.swift in Sources */ = {isa = PBXBuildFile; fileRef = OBJ_70 /* ValueControlBox.swift */; };
		OBJ_178 /* ViewBox.swift in Sources */ = {isa = PBXBuildFile; fileRef = OBJ_71 /* ViewBox.swift */; };
		OBJ_179 /* UIKitRenderer.swift in Sources */ = {isa = PBXBuildFile; fileRef = OBJ_72 /* UIKitRenderer.swift */; };
		OBJ_181 /* Gluon.framework in Frameworks */ = {isa = PBXBuildFile; fileRef = "Gluon::Gluon::Product" /* Gluon.framework */; };
		OBJ_90 /* AnyEquatable.swift in Sources */ = {isa = PBXBuildFile; fileRef = OBJ_11 /* AnyEquatable.swift */; };
		OBJ_91 /* Component.swift in Sources */ = {isa = PBXBuildFile; fileRef = OBJ_12 /* Component.swift */; };
		OBJ_92 /* MountedComponent.swift in Sources */ = {isa = PBXBuildFile; fileRef = OBJ_14 /* MountedComponent.swift */; };
		OBJ_93 /* MountedCompositeComponent.swift in Sources */ = {isa = PBXBuildFile; fileRef = OBJ_15 /* MountedCompositeComponent.swift */; };
		OBJ_94 /* MountedHostComponent.swift in Sources */ = {isa = PBXBuildFile; fileRef = OBJ_16 /* MountedHostComponent.swift */; };
		OBJ_95 /* Default.swift in Sources */ = {isa = PBXBuildFile; fileRef = OBJ_17 /* Default.swift */; };
		OBJ_96 /* Diffable.swift in Sources */ = {isa = PBXBuildFile; fileRef = OBJ_18 /* Diffable.swift */; };
		OBJ_97 /* Hooks.swift in Sources */ = {isa = PBXBuildFile; fileRef = OBJ_19 /* Hooks.swift */; };
		OBJ_98 /* Alert.swift in Sources */ = {isa = PBXBuildFile; fileRef = OBJ_21 /* Alert.swift */; };
		OBJ_99 /* Animation.swift in Sources */ = {isa = PBXBuildFile; fileRef = OBJ_22 /* Animation.swift */; };
/* End PBXBuildFile section */

/* Begin PBXContainerItemProxy section */
		D11632D921DD3D5B00233E69 /* PBXContainerItemProxy */ = {
			isa = PBXContainerItemProxy;
			containerPortal = OBJ_1 /* Project object */;
			proxyType = 1;
			remoteGlobalIDString = "Gluon::Gluon";
			remoteInfo = Gluon;
		};
		D11632DA21DD3D5B00233E69 /* PBXContainerItemProxy */ = {
			isa = PBXContainerItemProxy;
			containerPortal = OBJ_1 /* Project object */;
			proxyType = 1;
			remoteGlobalIDString = "Gluon::Gluon";
			remoteInfo = Gluon;
		};
		D11632DB21DD3D5B00233E69 /* PBXContainerItemProxy */ = {
			isa = PBXContainerItemProxy;
			containerPortal = OBJ_1 /* Project object */;
			proxyType = 1;
			remoteGlobalIDString = "Gluon::GluonTestRenderer";
			remoteInfo = GluonTestRenderer;
		};
		D11632DC21DD3D5B00233E69 /* PBXContainerItemProxy */ = {
			isa = PBXContainerItemProxy;
			containerPortal = OBJ_1 /* Project object */;
			proxyType = 1;
			remoteGlobalIDString = "Gluon::Gluon";
			remoteInfo = Gluon;
		};
		D11632DD21DD3D6900233E69 /* PBXContainerItemProxy */ = {
			isa = PBXContainerItemProxy;
			containerPortal = OBJ_1 /* Project object */;
			proxyType = 1;
			remoteGlobalIDString = "Gluon::GluonTests";
			remoteInfo = GluonTests;
		};
/* End PBXContainerItemProxy section */

/* Begin PBXFileReference section */
		D109CE6E21DD66F300A7A019 /* UIControllerComponent.swift */ = {isa = PBXFileReference; lastKnownFileType = sourcecode.swift; path = UIControllerComponent.swift; sourceTree = "<group>"; };
		D1B93BB521DE0791003186DA /* Router.swift */ = {isa = PBXFileReference; lastKnownFileType = sourcecode.swift; path = Router.swift; sourceTree = "<group>"; };
		"Gluon::Gluon::Product" /* Gluon.framework */ = {isa = PBXFileReference; lastKnownFileType = wrapper.framework; path = Gluon.framework; sourceTree = BUILT_PRODUCTS_DIR; };
		"Gluon::GluonTestRenderer::Product" /* GluonTestRenderer.framework */ = {isa = PBXFileReference; lastKnownFileType = wrapper.framework; path = GluonTestRenderer.framework; sourceTree = BUILT_PRODUCTS_DIR; };
		"Gluon::GluonTests::Product" /* GluonTests.xctest */ = {isa = PBXFileReference; lastKnownFileType = file; path = GluonTests.xctest; sourceTree = BUILT_PRODUCTS_DIR; };
		"Gluon::GluonUIKit::Product" /* GluonUIKit.framework */ = {isa = PBXFileReference; lastKnownFileType = wrapper.framework; path = GluonUIKit.framework; sourceTree = BUILT_PRODUCTS_DIR; };
		OBJ_11 /* AnyEquatable.swift */ = {isa = PBXFileReference; lastKnownFileType = sourcecode.swift; path = AnyEquatable.swift; sourceTree = "<group>"; };
		OBJ_12 /* Component.swift */ = {isa = PBXFileReference; lastKnownFileType = sourcecode.swift; path = Component.swift; sourceTree = "<group>"; };
		OBJ_14 /* MountedComponent.swift */ = {isa = PBXFileReference; lastKnownFileType = sourcecode.swift; path = MountedComponent.swift; sourceTree = "<group>"; };
		OBJ_15 /* MountedCompositeComponent.swift */ = {isa = PBXFileReference; lastKnownFileType = sourcecode.swift; path = MountedCompositeComponent.swift; sourceTree = "<group>"; };
		OBJ_16 /* MountedHostComponent.swift */ = {isa = PBXFileReference; lastKnownFileType = sourcecode.swift; path = MountedHostComponent.swift; sourceTree = "<group>"; };
		OBJ_17 /* Default.swift */ = {isa = PBXFileReference; lastKnownFileType = sourcecode.swift; path = Default.swift; sourceTree = "<group>"; };
		OBJ_18 /* Diffable.swift */ = {isa = PBXFileReference; lastKnownFileType = sourcecode.swift; path = Diffable.swift; sourceTree = "<group>"; };
		OBJ_19 /* Hooks.swift */ = {isa = PBXFileReference; lastKnownFileType = sourcecode.swift; path = Hooks.swift; sourceTree = "<group>"; };
		OBJ_21 /* Alert.swift */ = {isa = PBXFileReference; lastKnownFileType = sourcecode.swift; path = Alert.swift; sourceTree = "<group>"; };
		OBJ_22 /* Animation.swift */ = {isa = PBXFileReference; lastKnownFileType = sourcecode.swift; path = Animation.swift; sourceTree = "<group>"; };
		OBJ_23 /* Button.swift */ = {isa = PBXFileReference; lastKnownFileType = sourcecode.swift; path = Button.swift; sourceTree = "<group>"; };
		OBJ_24 /* Label.swift */ = {isa = PBXFileReference; lastKnownFileType = sourcecode.swift; path = Label.swift; sourceTree = "<group>"; };
		OBJ_25 /* Layout.swift */ = {isa = PBXFileReference; lastKnownFileType = sourcecode.swift; path = Layout.swift; sourceTree = "<group>"; };
		OBJ_26 /* ModalPresenter.swift */ = {isa = PBXFileReference; lastKnownFileType = sourcecode.swift; path = ModalPresenter.swift; sourceTree = "<group>"; };
		OBJ_28 /* Color.swift */ = {isa = PBXFileReference; lastKnownFileType = sourcecode.swift; path = Color.swift; sourceTree = "<group>"; };
		OBJ_29 /* Event.swift */ = {isa = PBXFileReference; lastKnownFileType = sourcecode.swift; path = Event.swift; sourceTree = "<group>"; };
		OBJ_30 /* Rectangle.swift */ = {isa = PBXFileReference; lastKnownFileType = sourcecode.swift; path = Rectangle.swift; sourceTree = "<group>"; };
		OBJ_31 /* Style.swift */ = {isa = PBXFileReference; lastKnownFileType = sourcecode.swift; path = Style.swift; sourceTree = "<group>"; };
		OBJ_32 /* TextAlignment.swift */ = {isa = PBXFileReference; lastKnownFileType = sourcecode.swift; path = TextAlignment.swift; sourceTree = "<group>"; };
		OBJ_33 /* Slider.swift */ = {isa = PBXFileReference; lastKnownFileType = sourcecode.swift; path = Slider.swift; sourceTree = "<group>"; };
		OBJ_34 /* StackPresenter.swift */ = {isa = PBXFileReference; lastKnownFileType = sourcecode.swift; path = StackPresenter.swift; sourceTree = "<group>"; };
		OBJ_35 /* StackView.swift */ = {isa = PBXFileReference; lastKnownFileType = sourcecode.swift; path = StackView.swift; sourceTree = "<group>"; };
		OBJ_36 /* TabPresenter.swift */ = {isa = PBXFileReference; lastKnownFileType = sourcecode.swift; path = TabPresenter.swift; sourceTree = "<group>"; };
		OBJ_37 /* View.swift */ = {isa = PBXFileReference; lastKnownFileType = sourcecode.swift; path = View.swift; sourceTree = "<group>"; };
		OBJ_38 /* Node.swift */ = {isa = PBXFileReference; lastKnownFileType = sourcecode.swift; path = Node.swift; sourceTree = "<group>"; };
		OBJ_39 /* Null.swift */ = {isa = PBXFileReference; lastKnownFileType = sourcecode.swift; path = Null.swift; sourceTree = "<group>"; };
		OBJ_40 /* Renderer.swift */ = {isa = PBXFileReference; lastKnownFileType = sourcecode.swift; path = Renderer.swift; sourceTree = "<group>"; };
		OBJ_41 /* StackReconciler.swift */ = {isa = PBXFileReference; lastKnownFileType = sourcecode.swift; path = StackReconciler.swift; sourceTree = "<group>"; };
		OBJ_42 /* Store.swift */ = {isa = PBXFileReference; lastKnownFileType = sourcecode.swift; path = Store.swift; sourceTree = "<group>"; };
		OBJ_43 /* Unique.swift */ = {isa = PBXFileReference; lastKnownFileType = sourcecode.swift; path = Unique.swift; sourceTree = "<group>"; };
		OBJ_44 /* VersionedArray.swift */ = {isa = PBXFileReference; lastKnownFileType = sourcecode.swift; path = VersionedArray.swift; sourceTree = "<group>"; };
		OBJ_46 /* TestRenderer.swift */ = {isa = PBXFileReference; lastKnownFileType = sourcecode.swift; path = TestRenderer.swift; sourceTree = "<group>"; };
		OBJ_47 /* TestView.swift */ = {isa = PBXFileReference; lastKnownFileType = sourcecode.swift; path = TestView.swift; sourceTree = "<group>"; };
		OBJ_50 /* Button.swift */ = {isa = PBXFileReference; lastKnownFileType = sourcecode.swift; path = Button.swift; sourceTree = "<group>"; };
		OBJ_51 /* Label.swift */ = {isa = PBXFileReference; lastKnownFileType = sourcecode.swift; path = Label.swift; sourceTree = "<group>"; };
		OBJ_52 /* ModalPresenter.swift */ = {isa = PBXFileReference; lastKnownFileType = sourcecode.swift; path = ModalPresenter.swift; sourceTree = "<group>"; };
		OBJ_54 /* Color.swift */ = {isa = PBXFileReference; lastKnownFileType = sourcecode.swift; path = Color.swift; sourceTree = "<group>"; };
		OBJ_55 /* Event.swift */ = {isa = PBXFileReference; lastKnownFileType = sourcecode.swift; path = Event.swift; sourceTree = "<group>"; };
		OBJ_56 /* Rectangle.swift */ = {isa = PBXFileReference; lastKnownFileType = sourcecode.swift; path = Rectangle.swift; sourceTree = "<group>"; };
		OBJ_58 /* UIControlComponent.swift */ = {isa = PBXFileReference; lastKnownFileType = sourcecode.swift; path = UIControlComponent.swift; sourceTree = "<group>"; };
		OBJ_59 /* UIHostComponent.swift */ = {isa = PBXFileReference; lastKnownFileType = sourcecode.swift; path = UIHostComponent.swift; sourceTree = "<group>"; };
		OBJ_6 /* Package.swift */ = {isa = PBXFileReference; explicitFileType = sourcecode.swift; path = Package.swift; sourceTree = "<group>"; };
		OBJ_60 /* UIValueComponent.swift */ = {isa = PBXFileReference; lastKnownFileType = sourcecode.swift; path = UIValueComponent.swift; sourceTree = "<group>"; };
		OBJ_61 /* UIViewComponent.swift */ = {isa = PBXFileReference; lastKnownFileType = sourcecode.swift; path = UIViewComponent.swift; sourceTree = "<group>"; };
		OBJ_62 /* Slider.swift */ = {isa = PBXFileReference; lastKnownFileType = sourcecode.swift; path = Slider.swift; sourceTree = "<group>"; };
		OBJ_63 /* StackPresenter.swift */ = {isa = PBXFileReference; lastKnownFileType = sourcecode.swift; path = StackPresenter.swift; sourceTree = "<group>"; };
		OBJ_64 /* StackView.swift */ = {isa = PBXFileReference; lastKnownFileType = sourcecode.swift; path = StackView.swift; sourceTree = "<group>"; };
		OBJ_65 /* View.swift */ = {isa = PBXFileReference; lastKnownFileType = sourcecode.swift; path = View.swift; sourceTree = "<group>"; };
		OBJ_67 /* ContainerViewController.swift */ = {isa = PBXFileReference; lastKnownFileType = sourcecode.swift; path = ContainerViewController.swift; sourceTree = "<group>"; };
		OBJ_68 /* ControlBox.swift */ = {isa = PBXFileReference; lastKnownFileType = sourcecode.swift; path = ControlBox.swift; sourceTree = "<group>"; };
		OBJ_69 /* LayoutBox.swift */ = {isa = PBXFileReference; lastKnownFileType = sourcecode.swift; path = LayoutBox.swift; sourceTree = "<group>"; };
		OBJ_70 /* ValueControlBox.swift */ = {isa = PBXFileReference; lastKnownFileType = sourcecode.swift; path = ValueControlBox.swift; sourceTree = "<group>"; };
		OBJ_71 /* ViewBox.swift */ = {isa = PBXFileReference; lastKnownFileType = sourcecode.swift; path = ViewBox.swift; sourceTree = "<group>"; };
		OBJ_72 /* UIKitRenderer.swift */ = {isa = PBXFileReference; lastKnownFileType = sourcecode.swift; path = UIKitRenderer.swift; sourceTree = "<group>"; };
		OBJ_75 /* GluonTests.swift */ = {isa = PBXFileReference; lastKnownFileType = sourcecode.swift; path = GluonTests.swift; sourceTree = "<group>"; };
		OBJ_76 /* XCTestManifests.swift */ = {isa = PBXFileReference; lastKnownFileType = sourcecode.swift; path = XCTestManifests.swift; sourceTree = "<group>"; };
		OBJ_77 /* Example */ = {isa = PBXFileReference; lastKnownFileType = folder; path = Example; sourceTree = SOURCE_ROOT; };
		OBJ_78 /* docs */ = {isa = PBXFileReference; lastKnownFileType = folder; path = docs; sourceTree = SOURCE_ROOT; };
		OBJ_79 /* build */ = {isa = PBXFileReference; lastKnownFileType = folder; path = build; sourceTree = SOURCE_ROOT; };
		OBJ_8 /* Package.xcconfig */ = {isa = PBXFileReference; lastKnownFileType = text.xcconfig; path = Package.xcconfig; sourceTree = "<group>"; };
/* End PBXFileReference section */

/* Begin PBXFrameworksBuildPhase section */
		OBJ_121 /* Frameworks */ = {
			isa = PBXFrameworksBuildPhase;
			buildActionMask = 0;
			files = (
			);
			runOnlyForDeploymentPostprocessing = 0;
		};
		OBJ_141 /* Frameworks */ = {
			isa = PBXFrameworksBuildPhase;
			buildActionMask = 0;
			files = (
				OBJ_142 /* Gluon.framework in Frameworks */,
			);
			runOnlyForDeploymentPostprocessing = 0;
		};
		OBJ_150 /* Frameworks */ = {
			isa = PBXFrameworksBuildPhase;
			buildActionMask = 0;
			files = (
				OBJ_151 /* GluonTestRenderer.framework in Frameworks */,
				OBJ_152 /* Gluon.framework in Frameworks */,
			);
			runOnlyForDeploymentPostprocessing = 0;
		};
		OBJ_180 /* Frameworks */ = {
			isa = PBXFrameworksBuildPhase;
			buildActionMask = 0;
			files = (
				OBJ_181 /* Gluon.framework in Frameworks */,
			);
			runOnlyForDeploymentPostprocessing = 0;
		};
/* End PBXFrameworksBuildPhase section */

/* Begin PBXGroup section */
		D1B93BB421DE0784003186DA /* Presenters */ = {
			isa = PBXGroup;
			children = (
				OBJ_26 /* ModalPresenter.swift */,
				OBJ_34 /* StackPresenter.swift */,
				OBJ_36 /* TabPresenter.swift */,
				D1B93BB521DE0791003186DA /* Router.swift */,
			);
			path = Presenters;
			sourceTree = "<group>";
		};
		OBJ_10 /* Gluon */ = {
			isa = PBXGroup;
			children = (
				OBJ_11 /* AnyEquatable.swift */,
				OBJ_12 /* Component.swift */,
				OBJ_13 /* ComponentWrapper */,
				OBJ_17 /* Default.swift */,
				OBJ_18 /* Diffable.swift */,
				OBJ_19 /* Hooks.swift */,
				OBJ_20 /* HostComponents */,
				OBJ_38 /* Node.swift */,
				OBJ_39 /* Null.swift */,
				OBJ_40 /* Renderer.swift */,
				OBJ_41 /* StackReconciler.swift */,
				OBJ_42 /* Store.swift */,
				OBJ_43 /* Unique.swift */,
				OBJ_44 /* VersionedArray.swift */,
			);
			name = Gluon;
			path = Sources/Gluon;
			sourceTree = SOURCE_ROOT;
		};
		OBJ_13 /* ComponentWrapper */ = {
			isa = PBXGroup;
			children = (
				OBJ_14 /* MountedComponent.swift */,
				OBJ_15 /* MountedCompositeComponent.swift */,
				OBJ_16 /* MountedHostComponent.swift */,
			);
			path = ComponentWrapper;
			sourceTree = "<group>";
		};
		OBJ_20 /* HostComponents */ = {
			isa = PBXGroup;
			children = (
				OBJ_21 /* Alert.swift */,
				OBJ_22 /* Animation.swift */,
				OBJ_23 /* Button.swift */,
				OBJ_24 /* Label.swift */,
				OBJ_25 /* Layout.swift */,
				D1B93BB421DE0784003186DA /* Presenters */,
				OBJ_27 /* Props */,
				OBJ_33 /* Slider.swift */,
				OBJ_35 /* StackView.swift */,
				OBJ_37 /* View.swift */,
			);
			path = HostComponents;
			sourceTree = "<group>";
		};
		OBJ_27 /* Props */ = {
			isa = PBXGroup;
			children = (
				OBJ_28 /* Color.swift */,
				OBJ_29 /* Event.swift */,
				OBJ_30 /* Rectangle.swift */,
				OBJ_31 /* Style.swift */,
				OBJ_32 /* TextAlignment.swift */,
			);
			path = Props;
			sourceTree = "<group>";
		};
		OBJ_45 /* GluonTestRenderer */ = {
			isa = PBXGroup;
			children = (
				OBJ_46 /* TestRenderer.swift */,
				OBJ_47 /* TestView.swift */,
			);
			name = GluonTestRenderer;
			path = Sources/GluonTestRenderer;
			sourceTree = SOURCE_ROOT;
		};
		OBJ_48 /* GluonUIKit */ = {
			isa = PBXGroup;
			children = (
				OBJ_49 /* Components */,
				OBJ_66 /* Targets */,
				OBJ_72 /* UIKitRenderer.swift */,
			);
			name = GluonUIKit;
			path = Sources/GluonUIKit;
			sourceTree = SOURCE_ROOT;
		};
		OBJ_49 /* Components */ = {
			isa = PBXGroup;
			children = (
				OBJ_50 /* Button.swift */,
				OBJ_51 /* Label.swift */,
				OBJ_52 /* ModalPresenter.swift */,
				OBJ_53 /* Props */,
				OBJ_57 /* Protocols */,
				OBJ_62 /* Slider.swift */,
				OBJ_63 /* StackPresenter.swift */,
				OBJ_64 /* StackView.swift */,
				OBJ_65 /* View.swift */,
			);
			path = Components;
			sourceTree = "<group>";
		};
		OBJ_5 = {
			isa = PBXGroup;
			children = (
				OBJ_6 /* Package.swift */,
				OBJ_7 /* Configs */,
				OBJ_9 /* Sources */,
				OBJ_73 /* Tests */,
				OBJ_77 /* Example */,
				OBJ_78 /* docs */,
				OBJ_79 /* build */,
				OBJ_80 /* Products */,
			);
			indentWidth = 2;
			sourceTree = "<group>";
			tabWidth = 2;
		};
		OBJ_53 /* Props */ = {
			isa = PBXGroup;
			children = (
				OBJ_54 /* Color.swift */,
				OBJ_55 /* Event.swift */,
				OBJ_56 /* Rectangle.swift */,
			);
			path = Props;
			sourceTree = "<group>";
		};
		OBJ_57 /* Protocols */ = {
			isa = PBXGroup;
			children = (
				OBJ_58 /* UIControlComponent.swift */,
				OBJ_59 /* UIHostComponent.swift */,
				OBJ_60 /* UIValueComponent.swift */,
				OBJ_61 /* UIViewComponent.swift */,
				D109CE6E21DD66F300A7A019 /* UIControllerComponent.swift */,
			);
			path = Protocols;
			sourceTree = "<group>";
		};
		OBJ_66 /* Targets */ = {
			isa = PBXGroup;
			children = (
				OBJ_67 /* ContainerViewController.swift */,
				OBJ_68 /* ControlBox.swift */,
				OBJ_69 /* LayoutBox.swift */,
				OBJ_70 /* ValueControlBox.swift */,
				OBJ_71 /* ViewBox.swift */,
			);
			path = Targets;
			sourceTree = "<group>";
		};
		OBJ_7 /* Configs */ = {
			isa = PBXGroup;
			children = (
				OBJ_8 /* Package.xcconfig */,
			);
			name = Configs;
			sourceTree = "<group>";
		};
		OBJ_73 /* Tests */ = {
			isa = PBXGroup;
			children = (
				OBJ_74 /* GluonTests */,
			);
			name = Tests;
			sourceTree = SOURCE_ROOT;
		};
		OBJ_74 /* GluonTests */ = {
			isa = PBXGroup;
			children = (
				OBJ_75 /* GluonTests.swift */,
				OBJ_76 /* XCTestManifests.swift */,
			);
			name = GluonTests;
			path = Tests/GluonTests;
			sourceTree = SOURCE_ROOT;
		};
		OBJ_80 /* Products */ = {
			isa = PBXGroup;
			children = (
				"Gluon::Gluon::Product" /* Gluon.framework */,
				"Gluon::GluonUIKit::Product" /* GluonUIKit.framework */,
				"Gluon::GluonTestRenderer::Product" /* GluonTestRenderer.framework */,
				"Gluon::GluonTests::Product" /* GluonTests.xctest */,
			);
			name = Products;
			sourceTree = BUILT_PRODUCTS_DIR;
		};
		OBJ_9 /* Sources */ = {
			isa = PBXGroup;
			children = (
				OBJ_10 /* Gluon */,
				OBJ_45 /* GluonTestRenderer */,
				OBJ_48 /* GluonUIKit */,
			);
			name = Sources;
			sourceTree = SOURCE_ROOT;
		};
/* End PBXGroup section */

/* Begin PBXNativeTarget section */
		"Gluon::Gluon" /* Gluon */ = {
			isa = PBXNativeTarget;
			buildConfigurationList = OBJ_86 /* Build configuration list for PBXNativeTarget "Gluon" */;
			buildPhases = (
				OBJ_89 /* Sources */,
				OBJ_121 /* Frameworks */,
			);
			buildRules = (
			);
			dependencies = (
			);
			name = Gluon;
			productName = Gluon;
			productReference = "Gluon::Gluon::Product" /* Gluon.framework */;
			productType = "com.apple.product-type.framework";
		};
		"Gluon::GluonTestRenderer" /* GluonTestRenderer */ = {
			isa = PBXNativeTarget;
			buildConfigurationList = OBJ_135 /* Build configuration list for PBXNativeTarget "GluonTestRenderer" */;
			buildPhases = (
				OBJ_138 /* Sources */,
				OBJ_141 /* Frameworks */,
			);
			buildRules = (
			);
			dependencies = (
				OBJ_143 /* PBXTargetDependency */,
			);
			name = GluonTestRenderer;
			productName = GluonTestRenderer;
			productReference = "Gluon::GluonTestRenderer::Product" /* GluonTestRenderer.framework */;
			productType = "com.apple.product-type.framework";
		};
		"Gluon::GluonTests" /* GluonTests */ = {
			isa = PBXNativeTarget;
			buildConfigurationList = OBJ_144 /* Build configuration list for PBXNativeTarget "GluonTests" */;
			buildPhases = (
				OBJ_147 /* Sources */,
				OBJ_150 /* Frameworks */,
			);
			buildRules = (
			);
			dependencies = (
				OBJ_153 /* PBXTargetDependency */,
				OBJ_154 /* PBXTargetDependency */,
			);
			name = GluonTests;
			productName = GluonTests;
			productReference = "Gluon::GluonTests::Product" /* GluonTests.xctest */;
			productType = "com.apple.product-type.bundle.unit-test";
		};
		"Gluon::GluonUIKit" /* GluonUIKit */ = {
			isa = PBXNativeTarget;
			buildConfigurationList = OBJ_156 /* Build configuration list for PBXNativeTarget "GluonUIKit" */;
			buildPhases = (
				OBJ_159 /* Sources */,
				OBJ_180 /* Frameworks */,
			);
			buildRules = (
			);
			dependencies = (
				OBJ_182 /* PBXTargetDependency */,
			);
			name = GluonUIKit;
			productName = GluonUIKit;
			productReference = "Gluon::GluonUIKit::Product" /* GluonUIKit.framework */;
			productType = "com.apple.product-type.framework";
		};
		"Gluon::SwiftPMPackageDescription" /* GluonPackageDescription */ = {
			isa = PBXNativeTarget;
			buildConfigurationList = OBJ_123 /* Build configuration list for PBXNativeTarget "GluonPackageDescription" */;
			buildPhases = (
				OBJ_126 /* Sources */,
			);
			buildRules = (
			);
			dependencies = (
			);
			name = GluonPackageDescription;
			productName = GluonPackageDescription;
			productType = "com.apple.product-type.framework";
		};
/* End PBXNativeTarget section */

/* Begin PBXProject section */
		OBJ_1 /* Project object */ = {
			isa = PBXProject;
			attributes = {
				LastUpgradeCheck = 9999;
			};
			buildConfigurationList = OBJ_2 /* Build configuration list for PBXProject "Gluon" */;
			compatibilityVersion = "Xcode 3.2";
			developmentRegion = English;
			hasScannedForEncodings = 0;
			knownRegions = (
				en,
			);
			mainGroup = OBJ_5;
			productRefGroup = OBJ_80 /* Products */;
			projectDirPath = "";
			projectRoot = "";
			targets = (
				"Gluon::Gluon" /* Gluon */,
				"Gluon::SwiftPMPackageDescription" /* GluonPackageDescription */,
				"Gluon::GluonPackageTests::ProductTarget" /* GluonPackageTests */,
				"Gluon::GluonTestRenderer" /* GluonTestRenderer */,
				"Gluon::GluonTests" /* GluonTests */,
				"Gluon::GluonUIKit" /* GluonUIKit */,
			);
		};
/* End PBXProject section */

/* Begin PBXSourcesBuildPhase section */
		OBJ_126 /* Sources */ = {
			isa = PBXSourcesBuildPhase;
			buildActionMask = 0;
			files = (
				OBJ_127 /* Package.swift in Sources */,
			);
			runOnlyForDeploymentPostprocessing = 0;
		};
		OBJ_138 /* Sources */ = {
			isa = PBXSourcesBuildPhase;
			buildActionMask = 0;
			files = (
				OBJ_139 /* TestRenderer.swift in Sources */,
				OBJ_140 /* TestView.swift in Sources */,
			);
			runOnlyForDeploymentPostprocessing = 0;
		};
		OBJ_147 /* Sources */ = {
			isa = PBXSourcesBuildPhase;
			buildActionMask = 0;
			files = (
				OBJ_148 /* GluonTests.swift in Sources */,
				OBJ_149 /* XCTestManifests.swift in Sources */,
			);
			runOnlyForDeploymentPostprocessing = 0;
		};
		OBJ_159 /* Sources */ = {
			isa = PBXSourcesBuildPhase;
			buildActionMask = 0;
			files = (
				OBJ_160 /* Button.swift in Sources */,
				OBJ_161 /* Label.swift in Sources */,
				D109CE6F21DD66F300A7A019 /* UIControllerComponent.swift in Sources */,
				OBJ_162 /* ModalPresenter.swift in Sources */,
				OBJ_163 /* Color.swift in Sources */,
				OBJ_164 /* Event.swift in Sources */,
				OBJ_165 /* Rectangle.swift in Sources */,
				OBJ_166 /* UIControlComponent.swift in Sources */,
				OBJ_167 /* UIHostComponent.swift in Sources */,
				OBJ_168 /* UIValueComponent.swift in Sources */,
				OBJ_169 /* UIViewComponent.swift in Sources */,
				OBJ_170 /* Slider.swift in Sources */,
				OBJ_171 /* StackPresenter.swift in Sources */,
				OBJ_172 /* StackView.swift in Sources */,
				OBJ_173 /* View.swift in Sources */,
				OBJ_174 /* ContainerViewController.swift in Sources */,
				OBJ_175 /* ControlBox.swift in Sources */,
				OBJ_176 /* LayoutBox.swift in Sources */,
				OBJ_177 /* ValueControlBox.swift in Sources */,
				OBJ_178 /* ViewBox.swift in Sources */,
				OBJ_179 /* UIKitRenderer.swift in Sources */,
			);
			runOnlyForDeploymentPostprocessing = 0;
		};
		OBJ_89 /* Sources */ = {
			isa = PBXSourcesBuildPhase;
			buildActionMask = 0;
			files = (
				OBJ_90 /* AnyEquatable.swift in Sources */,
				OBJ_91 /* Component.swift in Sources */,
				OBJ_92 /* MountedComponent.swift in Sources */,
				OBJ_93 /* MountedCompositeComponent.swift in Sources */,
				OBJ_94 /* MountedHostComponent.swift in Sources */,
				OBJ_95 /* Default.swift in Sources */,
				OBJ_96 /* Diffable.swift in Sources */,
				OBJ_97 /* Hooks.swift in Sources */,
				D1B93BB621DE0791003186DA /* Router.swift in Sources */,
				OBJ_98 /* Alert.swift in Sources */,
				OBJ_99 /* Animation.swift in Sources */,
				OBJ_100 /* Button.swift in Sources */,
				OBJ_101 /* Label.swift in Sources */,
				OBJ_102 /* Layout.swift in Sources */,
				OBJ_103 /* ModalPresenter.swift in Sources */,
				OBJ_104 /* Color.swift in Sources */,
				OBJ_105 /* Event.swift in Sources */,
				OBJ_106 /* Rectangle.swift in Sources */,
				OBJ_107 /* Style.swift in Sources */,
				OBJ_108 /* TextAlignment.swift in Sources */,
				OBJ_109 /* Slider.swift in Sources */,
				OBJ_110 /* StackPresenter.swift in Sources */,
				OBJ_111 /* StackView.swift in Sources */,
				OBJ_112 /* TabPresenter.swift in Sources */,
				OBJ_113 /* View.swift in Sources */,
				OBJ_114 /* Node.swift in Sources */,
				OBJ_115 /* Null.swift in Sources */,
				OBJ_116 /* Renderer.swift in Sources */,
				OBJ_117 /* StackReconciler.swift in Sources */,
				OBJ_118 /* Store.swift in Sources */,
				OBJ_119 /* Unique.swift in Sources */,
				OBJ_120 /* VersionedArray.swift in Sources */,
			);
			runOnlyForDeploymentPostprocessing = 0;
		};
/* End PBXSourcesBuildPhase section */

/* Begin PBXTargetDependency section */
		OBJ_132 /* PBXTargetDependency */ = {
			isa = PBXTargetDependency;
			target = "Gluon::GluonTests" /* GluonTests */;
			targetProxy = D11632DD21DD3D6900233E69 /* PBXContainerItemProxy */;
		};
		OBJ_143 /* PBXTargetDependency */ = {
			isa = PBXTargetDependency;
			target = "Gluon::Gluon" /* Gluon */;
			targetProxy = D11632D921DD3D5B00233E69 /* PBXContainerItemProxy */;
		};
		OBJ_153 /* PBXTargetDependency */ = {
			isa = PBXTargetDependency;
			target = "Gluon::GluonTestRenderer" /* GluonTestRenderer */;
			targetProxy = D11632DB21DD3D5B00233E69 /* PBXContainerItemProxy */;
		};
		OBJ_154 /* PBXTargetDependency */ = {
			isa = PBXTargetDependency;
			target = "Gluon::Gluon" /* Gluon */;
			targetProxy = D11632DC21DD3D5B00233E69 /* PBXContainerItemProxy */;
		};
		OBJ_182 /* PBXTargetDependency */ = {
			isa = PBXTargetDependency;
			target = "Gluon::Gluon" /* Gluon */;
			targetProxy = D11632DA21DD3D5B00233E69 /* PBXContainerItemProxy */;
		};
/* End PBXTargetDependency section */

/* Begin XCBuildConfiguration section */
		OBJ_124 /* Debug */ = {
			isa = XCBuildConfiguration;
			buildSettings = {
				LD = /usr/bin/true;
				OTHER_SWIFT_FLAGS = "-swift-version 4.2 -I $(TOOLCHAIN_DIR)/usr/lib/swift/pm/4_2 -target x86_64-apple-macosx10.10 -sdk /Applications/Xcode.app/Contents/Developer/Platforms/MacOSX.platform/Developer/SDKs/MacOSX10.14.sdk";
				SWIFT_VERSION = 4.2;
			};
			name = Debug;
		};
		OBJ_125 /* Release */ = {
			isa = XCBuildConfiguration;
			buildSettings = {
				LD = /usr/bin/true;
				OTHER_SWIFT_FLAGS = "-swift-version 4.2 -I $(TOOLCHAIN_DIR)/usr/lib/swift/pm/4_2 -target x86_64-apple-macosx10.10 -sdk /Applications/Xcode.app/Contents/Developer/Platforms/MacOSX.platform/Developer/SDKs/MacOSX10.14.sdk";
				SWIFT_VERSION = 4.2;
			};
			name = Release;
		};
		OBJ_130 /* Debug */ = {
			isa = XCBuildConfiguration;
			buildSettings = {
			};
			name = Debug;
		};
		OBJ_131 /* Release */ = {
			isa = XCBuildConfiguration;
			buildSettings = {
			};
			name = Release;
		};
		OBJ_136 /* Debug */ = {
			isa = XCBuildConfiguration;
			baseConfigurationReference = OBJ_8 /* Package.xcconfig */;
			buildSettings = {
				ENABLE_TESTABILITY = YES;
				FRAMEWORK_SEARCH_PATHS = (
					"$(inherited)",
					"$(PLATFORM_DIR)/Developer/Library/Frameworks",
				);
				HEADER_SEARCH_PATHS = "$(inherited)";
				INFOPLIST_FILE = Gluon.xcodeproj/GluonTestRenderer_Info.plist;
				LD_RUNPATH_SEARCH_PATHS = "$(inherited) $(TOOLCHAIN_DIR)/usr/lib/swift/macosx";
				OTHER_CFLAGS = "$(inherited)";
				OTHER_LDFLAGS = "$(inherited)";
				OTHER_SWIFT_FLAGS = "$(inherited)";
				PRODUCT_BUNDLE_IDENTIFIER = GluonTestRenderer;
				PRODUCT_MODULE_NAME = "$(TARGET_NAME:c99extidentifier)";
				PRODUCT_NAME = "$(TARGET_NAME:c99extidentifier)";
				SKIP_INSTALL = YES;
				SWIFT_ACTIVE_COMPILATION_CONDITIONS = "$(inherited)";
				SWIFT_VERSION = 4.2;
				TARGET_NAME = GluonTestRenderer;
			};
			name = Debug;
		};
		OBJ_137 /* Release */ = {
			isa = XCBuildConfiguration;
			baseConfigurationReference = OBJ_8 /* Package.xcconfig */;
			buildSettings = {
				ENABLE_TESTABILITY = YES;
				FRAMEWORK_SEARCH_PATHS = (
					"$(inherited)",
					"$(PLATFORM_DIR)/Developer/Library/Frameworks",
				);
				HEADER_SEARCH_PATHS = "$(inherited)";
				INFOPLIST_FILE = Gluon.xcodeproj/GluonTestRenderer_Info.plist;
				LD_RUNPATH_SEARCH_PATHS = "$(inherited) $(TOOLCHAIN_DIR)/usr/lib/swift/macosx";
				OTHER_CFLAGS = "$(inherited)";
				OTHER_LDFLAGS = "$(inherited)";
				OTHER_SWIFT_FLAGS = "$(inherited)";
				PRODUCT_BUNDLE_IDENTIFIER = GluonTestRenderer;
				PRODUCT_MODULE_NAME = "$(TARGET_NAME:c99extidentifier)";
				PRODUCT_NAME = "$(TARGET_NAME:c99extidentifier)";
				SKIP_INSTALL = YES;
				SWIFT_ACTIVE_COMPILATION_CONDITIONS = "$(inherited)";
				SWIFT_VERSION = 4.2;
				TARGET_NAME = GluonTestRenderer;
			};
			name = Release;
		};
		OBJ_145 /* Debug */ = {
			isa = XCBuildConfiguration;
			baseConfigurationReference = OBJ_8 /* Package.xcconfig */;
			buildSettings = {
				CLANG_ENABLE_MODULES = YES;
				EMBEDDED_CONTENT_CONTAINS_SWIFT = YES;
				FRAMEWORK_SEARCH_PATHS = (
					"$(inherited)",
					"$(PLATFORM_DIR)/Developer/Library/Frameworks",
				);
				HEADER_SEARCH_PATHS = "$(inherited)";
				INFOPLIST_FILE = Gluon.xcodeproj/GluonTests_Info.plist;
				LD_RUNPATH_SEARCH_PATHS = "$(inherited) @loader_path/../Frameworks @loader_path/Frameworks";
				OTHER_CFLAGS = "$(inherited)";
				OTHER_LDFLAGS = "$(inherited)";
				OTHER_SWIFT_FLAGS = "$(inherited)";
				SWIFT_ACTIVE_COMPILATION_CONDITIONS = "$(inherited)";
				SWIFT_VERSION = 4.2;
				TARGET_NAME = GluonTests;
			};
			name = Debug;
		};
		OBJ_146 /* Release */ = {
			isa = XCBuildConfiguration;
			baseConfigurationReference = OBJ_8 /* Package.xcconfig */;
			buildSettings = {
				CLANG_ENABLE_MODULES = YES;
				EMBEDDED_CONTENT_CONTAINS_SWIFT = YES;
				FRAMEWORK_SEARCH_PATHS = (
					"$(inherited)",
					"$(PLATFORM_DIR)/Developer/Library/Frameworks",
				);
				HEADER_SEARCH_PATHS = "$(inherited)";
				INFOPLIST_FILE = Gluon.xcodeproj/GluonTests_Info.plist;
				LD_RUNPATH_SEARCH_PATHS = "$(inherited) @loader_path/../Frameworks @loader_path/Frameworks";
				OTHER_CFLAGS = "$(inherited)";
				OTHER_LDFLAGS = "$(inherited)";
				OTHER_SWIFT_FLAGS = "$(inherited)";
				SWIFT_ACTIVE_COMPILATION_CONDITIONS = "$(inherited)";
				SWIFT_VERSION = 4.2;
				TARGET_NAME = GluonTests;
			};
			name = Release;
		};
		OBJ_157 /* Debug */ = {
			isa = XCBuildConfiguration;
			baseConfigurationReference = OBJ_8 /* Package.xcconfig */;
			buildSettings = {
				ENABLE_TESTABILITY = YES;
				FRAMEWORK_SEARCH_PATHS = (
					"$(inherited)",
					"$(PLATFORM_DIR)/Developer/Library/Frameworks",
				);
				HEADER_SEARCH_PATHS = "$(inherited)";
				INFOPLIST_FILE = Gluon.xcodeproj/GluonUIKit_Info.plist;
				LD_RUNPATH_SEARCH_PATHS = "$(inherited) $(TOOLCHAIN_DIR)/usr/lib/swift/macosx";
				OTHER_CFLAGS = "$(inherited)";
				OTHER_LDFLAGS = "$(inherited)";
				OTHER_SWIFT_FLAGS = "$(inherited)";
				PRODUCT_BUNDLE_IDENTIFIER = GluonUIKit;
				PRODUCT_MODULE_NAME = "$(TARGET_NAME:c99extidentifier)";
				PRODUCT_NAME = "$(TARGET_NAME:c99extidentifier)";
				SKIP_INSTALL = YES;
				SWIFT_ACTIVE_COMPILATION_CONDITIONS = "$(inherited)";
				SWIFT_VERSION = 4.2;
				TARGET_NAME = GluonUIKit;
			};
			name = Debug;
		};
		OBJ_158 /* Release */ = {
			isa = XCBuildConfiguration;
			baseConfigurationReference = OBJ_8 /* Package.xcconfig */;
			buildSettings = {
				ENABLE_TESTABILITY = YES;
				FRAMEWORK_SEARCH_PATHS = (
					"$(inherited)",
					"$(PLATFORM_DIR)/Developer/Library/Frameworks",
				);
				HEADER_SEARCH_PATHS = "$(inherited)";
				INFOPLIST_FILE = Gluon.xcodeproj/GluonUIKit_Info.plist;
				LD_RUNPATH_SEARCH_PATHS = "$(inherited) $(TOOLCHAIN_DIR)/usr/lib/swift/macosx";
				OTHER_CFLAGS = "$(inherited)";
				OTHER_LDFLAGS = "$(inherited)";
				OTHER_SWIFT_FLAGS = "$(inherited)";
				PRODUCT_BUNDLE_IDENTIFIER = GluonUIKit;
				PRODUCT_MODULE_NAME = "$(TARGET_NAME:c99extidentifier)";
				PRODUCT_NAME = "$(TARGET_NAME:c99extidentifier)";
				SKIP_INSTALL = YES;
				SWIFT_ACTIVE_COMPILATION_CONDITIONS = "$(inherited)";
				SWIFT_VERSION = 4.2;
				TARGET_NAME = GluonUIKit;
			};
			name = Release;
		};
		OBJ_3 /* Debug */ = {
			isa = XCBuildConfiguration;
			buildSettings = {
				CLANG_ENABLE_OBJC_ARC = YES;
				COMBINE_HIDPI_IMAGES = YES;
				COPY_PHASE_STRIP = NO;
				DEBUG_INFORMATION_FORMAT = dwarf;
				DYLIB_INSTALL_NAME_BASE = "@rpath";
				ENABLE_NS_ASSERTIONS = YES;
				GCC_OPTIMIZATION_LEVEL = 0;
				GCC_PREPROCESSOR_DEFINITIONS = (
					"DEBUG=1",
					"$(inherited)",
				);
				MACOSX_DEPLOYMENT_TARGET = 10.10;
				ONLY_ACTIVE_ARCH = YES;
				OTHER_SWIFT_FLAGS = "-DXcode";
				PRODUCT_NAME = "$(TARGET_NAME)";
				SDKROOT = macosx;
				SUPPORTED_PLATFORMS = "macosx iphoneos iphonesimulator appletvos appletvsimulator watchos watchsimulator";
				SWIFT_ACTIVE_COMPILATION_CONDITIONS = "SWIFT_PACKAGE DEBUG";
				SWIFT_OPTIMIZATION_LEVEL = "-Onone";
				USE_HEADERMAP = NO;
			};
			name = Debug;
		};
		OBJ_4 /* Release */ = {
			isa = XCBuildConfiguration;
			buildSettings = {
				CLANG_ENABLE_OBJC_ARC = YES;
				COMBINE_HIDPI_IMAGES = YES;
				COPY_PHASE_STRIP = YES;
				DEBUG_INFORMATION_FORMAT = "dwarf-with-dsym";
				DYLIB_INSTALL_NAME_BASE = "@rpath";
				GCC_OPTIMIZATION_LEVEL = s;
				MACOSX_DEPLOYMENT_TARGET = 10.10;
				OTHER_SWIFT_FLAGS = "-DXcode";
				PRODUCT_NAME = "$(TARGET_NAME)";
				SDKROOT = macosx;
				SUPPORTED_PLATFORMS = "macosx iphoneos iphonesimulator appletvos appletvsimulator watchos watchsimulator";
				SWIFT_ACTIVE_COMPILATION_CONDITIONS = SWIFT_PACKAGE;
				SWIFT_OPTIMIZATION_LEVEL = "-Owholemodule";
				USE_HEADERMAP = NO;
			};
			name = Release;
		};
		OBJ_87 /* Debug */ = {
			isa = XCBuildConfiguration;
			baseConfigurationReference = OBJ_8 /* Package.xcconfig */;
			buildSettings = {
				ENABLE_TESTABILITY = YES;
				FRAMEWORK_SEARCH_PATHS = (
					"$(inherited)",
					"$(PLATFORM_DIR)/Developer/Library/Frameworks",
				);
				HEADER_SEARCH_PATHS = "$(inherited)";
				INFOPLIST_FILE = Gluon.xcodeproj/Gluon_Info.plist;
				LD_RUNPATH_SEARCH_PATHS = "$(inherited) $(TOOLCHAIN_DIR)/usr/lib/swift/macosx";
				OTHER_CFLAGS = "$(inherited)";
				OTHER_LDFLAGS = "$(inherited)";
				OTHER_SWIFT_FLAGS = "$(inherited)";
				PRODUCT_BUNDLE_IDENTIFIER = Gluon;
				PRODUCT_MODULE_NAME = "$(TARGET_NAME:c99extidentifier)";
				PRODUCT_NAME = "$(TARGET_NAME:c99extidentifier)";
				SKIP_INSTALL = YES;
				SWIFT_ACTIVE_COMPILATION_CONDITIONS = "$(inherited)";
				SWIFT_VERSION = 4.2;
				TARGET_NAME = Gluon;
			};
			name = Debug;
		};
		OBJ_88 /* Release */ = {
			isa = XCBuildConfiguration;
			baseConfigurationReference = OBJ_8 /* Package.xcconfig */;
			buildSettings = {
				ENABLE_TESTABILITY = YES;
				FRAMEWORK_SEARCH_PATHS = (
					"$(inherited)",
					"$(PLATFORM_DIR)/Developer/Library/Frameworks",
				);
				HEADER_SEARCH_PATHS = "$(inherited)";
				INFOPLIST_FILE = Gluon.xcodeproj/Gluon_Info.plist;
				LD_RUNPATH_SEARCH_PATHS = "$(inherited) $(TOOLCHAIN_DIR)/usr/lib/swift/macosx";
				OTHER_CFLAGS = "$(inherited)";
				OTHER_LDFLAGS = "$(inherited)";
				OTHER_SWIFT_FLAGS = "$(inherited)";
				PRODUCT_BUNDLE_IDENTIFIER = Gluon;
				PRODUCT_MODULE_NAME = "$(TARGET_NAME:c99extidentifier)";
				PRODUCT_NAME = "$(TARGET_NAME:c99extidentifier)";
				SKIP_INSTALL = YES;
				SWIFT_ACTIVE_COMPILATION_CONDITIONS = "$(inherited)";
				SWIFT_VERSION = 4.2;
				TARGET_NAME = Gluon;
			};
			name = Release;
		};
/* End XCBuildConfiguration section */

/* Begin XCConfigurationList section */
		OBJ_123 /* Build configuration list for PBXNativeTarget "GluonPackageDescription" */ = {
			isa = XCConfigurationList;
			buildConfigurations = (
				OBJ_124 /* Debug */,
				OBJ_125 /* Release */,
			);
			defaultConfigurationIsVisible = 0;
			defaultConfigurationName = Release;
		};
		OBJ_129 /* Build configuration list for PBXAggregateTarget "GluonPackageTests" */ = {
			isa = XCConfigurationList;
			buildConfigurations = (
				OBJ_130 /* Debug */,
				OBJ_131 /* Release */,
			);
			defaultConfigurationIsVisible = 0;
			defaultConfigurationName = Release;
		};
		OBJ_135 /* Build configuration list for PBXNativeTarget "GluonTestRenderer" */ = {
			isa = XCConfigurationList;
			buildConfigurations = (
				OBJ_136 /* Debug */,
				OBJ_137 /* Release */,
			);
			defaultConfigurationIsVisible = 0;
			defaultConfigurationName = Release;
		};
		OBJ_144 /* Build configuration list for PBXNativeTarget "GluonTests" */ = {
			isa = XCConfigurationList;
			buildConfigurations = (
				OBJ_145 /* Debug */,
				OBJ_146 /* Release */,
			);
			defaultConfigurationIsVisible = 0;
			defaultConfigurationName = Release;
		};
		OBJ_156 /* Build configuration list for PBXNativeTarget "GluonUIKit" */ = {
			isa = XCConfigurationList;
			buildConfigurations = (
				OBJ_157 /* Debug */,
				OBJ_158 /* Release */,
			);
			defaultConfigurationIsVisible = 0;
			defaultConfigurationName = Release;
		};
		OBJ_2 /* Build configuration list for PBXProject "Gluon" */ = {
			isa = XCConfigurationList;
			buildConfigurations = (
				OBJ_3 /* Debug */,
				OBJ_4 /* Release */,
			);
			defaultConfigurationIsVisible = 0;
			defaultConfigurationName = Release;
		};
		OBJ_86 /* Build configuration list for PBXNativeTarget "Gluon" */ = {
			isa = XCConfigurationList;
			buildConfigurations = (
				OBJ_87 /* Debug */,
				OBJ_88 /* Release */,
			);
			defaultConfigurationIsVisible = 0;
			defaultConfigurationName = Release;
		};
/* End XCConfigurationList section */
	};
	rootObject = OBJ_1 /* Project object */;
}
