{
  "object": {
    "pins": [
      {
        "package": "Runtime",
        "repositoryURL": "https://github.com/wickwirew/Runtime.git",
        "state": {
          "branch": "master",
          "revision": "0a059a96c49b4e8bca085476bc8dc2061921c5b6",
          "version": null
        }
      }
    ]
  },
  "version": 1
}
