// !$*UTF8*$!
{
	archiveVersion = 1;
	classes = {
	};
	objectVersion = 46;
	objects = {

/* Begin PBXAggregateTarget section */
		"Tokamak::TokamakPackageTests::ProductTarget" /* TokamakPackageTests */ = {
			isa = PBXAggregateTarget;
			buildConfigurationList = OBJ_361 /* Build configuration list for PBXAggregateTarget "TokamakPackageTests" */;
			buildPhases = (
			);
			dependencies = (
				OBJ_364 /* PBXTargetDependency */,
			);
			name = TokamakPackageTests;
			productName = TokamakPackageTests;
		};
/* End PBXAggregateTarget section */

/* Begin PBXBuildFile section */
		A6EF8791224EAC4400113C9E /* Lint.swift in Sources */ = {isa = PBXBuildFile; fileRef = A6EF8790224EAC4400113C9E /* Lint.swift */; };
		OBJ_226 /* AnyEquatable.swift in Sources */ = {isa = PBXBuildFile; fileRef = OBJ_14 /* AnyEquatable.swift */; };
		OBJ_227 /* AnyNode.swift in Sources */ = {isa = PBXBuildFile; fileRef = OBJ_15 /* AnyNode.swift */; };
		OBJ_228 /* Components.swift in Sources */ = {isa = PBXBuildFile; fileRef = OBJ_16 /* Components.swift */; };
		OBJ_229 /* Alert.swift in Sources */ = {isa = PBXBuildFile; fileRef = OBJ_19 /* Alert.swift */; };
		OBJ_230 /* Animated.swift in Sources */ = {isa = PBXBuildFile; fileRef = OBJ_20 /* Animated.swift */; };
		OBJ_231 /* Button.swift in Sources */ = {isa = PBXBuildFile; fileRef = OBJ_21 /* Button.swift */; };
		OBJ_232 /* CollectionView.swift in Sources */ = {isa = PBXBuildFile; fileRef = OBJ_22 /* CollectionView.swift */; };
		OBJ_233 /* DatePicker.swift in Sources */ = {isa = PBXBuildFile; fileRef = OBJ_23 /* DatePicker.swift */; };
		OBJ_234 /* ImageView.swift in Sources */ = {isa = PBXBuildFile; fileRef = OBJ_24 /* ImageView.swift */; };
		OBJ_235 /* Label.swift in Sources */ = {isa = PBXBuildFile; fileRef = OBJ_25 /* Label.swift */; };
		OBJ_236 /* ListView.swift in Sources */ = {isa = PBXBuildFile; fileRef = OBJ_26 /* ListView.swift */; };
		OBJ_237 /* NavigationController.swift in Sources */ = {isa = PBXBuildFile; fileRef = OBJ_27 /* NavigationController.swift */; };
		OBJ_238 /* ScrollView.swift in Sources */ = {isa = PBXBuildFile; fileRef = OBJ_28 /* ScrollView.swift */; };
		OBJ_239 /* SegmentedControl.swift in Sources */ = {isa = PBXBuildFile; fileRef = OBJ_29 /* SegmentedControl.swift */; };
		OBJ_240 /* Slider.swift in Sources */ = {isa = PBXBuildFile; fileRef = OBJ_30 /* Slider.swift */; };
		OBJ_241 /* StackView.swift in Sources */ = {isa = PBXBuildFile; fileRef = OBJ_31 /* StackView.swift */; };
		OBJ_242 /* Stepper.swift in Sources */ = {isa = PBXBuildFile; fileRef = OBJ_32 /* Stepper.swift */; };
		OBJ_243 /* Switch.swift in Sources */ = {isa = PBXBuildFile; fileRef = OBJ_33 /* Switch.swift */; };
		OBJ_244 /* TextField.swift in Sources */ = {isa = PBXBuildFile; fileRef = OBJ_34 /* TextField.swift */; };
		OBJ_245 /* TextView.swift in Sources */ = {isa = PBXBuildFile; fileRef = OBJ_35 /* TextView.swift */; };
		OBJ_246 /* Throbber.swift in Sources */ = {isa = PBXBuildFile; fileRef = OBJ_36 /* Throbber.swift */; };
		OBJ_247 /* View.swift in Sources */ = {isa = PBXBuildFile; fileRef = OBJ_37 /* View.swift */; };
		OBJ_248 /* ModalPresenter.swift in Sources */ = {isa = PBXBuildFile; fileRef = OBJ_39 /* ModalPresenter.swift */; };
		OBJ_249 /* NavigationItem.swift in Sources */ = {isa = PBXBuildFile; fileRef = OBJ_40 /* NavigationItem.swift */; };
		OBJ_250 /* NavigationPresenter.swift in Sources */ = {isa = PBXBuildFile; fileRef = OBJ_41 /* NavigationPresenter.swift */; };
		OBJ_251 /* TabItem.swift in Sources */ = {isa = PBXBuildFile; fileRef = OBJ_42 /* TabItem.swift */; };
		OBJ_252 /* TabPresenter.swift in Sources */ = {isa = PBXBuildFile; fileRef = OBJ_43 /* TabPresenter.swift */; };
		OBJ_253 /* Accessibility.swift in Sources */ = {isa = PBXBuildFile; fileRef = OBJ_45 /* Accessibility.swift */; };
		OBJ_254 /* Color.swift in Sources */ = {isa = PBXBuildFile; fileRef = OBJ_46 /* Color.swift */; };
		OBJ_255 /* Bottom.swift in Sources */ = {isa = PBXBuildFile; fileRef = OBJ_48 /* Bottom.swift */; };
		OBJ_256 /* Center.swift in Sources */ = {isa = PBXBuildFile; fileRef = OBJ_49 /* Center.swift */; };
		OBJ_257 /* CenterX.swift in Sources */ = {isa = PBXBuildFile; fileRef = OBJ_50 /* CenterX.swift */; };
		OBJ_258 /* CenterY.swift in Sources */ = {isa = PBXBuildFile; fileRef = OBJ_51 /* CenterY.swift */; };
		OBJ_259 /* Constraint.swift in Sources */ = {isa = PBXBuildFile; fileRef = OBJ_52 /* Constraint.swift */; };
		OBJ_260 /* Edges.swift in Sources */ = {isa = PBXBuildFile; fileRef = OBJ_53 /* Edges.swift */; };
		OBJ_261 /* FirstBaseline.swift in Sources */ = {isa = PBXBuildFile; fileRef = OBJ_54 /* FirstBaseline.swift */; };
		OBJ_262 /* Height.swift in Sources */ = {isa = PBXBuildFile; fileRef = OBJ_55 /* Height.swift */; };
		OBJ_263 /* LastBaseline.swift in Sources */ = {isa = PBXBuildFile; fileRef = OBJ_56 /* LastBaseline.swift */; };
		OBJ_264 /* Leading.swift in Sources */ = {isa = PBXBuildFile; fileRef = OBJ_57 /* Leading.swift */; };
		OBJ_265 /* Left.swift in Sources */ = {isa = PBXBuildFile; fileRef = OBJ_58 /* Left.swift */; };
		OBJ_266 /* Right.swift in Sources */ = {isa = PBXBuildFile; fileRef = OBJ_59 /* Right.swift */; };
		OBJ_267 /* SizeConstraint.swift in Sources */ = {isa = PBXBuildFile; fileRef = OBJ_60 /* SizeConstraint.swift */; };
		OBJ_268 /* Top.swift in Sources */ = {isa = PBXBuildFile; fileRef = OBJ_61 /* Top.swift */; };
		OBJ_269 /* Trailing.swift in Sources */ = {isa = PBXBuildFile; fileRef = OBJ_62 /* Trailing.swift */; };
		OBJ_270 /* Width.swift in Sources */ = {isa = PBXBuildFile; fileRef = OBJ_63 /* Width.swift */; };
		OBJ_271 /* Event.swift in Sources */ = {isa = PBXBuildFile; fileRef = OBJ_64 /* Event.swift */; };
		OBJ_272 /* Image.swift in Sources */ = {isa = PBXBuildFile; fileRef = OBJ_65 /* Image.swift */; };
		OBJ_273 /* Insets.swift in Sources */ = {isa = PBXBuildFile; fileRef = OBJ_66 /* Insets.swift */; };
		OBJ_274 /* LineBreakMode.swift in Sources */ = {isa = PBXBuildFile; fileRef = OBJ_67 /* LineBreakMode.swift */; };
		OBJ_275 /* Rectangle.swift in Sources */ = {isa = PBXBuildFile; fileRef = OBJ_68 /* Rectangle.swift */; };
		OBJ_276 /* ScrollOptions.swift in Sources */ = {isa = PBXBuildFile; fileRef = OBJ_69 /* ScrollOptions.swift */; };
		OBJ_277 /* Second.swift in Sources */ = {isa = PBXBuildFile; fileRef = OBJ_70 /* Second.swift */; };
		OBJ_278 /* Style.swift in Sources */ = {isa = PBXBuildFile; fileRef = OBJ_71 /* Style.swift */; };
		OBJ_279 /* TextAlignment.swift in Sources */ = {isa = PBXBuildFile; fileRef = OBJ_72 /* TextAlignment.swift */; };
		OBJ_280 /* Default.swift in Sources */ = {isa = PBXBuildFile; fileRef = OBJ_73 /* Default.swift */; };
		OBJ_281 /* Effect.swift in Sources */ = {isa = PBXBuildFile; fileRef = OBJ_75 /* Effect.swift */; };
		OBJ_282 /* Hooks.swift in Sources */ = {isa = PBXBuildFile; fileRef = OBJ_76 /* Hooks.swift */; };
		OBJ_283 /* Ref.swift in Sources */ = {isa = PBXBuildFile; fileRef = OBJ_77 /* Ref.swift */; };
		OBJ_284 /* State.swift in Sources */ = {isa = PBXBuildFile; fileRef = OBJ_78 /* State.swift */; };
		OBJ_285 /* MountedComponent.swift in Sources */ = {isa = PBXBuildFile; fileRef = OBJ_80 /* MountedComponent.swift */; };
		OBJ_286 /* MountedCompositeComponent.swift in Sources */ = {isa = PBXBuildFile; fileRef = OBJ_81 /* MountedCompositeComponent.swift */; };
		OBJ_287 /* MountedHostComponent.swift in Sources */ = {isa = PBXBuildFile; fileRef = OBJ_82 /* MountedHostComponent.swift */; };
		OBJ_288 /* MountedNull.swift in Sources */ = {isa = PBXBuildFile; fileRef = OBJ_83 /* MountedNull.swift */; };
		OBJ_289 /* Null.swift in Sources */ = {isa = PBXBuildFile; fileRef = OBJ_84 /* Null.swift */; };
		OBJ_290 /* Renderer.swift in Sources */ = {isa = PBXBuildFile; fileRef = OBJ_85 /* Renderer.swift */; };
		OBJ_291 /* StackReconciler.swift in Sources */ = {isa = PBXBuildFile; fileRef = OBJ_86 /* StackReconciler.swift */; };
		OBJ_292 /* Target.swift in Sources */ = {isa = PBXBuildFile; fileRef = OBJ_87 /* Target.swift */; };
		OBJ_293 /* Unique.swift in Sources */ = {isa = PBXBuildFile; fileRef = OBJ_88 /* Unique.swift */; };
		OBJ_300 /* AppKitRenderer.swift in Sources */ = {isa = PBXBuildFile; fileRef = OBJ_90 /* AppKitRenderer.swift */; };
		OBJ_301 /* ContainerViewController.swift in Sources */ = {isa = PBXBuildFile; fileRef = OBJ_92 /* ContainerViewController.swift */; };
		OBJ_302 /* ControlBox.swift in Sources */ = {isa = PBXBuildFile; fileRef = OBJ_93 /* ControlBox.swift */; };
		OBJ_303 /* ViewBox.swift in Sources */ = {isa = PBXBuildFile; fileRef = OBJ_94 /* ViewBox.swift */; };
		OBJ_304 /* ViewControllerBox.swift in Sources */ = {isa = PBXBuildFile; fileRef = OBJ_95 /* ViewControllerBox.swift */; };
		OBJ_305 /* Button.swift in Sources */ = {isa = PBXBuildFile; fileRef = OBJ_98 /* Button.swift */; };
		OBJ_306 /* Label.swift in Sources */ = {isa = PBXBuildFile; fileRef = OBJ_99 /* Label.swift */; };
		OBJ_307 /* StackView.swift in Sources */ = {isa = PBXBuildFile; fileRef = OBJ_100 /* StackView.swift */; };
		OBJ_308 /* View.swift in Sources */ = {isa = PBXBuildFile; fileRef = OBJ_101 /* View.swift */; };
		OBJ_309 /* Color.swift in Sources */ = {isa = PBXBuildFile; fileRef = OBJ_103 /* Color.swift */; };
		OBJ_310 /* BaselineConstraint.swift in Sources */ = {isa = PBXBuildFile; fileRef = OBJ_105 /* BaselineConstraint.swift */; };
		OBJ_311 /* Bottom.swift in Sources */ = {isa = PBXBuildFile; fileRef = OBJ_106 /* Bottom.swift */; };
		OBJ_312 /* CenterX.swift in Sources */ = {isa = PBXBuildFile; fileRef = OBJ_107 /* CenterX.swift */; };
		OBJ_313 /* CenterY.swift in Sources */ = {isa = PBXBuildFile; fileRef = OBJ_108 /* CenterY.swift */; };
		OBJ_314 /* Constrainable.swift in Sources */ = {isa = PBXBuildFile; fileRef = OBJ_109 /* Constrainable.swift */; };
		OBJ_315 /* Constraint.swift in Sources */ = {isa = PBXBuildFile; fileRef = OBJ_110 /* Constraint.swift */; };
		OBJ_316 /* FirstBaseline.swift in Sources */ = {isa = PBXBuildFile; fileRef = OBJ_111 /* FirstBaseline.swift */; };
		OBJ_317 /* Height.swift in Sources */ = {isa = PBXBuildFile; fileRef = OBJ_112 /* Height.swift */; };
		OBJ_318 /* LastBaseline.swift in Sources */ = {isa = PBXBuildFile; fileRef = OBJ_113 /* LastBaseline.swift */; };
		OBJ_319 /* Leading.swift in Sources */ = {isa = PBXBuildFile; fileRef = OBJ_114 /* Leading.swift */; };
		OBJ_320 /* Left.swift in Sources */ = {isa = PBXBuildFile; fileRef = OBJ_115 /* Left.swift */; };
		OBJ_321 /* OwnConstraint.swift in Sources */ = {isa = PBXBuildFile; fileRef = OBJ_116 /* OwnConstraint.swift */; };
		OBJ_322 /* Right.swift in Sources */ = {isa = PBXBuildFile; fileRef = OBJ_117 /* Right.swift */; };
		OBJ_323 /* Top.swift in Sources */ = {isa = PBXBuildFile; fileRef = OBJ_118 /* Top.swift */; };
		OBJ_324 /* Trailing.swift in Sources */ = {isa = PBXBuildFile; fileRef = OBJ_119 /* Trailing.swift */; };
		OBJ_325 /* Width.swift in Sources */ = {isa = PBXBuildFile; fileRef = OBJ_120 /* Width.swift */; };
		OBJ_326 /* XAxisConstraint.swift in Sources */ = {isa = PBXBuildFile; fileRef = OBJ_121 /* XAxisConstraint.swift */; };
		OBJ_327 /* YAxisConstraint.swift in Sources */ = {isa = PBXBuildFile; fileRef = OBJ_122 /* YAxisConstraint.swift */; };
		OBJ_328 /* Event.swift in Sources */ = {isa = PBXBuildFile; fileRef = OBJ_123 /* Event.swift */; };
		OBJ_329 /* LineBreakMode.swift in Sources */ = {isa = PBXBuildFile; fileRef = OBJ_124 /* LineBreakMode.swift */; };
		OBJ_330 /* Rectangle.swift in Sources */ = {isa = PBXBuildFile; fileRef = OBJ_125 /* Rectangle.swift */; };
		OBJ_331 /* NSControlComponent.swift in Sources */ = {isa = PBXBuildFile; fileRef = OBJ_127 /* NSControlComponent.swift */; };
		OBJ_332 /* NSHostComponent.swift in Sources */ = {isa = PBXBuildFile; fileRef = OBJ_128 /* NSHostComponent.swift */; };
		OBJ_333 /* NSViewComponent.swift in Sources */ = {isa = PBXBuildFile; fileRef = OBJ_129 /* NSViewComponent.swift */; };
		OBJ_334 /* TokamakViewController.swift in Sources */ = {isa = PBXBuildFile; fileRef = OBJ_130 /* TokamakViewController.swift */; };
		OBJ_336 /* Tokamak.framework in Frameworks */ = {isa = PBXBuildFile; fileRef = "Tokamak::Tokamak::Product" /* Tokamak.framework */; };
		OBJ_343 /* Counter.swift in Sources */ = {isa = PBXBuildFile; fileRef = OBJ_132 /* Counter.swift */; };
		OBJ_345 /* Tokamak.framework in Frameworks */ = {isa = PBXBuildFile; fileRef = "Tokamak::Tokamak::Product" /* Tokamak.framework */; };
		OBJ_359 /* Package.swift in Sources */ = {isa = PBXBuildFile; fileRef = OBJ_6 /* Package.swift */; };
		OBJ_371 /* TestRenderer.swift in Sources */ = {isa = PBXBuildFile; fileRef = OBJ_11 /* TestRenderer.swift */; };
		OBJ_372 /* TestView.swift in Sources */ = {isa = PBXBuildFile; fileRef = OBJ_12 /* TestView.swift */; };
		OBJ_374 /* Tokamak.framework in Frameworks */ = {isa = PBXBuildFile; fileRef = "Tokamak::Tokamak::Product" /* Tokamak.framework */; };
		OBJ_380 /* ColorTests.swift in Sources */ = {isa = PBXBuildFile; fileRef = OBJ_205 /* ColorTests.swift */; };
		OBJ_381 /* ConstraintTests.swift in Sources */ = {isa = PBXBuildFile; fileRef = OBJ_206 /* ConstraintTests.swift */; };
		OBJ_382 /* HooksTests.swift in Sources */ = {isa = PBXBuildFile; fileRef = OBJ_207 /* HooksTests.swift */; };
		OBJ_383 /* ReconcilerTests.swift in Sources */ = {isa = PBXBuildFile; fileRef = OBJ_208 /* ReconcilerTests.swift */; };
		OBJ_384 /* XCTestManifests.swift in Sources */ = {isa = PBXBuildFile; fileRef = OBJ_209 /* XCTestManifests.swift */; };
		OBJ_386 /* TokamakTestRenderer.framework in Frameworks */ = {isa = PBXBuildFile; fileRef = "Tokamak::TokamakTestRenderer::Product" /* TokamakTestRenderer.framework */; };
		OBJ_387 /* Tokamak.framework in Frameworks */ = {isa = PBXBuildFile; fileRef = "Tokamak::Tokamak::Product" /* Tokamak.framework */; };
		OBJ_395 /* CollectionViewBox.swift in Sources */ = {isa = PBXBuildFile; fileRef = OBJ_135 /* CollectionViewBox.swift */; };
		OBJ_396 /* ContainerViewController.swift in Sources */ = {isa = PBXBuildFile; fileRef = OBJ_136 /* ContainerViewController.swift */; };
		OBJ_397 /* ControlBox.swift in Sources */ = {isa = PBXBuildFile; fileRef = OBJ_137 /* ControlBox.swift */; };
		OBJ_398 /* TabBarControllerBox.swift in Sources */ = {isa = PBXBuildFile; fileRef = OBJ_138 /* TabBarControllerBox.swift */; };
		OBJ_399 /* TableViewBox.swift in Sources */ = {isa = PBXBuildFile; fileRef = OBJ_139 /* TableViewBox.swift */; };
		OBJ_400 /* TextViewBox.swift in Sources */ = {isa = PBXBuildFile; fileRef = OBJ_140 /* TextViewBox.swift */; };
		OBJ_401 /* ValueControlBox.swift in Sources */ = {isa = PBXBuildFile; fileRef = OBJ_141 /* ValueControlBox.swift */; };
		OBJ_402 /* ViewBox.swift in Sources */ = {isa = PBXBuildFile; fileRef = OBJ_142 /* ViewBox.swift */; };
		OBJ_403 /* ViewControllerBox.swift in Sources */ = {isa = PBXBuildFile; fileRef = OBJ_143 /* ViewControllerBox.swift */; };
		OBJ_404 /* Button.swift in Sources */ = {isa = PBXBuildFile; fileRef = OBJ_146 /* Button.swift */; };
		OBJ_405 /* CollectionView.swift in Sources */ = {isa = PBXBuildFile; fileRef = OBJ_147 /* CollectionView.swift */; };
		OBJ_406 /* DatePicker.swift in Sources */ = {isa = PBXBuildFile; fileRef = OBJ_148 /* DatePicker.swift */; };
		OBJ_407 /* ImageView.swift in Sources */ = {isa = PBXBuildFile; fileRef = OBJ_149 /* ImageView.swift */; };
		OBJ_408 /* Label.swift in Sources */ = {isa = PBXBuildFile; fileRef = OBJ_150 /* Label.swift */; };
		OBJ_409 /* ListView.swift in Sources */ = {isa = PBXBuildFile; fileRef = OBJ_151 /* ListView.swift */; };
		OBJ_410 /* ModalPresenter.swift in Sources */ = {isa = PBXBuildFile; fileRef = OBJ_152 /* ModalPresenter.swift */; };
		OBJ_411 /* NavigationController.swift in Sources */ = {isa = PBXBuildFile; fileRef = OBJ_153 /* NavigationController.swift */; };
		OBJ_412 /* NavigationItem.swift in Sources */ = {isa = PBXBuildFile; fileRef = OBJ_154 /* NavigationItem.swift */; };
		OBJ_413 /* ScrollView.swift in Sources */ = {isa = PBXBuildFile; fileRef = OBJ_155 /* ScrollView.swift */; };
		OBJ_414 /* SegmentedControl.swift in Sources */ = {isa = PBXBuildFile; fileRef = OBJ_156 /* SegmentedControl.swift */; };
		OBJ_415 /* Slider.swift in Sources */ = {isa = PBXBuildFile; fileRef = OBJ_157 /* Slider.swift */; };
		OBJ_416 /* StackView.swift in Sources */ = {isa = PBXBuildFile; fileRef = OBJ_158 /* StackView.swift */; };
		OBJ_417 /* Stepper.swift in Sources */ = {isa = PBXBuildFile; fileRef = OBJ_159 /* Stepper.swift */; };
		OBJ_418 /* Switch.swift in Sources */ = {isa = PBXBuildFile; fileRef = OBJ_160 /* Switch.swift */; };
		OBJ_419 /* TabItem.swift in Sources */ = {isa = PBXBuildFile; fileRef = OBJ_161 /* TabItem.swift */; };
		OBJ_420 /* TabPresenter.swift in Sources */ = {isa = PBXBuildFile; fileRef = OBJ_162 /* TabPresenter.swift */; };
		OBJ_421 /* TextField.swift in Sources */ = {isa = PBXBuildFile; fileRef = OBJ_163 /* TextField.swift */; };
		OBJ_422 /* TextView.swift in Sources */ = {isa = PBXBuildFile; fileRef = OBJ_164 /* TextView.swift */; };
		OBJ_423 /* Throbber.swift in Sources */ = {isa = PBXBuildFile; fileRef = OBJ_165 /* Throbber.swift */; };
		OBJ_424 /* View.swift in Sources */ = {isa = PBXBuildFile; fileRef = OBJ_166 /* View.swift */; };
		OBJ_425 /* Color.swift in Sources */ = {isa = PBXBuildFile; fileRef = OBJ_168 /* Color.swift */; };
		OBJ_426 /* BaselineConstraint.swift in Sources */ = {isa = PBXBuildFile; fileRef = OBJ_170 /* BaselineConstraint.swift */; };
		OBJ_427 /* Bottom.swift in Sources */ = {isa = PBXBuildFile; fileRef = OBJ_171 /* Bottom.swift */; };
		OBJ_428 /* CenterX.swift in Sources */ = {isa = PBXBuildFile; fileRef = OBJ_172 /* CenterX.swift */; };
		OBJ_429 /* CenterY.swift in Sources */ = {isa = PBXBuildFile; fileRef = OBJ_173 /* CenterY.swift */; };
		OBJ_430 /* Constrainable.swift in Sources */ = {isa = PBXBuildFile; fileRef = OBJ_174 /* Constrainable.swift */; };
		OBJ_431 /* Constraint.swift in Sources */ = {isa = PBXBuildFile; fileRef = OBJ_175 /* Constraint.swift */; };
		OBJ_432 /* FirstBaseline.swift in Sources */ = {isa = PBXBuildFile; fileRef = OBJ_176 /* FirstBaseline.swift */; };
		OBJ_433 /* Height.swift in Sources */ = {isa = PBXBuildFile; fileRef = OBJ_177 /* Height.swift */; };
		OBJ_434 /* LastBaseline.swift in Sources */ = {isa = PBXBuildFile; fileRef = OBJ_178 /* LastBaseline.swift */; };
		OBJ_435 /* Leading.swift in Sources */ = {isa = PBXBuildFile; fileRef = OBJ_179 /* Leading.swift */; };
		OBJ_436 /* Left.swift in Sources */ = {isa = PBXBuildFile; fileRef = OBJ_180 /* Left.swift */; };
		OBJ_437 /* OwnConstraint.swift in Sources */ = {isa = PBXBuildFile; fileRef = OBJ_181 /* OwnConstraint.swift */; };
		OBJ_438 /* Right.swift in Sources */ = {isa = PBXBuildFile; fileRef = OBJ_182 /* Right.swift */; };
		OBJ_439 /* Top.swift in Sources */ = {isa = PBXBuildFile; fileRef = OBJ_183 /* Top.swift */; };
		OBJ_440 /* Trailing.swift in Sources */ = {isa = PBXBuildFile; fileRef = OBJ_184 /* Trailing.swift */; };
		OBJ_441 /* Width.swift in Sources */ = {isa = PBXBuildFile; fileRef = OBJ_185 /* Width.swift */; };
		OBJ_442 /* XAxisConstraint.swift in Sources */ = {isa = PBXBuildFile; fileRef = OBJ_186 /* XAxisConstraint.swift */; };
		OBJ_443 /* YAxisConstraint.swift in Sources */ = {isa = PBXBuildFile; fileRef = OBJ_187 /* YAxisConstraint.swift */; };
		OBJ_444 /* ContentMode.swift in Sources */ = {isa = PBXBuildFile; fileRef = OBJ_188 /* ContentMode.swift */; };
		OBJ_445 /* Event.swift in Sources */ = {isa = PBXBuildFile; fileRef = OBJ_189 /* Event.swift */; };
		OBJ_446 /* Image.swift in Sources */ = {isa = PBXBuildFile; fileRef = OBJ_190 /* Image.swift */; };
		OBJ_447 /* LineBreakMode.swift in Sources */ = {isa = PBXBuildFile; fileRef = OBJ_191 /* LineBreakMode.swift */; };
		OBJ_448 /* Rectangle.swift in Sources */ = {isa = PBXBuildFile; fileRef = OBJ_192 /* Rectangle.swift */; };
		OBJ_449 /* Scroll.swift in Sources */ = {isa = PBXBuildFile; fileRef = OBJ_193 /* Scroll.swift */; };
		OBJ_450 /* UIControlComponent.swift in Sources */ = {isa = PBXBuildFile; fileRef = OBJ_195 /* UIControlComponent.swift */; };
		OBJ_451 /* UIHostComponent.swift in Sources */ = {isa = PBXBuildFile; fileRef = OBJ_196 /* UIHostComponent.swift */; };
		OBJ_452 /* UIValueComponent.swift in Sources */ = {isa = PBXBuildFile; fileRef = OBJ_197 /* UIValueComponent.swift */; };
		OBJ_453 /* UIViewComponent.swift in Sources */ = {isa = PBXBuildFile; fileRef = OBJ_198 /* UIViewComponent.swift */; };
		OBJ_454 /* TokamakViewController.swift in Sources */ = {isa = PBXBuildFile; fileRef = OBJ_199 /* TokamakViewController.swift */; };
		OBJ_455 /* UIKitRenderer.swift in Sources */ = {isa = PBXBuildFile; fileRef = OBJ_200 /* UIKitRenderer.swift */; };
		OBJ_457 /* Tokamak.framework in Frameworks */ = {isa = PBXBuildFile; fileRef = "Tokamak::Tokamak::Product" /* Tokamak.framework */; };
/* End PBXBuildFile section */

/* Begin PBXContainerItemProxy section */
		A6EF8789224EAC2C00113C9E /* PBXContainerItemProxy */ = {
			isa = PBXContainerItemProxy;
			containerPortal = OBJ_1 /* Project object */;
			proxyType = 1;
			remoteGlobalIDString = "Tokamak::Tokamak";
			remoteInfo = Tokamak;
		};
		A6EF878A224EAC2C00113C9E /* PBXContainerItemProxy */ = {
			isa = PBXContainerItemProxy;
			containerPortal = OBJ_1 /* Project object */;
			proxyType = 1;
			remoteGlobalIDString = "Tokamak::Tokamak";
			remoteInfo = Tokamak;
		};
		A6EF878B224EAC2C00113C9E /* PBXContainerItemProxy */ = {
			isa = PBXContainerItemProxy;
			containerPortal = OBJ_1 /* Project object */;
			proxyType = 1;
			remoteGlobalIDString = "Tokamak::Tokamak";
			remoteInfo = Tokamak;
		};
		A6EF878C224EAC2C00113C9E /* PBXContainerItemProxy */ = {
			isa = PBXContainerItemProxy;
			containerPortal = OBJ_1 /* Project object */;
			proxyType = 1;
			remoteGlobalIDString = "Tokamak::Tokamak";
			remoteInfo = Tokamak;
		};
		A6EF878D224EAC2C00113C9E /* PBXContainerItemProxy */ = {
			isa = PBXContainerItemProxy;
			containerPortal = OBJ_1 /* Project object */;
			proxyType = 1;
			remoteGlobalIDString = "Tokamak::TokamakTestRenderer";
			remoteInfo = TokamakTestRenderer;
		};
		A6EF878E224EAC2C00113C9E /* PBXContainerItemProxy */ = {
			isa = PBXContainerItemProxy;
			containerPortal = OBJ_1 /* Project object */;
			proxyType = 1;
			remoteGlobalIDString = "Tokamak::Tokamak";
			remoteInfo = Tokamak;
		};
		A6EF878F224EAC2C00113C9E /* PBXContainerItemProxy */ = {
			isa = PBXContainerItemProxy;
			containerPortal = OBJ_1 /* Project object */;
			proxyType = 1;
			remoteGlobalIDString = "Tokamak::TokamakTests";
			remoteInfo = TokamakTests;
		};
/* End PBXContainerItemProxy section */

/* Begin PBXFileReference section */
		A6EF8790224EAC4400113C9E /* Lint.swift */ = {isa = PBXFileReference; lastKnownFileType = sourcecode.swift; path = Lint.swift; sourceTree = "<group>"; };
		OBJ_100 /* StackView.swift */ = {isa = PBXFileReference; lastKnownFileType = sourcecode.swift; path = StackView.swift; sourceTree = "<group>"; };
		OBJ_101 /* View.swift */ = {isa = PBXFileReference; lastKnownFileType = sourcecode.swift; path = View.swift; sourceTree = "<group>"; };
		OBJ_103 /* Color.swift */ = {isa = PBXFileReference; lastKnownFileType = sourcecode.swift; path = Color.swift; sourceTree = "<group>"; };
		OBJ_105 /* BaselineConstraint.swift */ = {isa = PBXFileReference; lastKnownFileType = sourcecode.swift; path = BaselineConstraint.swift; sourceTree = "<group>"; };
		OBJ_106 /* Bottom.swift */ = {isa = PBXFileReference; lastKnownFileType = sourcecode.swift; path = Bottom.swift; sourceTree = "<group>"; };
		OBJ_107 /* CenterX.swift */ = {isa = PBXFileReference; lastKnownFileType = sourcecode.swift; path = CenterX.swift; sourceTree = "<group>"; };
		OBJ_108 /* CenterY.swift */ = {isa = PBXFileReference; lastKnownFileType = sourcecode.swift; path = CenterY.swift; sourceTree = "<group>"; };
		OBJ_109 /* Constrainable.swift */ = {isa = PBXFileReference; lastKnownFileType = sourcecode.swift; path = Constrainable.swift; sourceTree = "<group>"; };
		OBJ_11 /* TestRenderer.swift */ = {isa = PBXFileReference; lastKnownFileType = sourcecode.swift; path = TestRenderer.swift; sourceTree = "<group>"; };
		OBJ_110 /* Constraint.swift */ = {isa = PBXFileReference; lastKnownFileType = sourcecode.swift; path = Constraint.swift; sourceTree = "<group>"; };
		OBJ_111 /* FirstBaseline.swift */ = {isa = PBXFileReference; lastKnownFileType = sourcecode.swift; path = FirstBaseline.swift; sourceTree = "<group>"; };
		OBJ_112 /* Height.swift */ = {isa = PBXFileReference; lastKnownFileType = sourcecode.swift; path = Height.swift; sourceTree = "<group>"; };
		OBJ_113 /* LastBaseline.swift */ = {isa = PBXFileReference; lastKnownFileType = sourcecode.swift; path = LastBaseline.swift; sourceTree = "<group>"; };
		OBJ_114 /* Leading.swift */ = {isa = PBXFileReference; lastKnownFileType = sourcecode.swift; path = Leading.swift; sourceTree = "<group>"; };
		OBJ_115 /* Left.swift */ = {isa = PBXFileReference; lastKnownFileType = sourcecode.swift; path = Left.swift; sourceTree = "<group>"; };
		OBJ_116 /* OwnConstraint.swift */ = {isa = PBXFileReference; lastKnownFileType = sourcecode.swift; path = OwnConstraint.swift; sourceTree = "<group>"; };
		OBJ_117 /* Right.swift */ = {isa = PBXFileReference; lastKnownFileType = sourcecode.swift; path = Right.swift; sourceTree = "<group>"; };
		OBJ_118 /* Top.swift */ = {isa = PBXFileReference; lastKnownFileType = sourcecode.swift; path = Top.swift; sourceTree = "<group>"; };
		OBJ_119 /* Trailing.swift */ = {isa = PBXFileReference; lastKnownFileType = sourcecode.swift; path = Trailing.swift; sourceTree = "<group>"; };
		OBJ_12 /* TestView.swift */ = {isa = PBXFileReference; lastKnownFileType = sourcecode.swift; path = TestView.swift; sourceTree = "<group>"; };
		OBJ_120 /* Width.swift */ = {isa = PBXFileReference; lastKnownFileType = sourcecode.swift; path = Width.swift; sourceTree = "<group>"; };
		OBJ_121 /* XAxisConstraint.swift */ = {isa = PBXFileReference; lastKnownFileType = sourcecode.swift; path = XAxisConstraint.swift; sourceTree = "<group>"; };
		OBJ_122 /* YAxisConstraint.swift */ = {isa = PBXFileReference; lastKnownFileType = sourcecode.swift; path = YAxisConstraint.swift; sourceTree = "<group>"; };
		OBJ_123 /* Event.swift */ = {isa = PBXFileReference; lastKnownFileType = sourcecode.swift; path = Event.swift; sourceTree = "<group>"; };
		OBJ_124 /* LineBreakMode.swift */ = {isa = PBXFileReference; lastKnownFileType = sourcecode.swift; path = LineBreakMode.swift; sourceTree = "<group>"; };
		OBJ_125 /* Rectangle.swift */ = {isa = PBXFileReference; lastKnownFileType = sourcecode.swift; path = Rectangle.swift; sourceTree = "<group>"; };
		OBJ_127 /* NSControlComponent.swift */ = {isa = PBXFileReference; lastKnownFileType = sourcecode.swift; path = NSControlComponent.swift; sourceTree = "<group>"; };
		OBJ_128 /* NSHostComponent.swift */ = {isa = PBXFileReference; lastKnownFileType = sourcecode.swift; path = NSHostComponent.swift; sourceTree = "<group>"; };
		OBJ_129 /* NSViewComponent.swift */ = {isa = PBXFileReference; lastKnownFileType = sourcecode.swift; path = NSViewComponent.swift; sourceTree = "<group>"; };
		OBJ_130 /* TokamakViewController.swift */ = {isa = PBXFileReference; lastKnownFileType = sourcecode.swift; path = TokamakViewController.swift; sourceTree = "<group>"; };
		OBJ_132 /* Counter.swift */ = {isa = PBXFileReference; lastKnownFileType = sourcecode.swift; path = Counter.swift; sourceTree = "<group>"; };
		OBJ_135 /* CollectionViewBox.swift */ = {isa = PBXFileReference; lastKnownFileType = sourcecode.swift; path = CollectionViewBox.swift; sourceTree = "<group>"; };
		OBJ_136 /* ContainerViewController.swift */ = {isa = PBXFileReference; lastKnownFileType = sourcecode.swift; path = ContainerViewController.swift; sourceTree = "<group>"; };
		OBJ_137 /* ControlBox.swift */ = {isa = PBXFileReference; lastKnownFileType = sourcecode.swift; path = ControlBox.swift; sourceTree = "<group>"; };
		OBJ_138 /* TabBarControllerBox.swift */ = {isa = PBXFileReference; lastKnownFileType = sourcecode.swift; path = TabBarControllerBox.swift; sourceTree = "<group>"; };
		OBJ_139 /* TableViewBox.swift */ = {isa = PBXFileReference; lastKnownFileType = sourcecode.swift; path = TableViewBox.swift; sourceTree = "<group>"; };
		OBJ_14 /* AnyEquatable.swift */ = {isa = PBXFileReference; lastKnownFileType = sourcecode.swift; path = AnyEquatable.swift; sourceTree = "<group>"; };
		OBJ_140 /* TextViewBox.swift */ = {isa = PBXFileReference; lastKnownFileType = sourcecode.swift; path = TextViewBox.swift; sourceTree = "<group>"; };
		OBJ_141 /* ValueControlBox.swift */ = {isa = PBXFileReference; lastKnownFileType = sourcecode.swift; path = ValueControlBox.swift; sourceTree = "<group>"; };
		OBJ_142 /* ViewBox.swift */ = {isa = PBXFileReference; lastKnownFileType = sourcecode.swift; path = ViewBox.swift; sourceTree = "<group>"; };
		OBJ_143 /* ViewControllerBox.swift */ = {isa = PBXFileReference; lastKnownFileType = sourcecode.swift; path = ViewControllerBox.swift; sourceTree = "<group>"; };
		OBJ_146 /* Button.swift */ = {isa = PBXFileReference; lastKnownFileType = sourcecode.swift; path = Button.swift; sourceTree = "<group>"; };
		OBJ_147 /* CollectionView.swift */ = {isa = PBXFileReference; lastKnownFileType = sourcecode.swift; path = CollectionView.swift; sourceTree = "<group>"; };
		OBJ_148 /* DatePicker.swift */ = {isa = PBXFileReference; lastKnownFileType = sourcecode.swift; path = DatePicker.swift; sourceTree = "<group>"; };
		OBJ_149 /* ImageView.swift */ = {isa = PBXFileReference; lastKnownFileType = sourcecode.swift; path = ImageView.swift; sourceTree = "<group>"; };
		OBJ_15 /* AnyNode.swift */ = {isa = PBXFileReference; lastKnownFileType = sourcecode.swift; path = AnyNode.swift; sourceTree = "<group>"; };
		OBJ_150 /* Label.swift */ = {isa = PBXFileReference; lastKnownFileType = sourcecode.swift; path = Label.swift; sourceTree = "<group>"; };
		OBJ_151 /* ListView.swift */ = {isa = PBXFileReference; lastKnownFileType = sourcecode.swift; path = ListView.swift; sourceTree = "<group>"; };
		OBJ_152 /* ModalPresenter.swift */ = {isa = PBXFileReference; lastKnownFileType = sourcecode.swift; path = ModalPresenter.swift; sourceTree = "<group>"; };
		OBJ_153 /* NavigationController.swift */ = {isa = PBXFileReference; lastKnownFileType = sourcecode.swift; path = NavigationController.swift; sourceTree = "<group>"; };
		OBJ_154 /* NavigationItem.swift */ = {isa = PBXFileReference; lastKnownFileType = sourcecode.swift; path = NavigationItem.swift; sourceTree = "<group>"; };
		OBJ_155 /* ScrollView.swift */ = {isa = PBXFileReference; lastKnownFileType = sourcecode.swift; path = ScrollView.swift; sourceTree = "<group>"; };
		OBJ_156 /* SegmentedControl.swift */ = {isa = PBXFileReference; lastKnownFileType = sourcecode.swift; path = SegmentedControl.swift; sourceTree = "<group>"; };
		OBJ_157 /* Slider.swift */ = {isa = PBXFileReference; lastKnownFileType = sourcecode.swift; path = Slider.swift; sourceTree = "<group>"; };
		OBJ_158 /* StackView.swift */ = {isa = PBXFileReference; lastKnownFileType = sourcecode.swift; path = StackView.swift; sourceTree = "<group>"; };
		OBJ_159 /* Stepper.swift */ = {isa = PBXFileReference; lastKnownFileType = sourcecode.swift; path = Stepper.swift; sourceTree = "<group>"; };
		OBJ_16 /* Components.swift */ = {isa = PBXFileReference; lastKnownFileType = sourcecode.swift; path = Components.swift; sourceTree = "<group>"; };
		OBJ_160 /* Switch.swift */ = {isa = PBXFileReference; lastKnownFileType = sourcecode.swift; path = Switch.swift; sourceTree = "<group>"; };
		OBJ_161 /* TabItem.swift */ = {isa = PBXFileReference; lastKnownFileType = sourcecode.swift; path = TabItem.swift; sourceTree = "<group>"; };
		OBJ_162 /* TabPresenter.swift */ = {isa = PBXFileReference; lastKnownFileType = sourcecode.swift; path = TabPresenter.swift; sourceTree = "<group>"; };
		OBJ_163 /* TextField.swift */ = {isa = PBXFileReference; lastKnownFileType = sourcecode.swift; path = TextField.swift; sourceTree = "<group>"; };
		OBJ_164 /* TextView.swift */ = {isa = PBXFileReference; lastKnownFileType = sourcecode.swift; path = TextView.swift; sourceTree = "<group>"; };
		OBJ_165 /* Throbber.swift */ = {isa = PBXFileReference; lastKnownFileType = sourcecode.swift; path = Throbber.swift; sourceTree = "<group>"; };
		OBJ_166 /* View.swift */ = {isa = PBXFileReference; lastKnownFileType = sourcecode.swift; path = View.swift; sourceTree = "<group>"; };
		OBJ_168 /* Color.swift */ = {isa = PBXFileReference; lastKnownFileType = sourcecode.swift; path = Color.swift; sourceTree = "<group>"; };
		OBJ_170 /* BaselineConstraint.swift */ = {isa = PBXFileReference; lastKnownFileType = sourcecode.swift; path = BaselineConstraint.swift; sourceTree = "<group>"; };
		OBJ_171 /* Bottom.swift */ = {isa = PBXFileReference; lastKnownFileType = sourcecode.swift; path = Bottom.swift; sourceTree = "<group>"; };
		OBJ_172 /* CenterX.swift */ = {isa = PBXFileReference; lastKnownFileType = sourcecode.swift; path = CenterX.swift; sourceTree = "<group>"; };
		OBJ_173 /* CenterY.swift */ = {isa = PBXFileReference; lastKnownFileType = sourcecode.swift; path = CenterY.swift; sourceTree = "<group>"; };
		OBJ_174 /* Constrainable.swift */ = {isa = PBXFileReference; lastKnownFileType = sourcecode.swift; path = Constrainable.swift; sourceTree = "<group>"; };
		OBJ_175 /* Constraint.swift */ = {isa = PBXFileReference; lastKnownFileType = sourcecode.swift; path = Constraint.swift; sourceTree = "<group>"; };
		OBJ_176 /* FirstBaseline.swift */ = {isa = PBXFileReference; lastKnownFileType = sourcecode.swift; path = FirstBaseline.swift; sourceTree = "<group>"; };
		OBJ_177 /* Height.swift */ = {isa = PBXFileReference; lastKnownFileType = sourcecode.swift; path = Height.swift; sourceTree = "<group>"; };
		OBJ_178 /* LastBaseline.swift */ = {isa = PBXFileReference; lastKnownFileType = sourcecode.swift; path = LastBaseline.swift; sourceTree = "<group>"; };
		OBJ_179 /* Leading.swift */ = {isa = PBXFileReference; lastKnownFileType = sourcecode.swift; path = Leading.swift; sourceTree = "<group>"; };
		OBJ_180 /* Left.swift */ = {isa = PBXFileReference; lastKnownFileType = sourcecode.swift; path = Left.swift; sourceTree = "<group>"; };
		OBJ_181 /* OwnConstraint.swift */ = {isa = PBXFileReference; lastKnownFileType = sourcecode.swift; path = OwnConstraint.swift; sourceTree = "<group>"; };
		OBJ_182 /* Right.swift */ = {isa = PBXFileReference; lastKnownFileType = sourcecode.swift; path = Right.swift; sourceTree = "<group>"; };
		OBJ_183 /* Top.swift */ = {isa = PBXFileReference; lastKnownFileType = sourcecode.swift; path = Top.swift; sourceTree = "<group>"; };
		OBJ_184 /* Trailing.swift */ = {isa = PBXFileReference; lastKnownFileType = sourcecode.swift; path = Trailing.swift; sourceTree = "<group>"; };
		OBJ_185 /* Width.swift */ = {isa = PBXFileReference; lastKnownFileType = sourcecode.swift; path = Width.swift; sourceTree = "<group>"; };
		OBJ_186 /* XAxisConstraint.swift */ = {isa = PBXFileReference; lastKnownFileType = sourcecode.swift; path = XAxisConstraint.swift; sourceTree = "<group>"; };
		OBJ_187 /* YAxisConstraint.swift */ = {isa = PBXFileReference; lastKnownFileType = sourcecode.swift; path = YAxisConstraint.swift; sourceTree = "<group>"; };
		OBJ_188 /* ContentMode.swift */ = {isa = PBXFileReference; lastKnownFileType = sourcecode.swift; path = ContentMode.swift; sourceTree = "<group>"; };
		OBJ_189 /* Event.swift */ = {isa = PBXFileReference; lastKnownFileType = sourcecode.swift; path = Event.swift; sourceTree = "<group>"; };
		OBJ_19 /* Alert.swift */ = {isa = PBXFileReference; lastKnownFileType = sourcecode.swift; path = Alert.swift; sourceTree = "<group>"; };
		OBJ_190 /* Image.swift */ = {isa = PBXFileReference; lastKnownFileType = sourcecode.swift; path = Image.swift; sourceTree = "<group>"; };
		OBJ_191 /* LineBreakMode.swift */ = {isa = PBXFileReference; lastKnownFileType = sourcecode.swift; path = LineBreakMode.swift; sourceTree = "<group>"; };
		OBJ_192 /* Rectangle.swift */ = {isa = PBXFileReference; lastKnownFileType = sourcecode.swift; path = Rectangle.swift; sourceTree = "<group>"; };
		OBJ_193 /* Scroll.swift */ = {isa = PBXFileReference; lastKnownFileType = sourcecode.swift; path = Scroll.swift; sourceTree = "<group>"; };
		OBJ_195 /* UIControlComponent.swift */ = {isa = PBXFileReference; lastKnownFileType = sourcecode.swift; path = UIControlComponent.swift; sourceTree = "<group>"; };
		OBJ_196 /* UIHostComponent.swift */ = {isa = PBXFileReference; lastKnownFileType = sourcecode.swift; path = UIHostComponent.swift; sourceTree = "<group>"; };
		OBJ_197 /* UIValueComponent.swift */ = {isa = PBXFileReference; lastKnownFileType = sourcecode.swift; path = UIValueComponent.swift; sourceTree = "<group>"; };
		OBJ_198 /* UIViewComponent.swift */ = {isa = PBXFileReference; lastKnownFileType = sourcecode.swift; path = UIViewComponent.swift; sourceTree = "<group>"; };
		OBJ_199 /* TokamakViewController.swift */ = {isa = PBXFileReference; lastKnownFileType = sourcecode.swift; path = TokamakViewController.swift; sourceTree = "<group>"; };
		OBJ_20 /* Animated.swift */ = {isa = PBXFileReference; lastKnownFileType = sourcecode.swift; path = Animated.swift; sourceTree = "<group>"; };
		OBJ_200 /* UIKitRenderer.swift */ = {isa = PBXFileReference; lastKnownFileType = sourcecode.swift; path = UIKitRenderer.swift; sourceTree = "<group>"; };
		OBJ_205 /* ColorTests.swift */ = {isa = PBXFileReference; lastKnownFileType = sourcecode.swift; path = ColorTests.swift; sourceTree = "<group>"; };
		OBJ_206 /* ConstraintTests.swift */ = {isa = PBXFileReference; lastKnownFileType = sourcecode.swift; path = ConstraintTests.swift; sourceTree = "<group>"; };
		OBJ_207 /* HooksTests.swift */ = {isa = PBXFileReference; lastKnownFileType = sourcecode.swift; path = HooksTests.swift; sourceTree = "<group>"; };
		OBJ_208 /* ReconcilerTests.swift */ = {isa = PBXFileReference; lastKnownFileType = sourcecode.swift; path = ReconcilerTests.swift; sourceTree = "<group>"; };
		OBJ_209 /* XCTestManifests.swift */ = {isa = PBXFileReference; lastKnownFileType = sourcecode.swift; path = XCTestManifests.swift; sourceTree = "<group>"; };
		OBJ_21 /* Button.swift */ = {isa = PBXFileReference; lastKnownFileType = sourcecode.swift; path = Button.swift; sourceTree = "<group>"; };
		OBJ_210 /* Example */ = {isa = PBXFileReference; lastKnownFileType = folder; path = Example; sourceTree = SOURCE_ROOT; };
		OBJ_211 /* tokamak.dev */ = {isa = PBXFileReference; lastKnownFileType = folder; path = tokamak.dev; sourceTree = SOURCE_ROOT; };
		OBJ_22 /* CollectionView.swift */ = {isa = PBXFileReference; lastKnownFileType = sourcecode.swift; path = CollectionView.swift; sourceTree = "<group>"; };
		OBJ_23 /* DatePicker.swift */ = {isa = PBXFileReference; lastKnownFileType = sourcecode.swift; path = DatePicker.swift; sourceTree = "<group>"; };
		OBJ_24 /* ImageView.swift */ = {isa = PBXFileReference; lastKnownFileType = sourcecode.swift; path = ImageView.swift; sourceTree = "<group>"; };
		OBJ_25 /* Label.swift */ = {isa = PBXFileReference; lastKnownFileType = sourcecode.swift; path = Label.swift; sourceTree = "<group>"; };
		OBJ_26 /* ListView.swift */ = {isa = PBXFileReference; lastKnownFileType = sourcecode.swift; path = ListView.swift; sourceTree = "<group>"; };
		OBJ_27 /* NavigationController.swift */ = {isa = PBXFileReference; lastKnownFileType = sourcecode.swift; path = NavigationController.swift; sourceTree = "<group>"; };
		OBJ_28 /* ScrollView.swift */ = {isa = PBXFileReference; lastKnownFileType = sourcecode.swift; path = ScrollView.swift; sourceTree = "<group>"; };
		OBJ_29 /* SegmentedControl.swift */ = {isa = PBXFileReference; lastKnownFileType = sourcecode.swift; path = SegmentedControl.swift; sourceTree = "<group>"; };
		OBJ_30 /* Slider.swift */ = {isa = PBXFileReference; lastKnownFileType = sourcecode.swift; path = Slider.swift; sourceTree = "<group>"; };
		OBJ_31 /* StackView.swift */ = {isa = PBXFileReference; lastKnownFileType = sourcecode.swift; path = StackView.swift; sourceTree = "<group>"; };
		OBJ_32 /* Stepper.swift */ = {isa = PBXFileReference; lastKnownFileType = sourcecode.swift; path = Stepper.swift; sourceTree = "<group>"; };
		OBJ_33 /* Switch.swift */ = {isa = PBXFileReference; lastKnownFileType = sourcecode.swift; path = Switch.swift; sourceTree = "<group>"; };
		OBJ_34 /* TextField.swift */ = {isa = PBXFileReference; lastKnownFileType = sourcecode.swift; path = TextField.swift; sourceTree = "<group>"; };
		OBJ_35 /* TextView.swift */ = {isa = PBXFileReference; lastKnownFileType = sourcecode.swift; path = TextView.swift; sourceTree = "<group>"; };
		OBJ_36 /* Throbber.swift */ = {isa = PBXFileReference; lastKnownFileType = sourcecode.swift; path = Throbber.swift; sourceTree = "<group>"; };
		OBJ_37 /* View.swift */ = {isa = PBXFileReference; lastKnownFileType = sourcecode.swift; path = View.swift; sourceTree = "<group>"; };
		OBJ_39 /* ModalPresenter.swift */ = {isa = PBXFileReference; lastKnownFileType = sourcecode.swift; path = ModalPresenter.swift; sourceTree = "<group>"; };
		OBJ_40 /* NavigationItem.swift */ = {isa = PBXFileReference; lastKnownFileType = sourcecode.swift; path = NavigationItem.swift; sourceTree = "<group>"; };
		OBJ_41 /* NavigationPresenter.swift */ = {isa = PBXFileReference; lastKnownFileType = sourcecode.swift; path = NavigationPresenter.swift; sourceTree = "<group>"; };
		OBJ_42 /* TabItem.swift */ = {isa = PBXFileReference; lastKnownFileType = sourcecode.swift; path = TabItem.swift; sourceTree = "<group>"; };
		OBJ_43 /* TabPresenter.swift */ = {isa = PBXFileReference; lastKnownFileType = sourcecode.swift; path = TabPresenter.swift; sourceTree = "<group>"; };
		OBJ_45 /* Accessibility.swift */ = {isa = PBXFileReference; lastKnownFileType = sourcecode.swift; path = Accessibility.swift; sourceTree = "<group>"; };
		OBJ_46 /* Color.swift */ = {isa = PBXFileReference; lastKnownFileType = sourcecode.swift; path = Color.swift; sourceTree = "<group>"; };
		OBJ_48 /* Bottom.swift */ = {isa = PBXFileReference; lastKnownFileType = sourcecode.swift; path = Bottom.swift; sourceTree = "<group>"; };
		OBJ_49 /* Center.swift */ = {isa = PBXFileReference; lastKnownFileType = sourcecode.swift; path = Center.swift; sourceTree = "<group>"; };
		OBJ_50 /* CenterX.swift */ = {isa = PBXFileReference; lastKnownFileType = sourcecode.swift; path = CenterX.swift; sourceTree = "<group>"; };
		OBJ_51 /* CenterY.swift */ = {isa = PBXFileReference; lastKnownFileType = sourcecode.swift; path = CenterY.swift; sourceTree = "<group>"; };
		OBJ_52 /* Constraint.swift */ = {isa = PBXFileReference; lastKnownFileType = sourcecode.swift; path = Constraint.swift; sourceTree = "<group>"; };
		OBJ_53 /* Edges.swift */ = {isa = PBXFileReference; lastKnownFileType = sourcecode.swift; path = Edges.swift; sourceTree = "<group>"; };
		OBJ_54 /* FirstBaseline.swift */ = {isa = PBXFileReference; lastKnownFileType = sourcecode.swift; path = FirstBaseline.swift; sourceTree = "<group>"; };
		OBJ_55 /* Height.swift */ = {isa = PBXFileReference; lastKnownFileType = sourcecode.swift; path = Height.swift; sourceTree = "<group>"; };
		OBJ_56 /* LastBaseline.swift */ = {isa = PBXFileReference; lastKnownFileType = sourcecode.swift; path = LastBaseline.swift; sourceTree = "<group>"; };
		OBJ_57 /* Leading.swift */ = {isa = PBXFileReference; lastKnownFileType = sourcecode.swift; path = Leading.swift; sourceTree = "<group>"; };
		OBJ_58 /* Left.swift */ = {isa = PBXFileReference; lastKnownFileType = sourcecode.swift; path = Left.swift; sourceTree = "<group>"; };
		OBJ_59 /* Right.swift */ = {isa = PBXFileReference; lastKnownFileType = sourcecode.swift; path = Right.swift; sourceTree = "<group>"; };
		OBJ_6 /* Package.swift */ = {isa = PBXFileReference; explicitFileType = sourcecode.swift; path = Package.swift; sourceTree = "<group>"; };
		OBJ_60 /* SizeConstraint.swift */ = {isa = PBXFileReference; lastKnownFileType = sourcecode.swift; path = SizeConstraint.swift; sourceTree = "<group>"; };
		OBJ_61 /* Top.swift */ = {isa = PBXFileReference; lastKnownFileType = sourcecode.swift; path = Top.swift; sourceTree = "<group>"; };
		OBJ_62 /* Trailing.swift */ = {isa = PBXFileReference; lastKnownFileType = sourcecode.swift; path = Trailing.swift; sourceTree = "<group>"; };
		OBJ_63 /* Width.swift */ = {isa = PBXFileReference; lastKnownFileType = sourcecode.swift; path = Width.swift; sourceTree = "<group>"; };
		OBJ_64 /* Event.swift */ = {isa = PBXFileReference; lastKnownFileType = sourcecode.swift; path = Event.swift; sourceTree = "<group>"; };
		OBJ_65 /* Image.swift */ = {isa = PBXFileReference; lastKnownFileType = sourcecode.swift; path = Image.swift; sourceTree = "<group>"; };
		OBJ_66 /* Insets.swift */ = {isa = PBXFileReference; lastKnownFileType = sourcecode.swift; path = Insets.swift; sourceTree = "<group>"; };
		OBJ_67 /* LineBreakMode.swift */ = {isa = PBXFileReference; lastKnownFileType = sourcecode.swift; path = LineBreakMode.swift; sourceTree = "<group>"; };
		OBJ_68 /* Rectangle.swift */ = {isa = PBXFileReference; lastKnownFileType = sourcecode.swift; path = Rectangle.swift; sourceTree = "<group>"; };
		OBJ_69 /* ScrollOptions.swift */ = {isa = PBXFileReference; lastKnownFileType = sourcecode.swift; path = ScrollOptions.swift; sourceTree = "<group>"; };
		OBJ_70 /* Second.swift */ = {isa = PBXFileReference; lastKnownFileType = sourcecode.swift; path = Second.swift; sourceTree = "<group>"; };
		OBJ_71 /* Style.swift */ = {isa = PBXFileReference; lastKnownFileType = sourcecode.swift; path = Style.swift; sourceTree = "<group>"; };
		OBJ_72 /* TextAlignment.swift */ = {isa = PBXFileReference; lastKnownFileType = sourcecode.swift; path = TextAlignment.swift; sourceTree = "<group>"; };
		OBJ_73 /* Default.swift */ = {isa = PBXFileReference; lastKnownFileType = sourcecode.swift; path = Default.swift; sourceTree = "<group>"; };
		OBJ_75 /* Effect.swift */ = {isa = PBXFileReference; lastKnownFileType = sourcecode.swift; path = Effect.swift; sourceTree = "<group>"; };
		OBJ_76 /* Hooks.swift */ = {isa = PBXFileReference; lastKnownFileType = sourcecode.swift; path = Hooks.swift; sourceTree = "<group>"; };
		OBJ_77 /* Ref.swift */ = {isa = PBXFileReference; lastKnownFileType = sourcecode.swift; path = Ref.swift; sourceTree = "<group>"; };
		OBJ_78 /* State.swift */ = {isa = PBXFileReference; lastKnownFileType = sourcecode.swift; path = State.swift; sourceTree = "<group>"; };
		OBJ_8 /* Package.xcconfig */ = {isa = PBXFileReference; lastKnownFileType = text.xcconfig; path = Package.xcconfig; sourceTree = "<group>"; };
		OBJ_80 /* MountedComponent.swift */ = {isa = PBXFileReference; lastKnownFileType = sourcecode.swift; path = MountedComponent.swift; sourceTree = "<group>"; };
		OBJ_81 /* MountedCompositeComponent.swift */ = {isa = PBXFileReference; lastKnownFileType = sourcecode.swift; path = MountedCompositeComponent.swift; sourceTree = "<group>"; };
		OBJ_82 /* MountedHostComponent.swift */ = {isa = PBXFileReference; lastKnownFileType = sourcecode.swift; path = MountedHostComponent.swift; sourceTree = "<group>"; };
		OBJ_83 /* MountedNull.swift */ = {isa = PBXFileReference; lastKnownFileType = sourcecode.swift; path = MountedNull.swift; sourceTree = "<group>"; };
		OBJ_84 /* Null.swift */ = {isa = PBXFileReference; lastKnownFileType = sourcecode.swift; path = Null.swift; sourceTree = "<group>"; };
		OBJ_85 /* Renderer.swift */ = {isa = PBXFileReference; lastKnownFileType = sourcecode.swift; path = Renderer.swift; sourceTree = "<group>"; };
		OBJ_86 /* StackReconciler.swift */ = {isa = PBXFileReference; lastKnownFileType = sourcecode.swift; path = StackReconciler.swift; sourceTree = "<group>"; };
		OBJ_87 /* Target.swift */ = {isa = PBXFileReference; lastKnownFileType = sourcecode.swift; path = Target.swift; sourceTree = "<group>"; };
		OBJ_88 /* Unique.swift */ = {isa = PBXFileReference; lastKnownFileType = sourcecode.swift; path = Unique.swift; sourceTree = "<group>"; };
		OBJ_90 /* AppKitRenderer.swift */ = {isa = PBXFileReference; lastKnownFileType = sourcecode.swift; path = AppKitRenderer.swift; sourceTree = "<group>"; };
		OBJ_92 /* ContainerViewController.swift */ = {isa = PBXFileReference; lastKnownFileType = sourcecode.swift; path = ContainerViewController.swift; sourceTree = "<group>"; };
		OBJ_93 /* ControlBox.swift */ = {isa = PBXFileReference; lastKnownFileType = sourcecode.swift; path = ControlBox.swift; sourceTree = "<group>"; };
		OBJ_94 /* ViewBox.swift */ = {isa = PBXFileReference; lastKnownFileType = sourcecode.swift; path = ViewBox.swift; sourceTree = "<group>"; };
		OBJ_95 /* ViewControllerBox.swift */ = {isa = PBXFileReference; lastKnownFileType = sourcecode.swift; path = ViewControllerBox.swift; sourceTree = "<group>"; };
		OBJ_98 /* Button.swift */ = {isa = PBXFileReference; lastKnownFileType = sourcecode.swift; path = Button.swift; sourceTree = "<group>"; };
		OBJ_99 /* Label.swift */ = {isa = PBXFileReference; lastKnownFileType = sourcecode.swift; path = Label.swift; sourceTree = "<group>"; };
		"Tokamak::Tokamak::Product" /* Tokamak.framework */ = {isa = PBXFileReference; lastKnownFileType = wrapper.framework; path = Tokamak.framework; sourceTree = BUILT_PRODUCTS_DIR; };
		"Tokamak::TokamakAppKit::Product" /* TokamakAppKit.framework */ = {isa = PBXFileReference; lastKnownFileType = wrapper.framework; path = TokamakAppKit.framework; sourceTree = BUILT_PRODUCTS_DIR; };
		"Tokamak::TokamakDemo::Product" /* TokamakDemo.framework */ = {isa = PBXFileReference; lastKnownFileType = wrapper.framework; path = TokamakDemo.framework; sourceTree = BUILT_PRODUCTS_DIR; };
		"Tokamak::TokamakLint::Product" /* TokamakLint.framework */ = {isa = PBXFileReference; explicitFileType = wrapper.framework; path = TokamakLint.framework; sourceTree = BUILT_PRODUCTS_DIR; };
		"Tokamak::TokamakTestRenderer::Product" /* TokamakTestRenderer.framework */ = {isa = PBXFileReference; lastKnownFileType = wrapper.framework; path = TokamakTestRenderer.framework; sourceTree = BUILT_PRODUCTS_DIR; };
		"Tokamak::TokamakTests::Product" /* TokamakTests.xctest */ = {isa = PBXFileReference; lastKnownFileType = file; path = TokamakTests.xctest; sourceTree = BUILT_PRODUCTS_DIR; };
		"Tokamak::TokamakUIKit::Product" /* TokamakUIKit.framework */ = {isa = PBXFileReference; lastKnownFileType = wrapper.framework; path = TokamakUIKit.framework; sourceTree = BUILT_PRODUCTS_DIR; };
/* End PBXFileReference section */

/* Begin PBXFrameworksBuildPhase section */
		OBJ_294 /* Frameworks */ = {
			isa = PBXFrameworksBuildPhase;
			buildActionMask = 0;
			files = (
			);
			runOnlyForDeploymentPostprocessing = 0;
		};
		OBJ_335 /* Frameworks */ = {
			isa = PBXFrameworksBuildPhase;
			buildActionMask = 0;
			files = (
				OBJ_336 /* Tokamak.framework in Frameworks */,
			);
			runOnlyForDeploymentPostprocessing = 0;
		};
		OBJ_344 /* Frameworks */ = {
			isa = PBXFrameworksBuildPhase;
			buildActionMask = 0;
			files = (
				OBJ_345 /* Tokamak.framework in Frameworks */,
			);
			runOnlyForDeploymentPostprocessing = 0;
		};
		OBJ_353 /* Frameworks */ = {
			isa = PBXFrameworksBuildPhase;
			buildActionMask = 0;
			files = (
			);
			runOnlyForDeploymentPostprocessing = 0;
		};
		OBJ_373 /* Frameworks */ = {
			isa = PBXFrameworksBuildPhase;
			buildActionMask = 0;
			files = (
				OBJ_374 /* Tokamak.framework in Frameworks */,
			);
			runOnlyForDeploymentPostprocessing = 0;
		};
		OBJ_385 /* Frameworks */ = {
			isa = PBXFrameworksBuildPhase;
			buildActionMask = 0;
			files = (
				OBJ_386 /* TokamakTestRenderer.framework in Frameworks */,
				OBJ_387 /* Tokamak.framework in Frameworks */,
			);
			runOnlyForDeploymentPostprocessing = 0;
		};
		OBJ_456 /* Frameworks */ = {
			isa = PBXFrameworksBuildPhase;
			buildActionMask = 0;
			files = (
				OBJ_457 /* Tokamak.framework in Frameworks */,
			);
			runOnlyForDeploymentPostprocessing = 0;
		};
/* End PBXFrameworksBuildPhase section */

/* Begin PBXGroup section */
		OBJ_10 /* TokamakTestRenderer */ = {
			isa = PBXGroup;
			children = (
				OBJ_11 /* TestRenderer.swift */,
				OBJ_12 /* TestView.swift */,
			);
			name = TokamakTestRenderer;
			path = Sources/TokamakTestRenderer;
			sourceTree = SOURCE_ROOT;
		};
		OBJ_102 /* Props */ = {
			isa = PBXGroup;
			children = (
				OBJ_103 /* Color.swift */,
				OBJ_104 /* Constraint */,
				OBJ_123 /* Event.swift */,
				OBJ_124 /* LineBreakMode.swift */,
				OBJ_125 /* Rectangle.swift */,
			);
			path = Props;
			sourceTree = "<group>";
		};
		OBJ_104 /* Constraint */ = {
			isa = PBXGroup;
			children = (
				OBJ_105 /* BaselineConstraint.swift */,
				OBJ_106 /* Bottom.swift */,
				OBJ_107 /* CenterX.swift */,
				OBJ_108 /* CenterY.swift */,
				OBJ_109 /* Constrainable.swift */,
				OBJ_110 /* Constraint.swift */,
				OBJ_111 /* FirstBaseline.swift */,
				OBJ_112 /* Height.swift */,
				OBJ_113 /* LastBaseline.swift */,
				OBJ_114 /* Leading.swift */,
				OBJ_115 /* Left.swift */,
				OBJ_116 /* OwnConstraint.swift */,
				OBJ_117 /* Right.swift */,
				OBJ_118 /* Top.swift */,
				OBJ_119 /* Trailing.swift */,
				OBJ_120 /* Width.swift */,
				OBJ_121 /* XAxisConstraint.swift */,
				OBJ_122 /* YAxisConstraint.swift */,
			);
			path = Constraint;
			sourceTree = "<group>";
		};
		OBJ_126 /* Protocols */ = {
			isa = PBXGroup;
			children = (
				OBJ_127 /* NSControlComponent.swift */,
				OBJ_128 /* NSHostComponent.swift */,
				OBJ_129 /* NSViewComponent.swift */,
			);
			path = Protocols;
			sourceTree = "<group>";
		};
		OBJ_13 /* Tokamak */ = {
			isa = PBXGroup;
			children = (
				OBJ_14 /* AnyEquatable.swift */,
				OBJ_15 /* AnyNode.swift */,
				OBJ_16 /* Components.swift */,
				OBJ_17 /* Components */,
				OBJ_73 /* Default.swift */,
				OBJ_74 /* Hooks */,
				OBJ_79 /* MountedComponents */,
				OBJ_84 /* Null.swift */,
				OBJ_85 /* Renderer.swift */,
				OBJ_86 /* StackReconciler.swift */,
				OBJ_87 /* Target.swift */,
				OBJ_88 /* Unique.swift */,
			);
			name = Tokamak;
			path = Sources/Tokamak;
			sourceTree = SOURCE_ROOT;
		};
		OBJ_131 /* TokamakDemo */ = {
			isa = PBXGroup;
			children = (
				OBJ_132 /* Counter.swift */,
			);
			name = TokamakDemo;
			path = Sources/TokamakDemo;
			sourceTree = SOURCE_ROOT;
		};
		OBJ_133 /* TokamakUIKit */ = {
			isa = PBXGroup;
			children = (
				OBJ_134 /* Boxes */,
				OBJ_144 /* Components */,
				OBJ_199 /* TokamakViewController.swift */,
				OBJ_200 /* UIKitRenderer.swift */,
			);
			name = TokamakUIKit;
			path = Sources/TokamakUIKit;
			sourceTree = SOURCE_ROOT;
		};
		OBJ_134 /* Boxes */ = {
			isa = PBXGroup;
			children = (
				OBJ_135 /* CollectionViewBox.swift */,
				OBJ_136 /* ContainerViewController.swift */,
				OBJ_137 /* ControlBox.swift */,
				OBJ_138 /* TabBarControllerBox.swift */,
				OBJ_139 /* TableViewBox.swift */,
				OBJ_140 /* TextViewBox.swift */,
				OBJ_141 /* ValueControlBox.swift */,
				OBJ_142 /* ViewBox.swift */,
				OBJ_143 /* ViewControllerBox.swift */,
			);
			path = Boxes;
			sourceTree = "<group>";
		};
		OBJ_144 /* Components */ = {
			isa = PBXGroup;
			children = (
				OBJ_145 /* Host */,
				OBJ_167 /* Props */,
				OBJ_194 /* Protocols */,
			);
			path = Components;
			sourceTree = "<group>";
		};
		OBJ_145 /* Host */ = {
			isa = PBXGroup;
			children = (
				OBJ_146 /* Button.swift */,
				OBJ_147 /* CollectionView.swift */,
				OBJ_148 /* DatePicker.swift */,
				OBJ_149 /* ImageView.swift */,
				OBJ_150 /* Label.swift */,
				OBJ_151 /* ListView.swift */,
				OBJ_152 /* ModalPresenter.swift */,
				OBJ_153 /* NavigationController.swift */,
				OBJ_154 /* NavigationItem.swift */,
				OBJ_155 /* ScrollView.swift */,
				OBJ_156 /* SegmentedControl.swift */,
				OBJ_157 /* Slider.swift */,
				OBJ_158 /* StackView.swift */,
				OBJ_159 /* Stepper.swift */,
				OBJ_160 /* Switch.swift */,
				OBJ_161 /* TabItem.swift */,
				OBJ_162 /* TabPresenter.swift */,
				OBJ_163 /* TextField.swift */,
				OBJ_164 /* TextView.swift */,
				OBJ_165 /* Throbber.swift */,
				OBJ_166 /* View.swift */,
			);
			path = Host;
			sourceTree = "<group>";
		};
		OBJ_167 /* Props */ = {
			isa = PBXGroup;
			children = (
				OBJ_168 /* Color.swift */,
				OBJ_169 /* Constraint */,
				OBJ_188 /* ContentMode.swift */,
				OBJ_189 /* Event.swift */,
				OBJ_190 /* Image.swift */,
				OBJ_191 /* LineBreakMode.swift */,
				OBJ_192 /* Rectangle.swift */,
				OBJ_193 /* Scroll.swift */,
			);
			path = Props;
			sourceTree = "<group>";
		};
		OBJ_169 /* Constraint */ = {
			isa = PBXGroup;
			children = (
				OBJ_170 /* BaselineConstraint.swift */,
				OBJ_171 /* Bottom.swift */,
				OBJ_172 /* CenterX.swift */,
				OBJ_173 /* CenterY.swift */,
				OBJ_174 /* Constrainable.swift */,
				OBJ_175 /* Constraint.swift */,
				OBJ_176 /* FirstBaseline.swift */,
				OBJ_177 /* Height.swift */,
				OBJ_178 /* LastBaseline.swift */,
				OBJ_179 /* Leading.swift */,
				OBJ_180 /* Left.swift */,
				OBJ_181 /* OwnConstraint.swift */,
				OBJ_182 /* Right.swift */,
				OBJ_183 /* Top.swift */,
				OBJ_184 /* Trailing.swift */,
				OBJ_185 /* Width.swift */,
				OBJ_186 /* XAxisConstraint.swift */,
				OBJ_187 /* YAxisConstraint.swift */,
			);
			path = Constraint;
			sourceTree = "<group>";
		};
		OBJ_17 /* Components */ = {
			isa = PBXGroup;
			children = (
				OBJ_18 /* Host */,
				OBJ_38 /* Presenters */,
				OBJ_44 /* Props */,
			);
			path = Components;
			sourceTree = "<group>";
		};
		OBJ_18 /* Host */ = {
			isa = PBXGroup;
			children = (
				OBJ_19 /* Alert.swift */,
				OBJ_20 /* Animated.swift */,
				OBJ_21 /* Button.swift */,
				OBJ_22 /* CollectionView.swift */,
				OBJ_23 /* DatePicker.swift */,
				OBJ_24 /* ImageView.swift */,
				OBJ_25 /* Label.swift */,
				OBJ_26 /* ListView.swift */,
				OBJ_27 /* NavigationController.swift */,
				OBJ_28 /* ScrollView.swift */,
				OBJ_29 /* SegmentedControl.swift */,
				OBJ_30 /* Slider.swift */,
				OBJ_31 /* StackView.swift */,
				OBJ_32 /* Stepper.swift */,
				OBJ_33 /* Switch.swift */,
				OBJ_34 /* TextField.swift */,
				OBJ_35 /* TextView.swift */,
				OBJ_36 /* Throbber.swift */,
				OBJ_37 /* View.swift */,
			);
			path = Host;
			sourceTree = "<group>";
		};
		OBJ_194 /* Protocols */ = {
			isa = PBXGroup;
			children = (
				OBJ_195 /* UIControlComponent.swift */,
				OBJ_196 /* UIHostComponent.swift */,
				OBJ_197 /* UIValueComponent.swift */,
				OBJ_198 /* UIViewComponent.swift */,
			);
			path = Protocols;
			sourceTree = "<group>";
		};
		OBJ_201 /* TokamakLint */ = {
			isa = PBXGroup;
			children = (
				A6EF8790224EAC4400113C9E /* Lint.swift */,
			);
			name = TokamakLint;
			path = Sources/TokamakLint;
			sourceTree = SOURCE_ROOT;
		};
		OBJ_203 /* Tests */ = {
			isa = PBXGroup;
			children = (
				OBJ_204 /* TokamakTests */,
			);
			name = Tests;
			sourceTree = SOURCE_ROOT;
		};
		OBJ_204 /* TokamakTests */ = {
			isa = PBXGroup;
			children = (
				OBJ_205 /* ColorTests.swift */,
				OBJ_206 /* ConstraintTests.swift */,
				OBJ_207 /* HooksTests.swift */,
				OBJ_208 /* ReconcilerTests.swift */,
				OBJ_209 /* XCTestManifests.swift */,
			);
			name = TokamakTests;
			path = Tests/TokamakTests;
			sourceTree = SOURCE_ROOT;
		};
		OBJ_212 /* Dependencies */ = {
			isa = PBXGroup;
			children = (
			);
			name = Dependencies;
			sourceTree = "<group>";
		};
		OBJ_213 /* Products */ = {
			isa = PBXGroup;
			children = (
				"Tokamak::TokamakAppKit::Product" /* TokamakAppKit.framework */,
				"Tokamak::Tokamak::Product" /* Tokamak.framework */,
				"Tokamak::TokamakUIKit::Product" /* TokamakUIKit.framework */,
				"Tokamak::TokamakDemo::Product" /* TokamakDemo.framework */,
				"Tokamak::TokamakTests::Product" /* TokamakTests.xctest */,
				"Tokamak::TokamakTestRenderer::Product" /* TokamakTestRenderer.framework */,
				"Tokamak::TokamakLint::Product" /* TokamakLint.framework */,
			);
			name = Products;
			sourceTree = BUILT_PRODUCTS_DIR;
		};
		OBJ_38 /* Presenters */ = {
			isa = PBXGroup;
			children = (
				OBJ_39 /* ModalPresenter.swift */,
				OBJ_40 /* NavigationItem.swift */,
				OBJ_41 /* NavigationPresenter.swift */,
				OBJ_42 /* TabItem.swift */,
				OBJ_43 /* TabPresenter.swift */,
			);
			path = Presenters;
			sourceTree = "<group>";
		};
		OBJ_44 /* Props */ = {
			isa = PBXGroup;
			children = (
				OBJ_45 /* Accessibility.swift */,
				OBJ_46 /* Color.swift */,
				OBJ_47 /* Constraint */,
				OBJ_64 /* Event.swift */,
				OBJ_65 /* Image.swift */,
				OBJ_66 /* Insets.swift */,
				OBJ_67 /* LineBreakMode.swift */,
				OBJ_68 /* Rectangle.swift */,
				OBJ_69 /* ScrollOptions.swift */,
				OBJ_70 /* Second.swift */,
				OBJ_71 /* Style.swift */,
				OBJ_72 /* TextAlignment.swift */,
			);
			path = Props;
			sourceTree = "<group>";
		};
		OBJ_47 /* Constraint */ = {
			isa = PBXGroup;
			children = (
				OBJ_48 /* Bottom.swift */,
				OBJ_49 /* Center.swift */,
				OBJ_50 /* CenterX.swift */,
				OBJ_51 /* CenterY.swift */,
				OBJ_52 /* Constraint.swift */,
				OBJ_53 /* Edges.swift */,
				OBJ_54 /* FirstBaseline.swift */,
				OBJ_55 /* Height.swift */,
				OBJ_56 /* LastBaseline.swift */,
				OBJ_57 /* Leading.swift */,
				OBJ_58 /* Left.swift */,
				OBJ_59 /* Right.swift */,
				OBJ_60 /* SizeConstraint.swift */,
				OBJ_61 /* Top.swift */,
				OBJ_62 /* Trailing.swift */,
				OBJ_63 /* Width.swift */,
			);
			path = Constraint;
			sourceTree = "<group>";
		};
		OBJ_5 /*  */ = {
			isa = PBXGroup;
			children = (
				OBJ_6 /* Package.swift */,
				OBJ_7 /* Configs */,
				OBJ_9 /* Sources */,
				OBJ_203 /* Tests */,
				OBJ_210 /* Example */,
				OBJ_211 /* tokamak.dev */,
				OBJ_212 /* Dependencies */,
				OBJ_213 /* Products */,
			);
			name = "";
			sourceTree = "<group>";
		};
		OBJ_7 /* Configs */ = {
			isa = PBXGroup;
			children = (
				OBJ_8 /* Package.xcconfig */,
			);
			name = Configs;
			sourceTree = "<group>";
		};
		OBJ_74 /* Hooks */ = {
			isa = PBXGroup;
			children = (
				OBJ_75 /* Effect.swift */,
				OBJ_76 /* Hooks.swift */,
				OBJ_77 /* Ref.swift */,
				OBJ_78 /* State.swift */,
			);
			path = Hooks;
			sourceTree = "<group>";
		};
		OBJ_79 /* MountedComponents */ = {
			isa = PBXGroup;
			children = (
				OBJ_80 /* MountedComponent.swift */,
				OBJ_81 /* MountedCompositeComponent.swift */,
				OBJ_82 /* MountedHostComponent.swift */,
				OBJ_83 /* MountedNull.swift */,
			);
			path = MountedComponents;
			sourceTree = "<group>";
		};
		OBJ_89 /* TokamakAppKit */ = {
			isa = PBXGroup;
			children = (
				OBJ_90 /* AppKitRenderer.swift */,
				OBJ_91 /* Boxes */,
				OBJ_96 /* Components */,
				OBJ_130 /* TokamakViewController.swift */,
			);
			name = TokamakAppKit;
			path = Sources/TokamakAppKit;
			sourceTree = SOURCE_ROOT;
		};
		OBJ_9 /* Sources */ = {
			isa = PBXGroup;
			children = (
				OBJ_10 /* TokamakTestRenderer */,
				OBJ_13 /* Tokamak */,
				OBJ_89 /* TokamakAppKit */,
				OBJ_131 /* TokamakDemo */,
				OBJ_133 /* TokamakUIKit */,
				OBJ_201 /* TokamakLint */,
			);
			name = Sources;
			sourceTree = SOURCE_ROOT;
		};
		OBJ_91 /* Boxes */ = {
			isa = PBXGroup;
			children = (
				OBJ_92 /* ContainerViewController.swift */,
				OBJ_93 /* ControlBox.swift */,
				OBJ_94 /* ViewBox.swift */,
				OBJ_95 /* ViewControllerBox.swift */,
			);
			path = Boxes;
			sourceTree = "<group>";
		};
		OBJ_96 /* Components */ = {
			isa = PBXGroup;
			children = (
				OBJ_97 /* Host */,
				OBJ_102 /* Props */,
				OBJ_126 /* Protocols */,
			);
			path = Components;
			sourceTree = "<group>";
		};
		OBJ_97 /* Host */ = {
			isa = PBXGroup;
			children = (
				OBJ_98 /* Button.swift */,
				OBJ_99 /* Label.swift */,
				OBJ_100 /* StackView.swift */,
				OBJ_101 /* View.swift */,
			);
			path = Host;
			sourceTree = "<group>";
		};
/* End PBXGroup section */

/* Begin PBXNativeTarget section */
		"Tokamak::SwiftPMPackageDescription" /* TokamakPackageDescription */ = {
			isa = PBXNativeTarget;
			buildConfigurationList = OBJ_355 /* Build configuration list for PBXNativeTarget "TokamakPackageDescription" */;
			buildPhases = (
				OBJ_358 /* Sources */,
			);
			buildRules = (
			);
			dependencies = (
			);
			name = TokamakPackageDescription;
			productName = TokamakPackageDescription;
			productType = "com.apple.product-type.framework";
		};
		"Tokamak::Tokamak" /* Tokamak */ = {
			isa = PBXNativeTarget;
			buildConfigurationList = OBJ_222 /* Build configuration list for PBXNativeTarget "Tokamak" */;
			buildPhases = (
				OBJ_225 /* Sources */,
				OBJ_294 /* Frameworks */,
			);
			buildRules = (
			);
			dependencies = (
			);
			name = Tokamak;
			productName = Tokamak;
			productReference = "Tokamak::Tokamak::Product" /* Tokamak.framework */;
			productType = "com.apple.product-type.framework";
		};
		"Tokamak::TokamakAppKit" /* TokamakAppKit */ = {
			isa = PBXNativeTarget;
			buildConfigurationList = OBJ_296 /* Build configuration list for PBXNativeTarget "TokamakAppKit" */;
			buildPhases = (
				OBJ_299 /* Sources */,
				OBJ_335 /* Frameworks */,
			);
			buildRules = (
			);
			dependencies = (
				OBJ_337 /* PBXTargetDependency */,
			);
			name = TokamakAppKit;
			productName = TokamakAppKit;
			productReference = "Tokamak::TokamakAppKit::Product" /* TokamakAppKit.framework */;
			productType = "com.apple.product-type.framework";
		};
		"Tokamak::TokamakDemo" /* TokamakDemo */ = {
			isa = PBXNativeTarget;
			buildConfigurationList = OBJ_339 /* Build configuration list for PBXNativeTarget "TokamakDemo" */;
			buildPhases = (
				OBJ_342 /* Sources */,
				OBJ_344 /* Frameworks */,
			);
			buildRules = (
			);
			dependencies = (
				OBJ_346 /* PBXTargetDependency */,
			);
			name = TokamakDemo;
			productName = TokamakDemo;
			productReference = "Tokamak::TokamakDemo::Product" /* TokamakDemo.framework */;
			productType = "com.apple.product-type.framework";
		};
		"Tokamak::TokamakLint" /* TokamakLint */ = {
			isa = PBXNativeTarget;
			buildConfigurationList = OBJ_348 /* Build configuration list for PBXNativeTarget "TokamakLint" */;
			buildPhases = (
				OBJ_351 /* Sources */,
				OBJ_353 /* Frameworks */,
			);
			buildRules = (
			);
			dependencies = (
			);
			name = TokamakLint;
			productName = TokamakLint;
			productReference = "Tokamak::TokamakLint::Product" /* TokamakLint.framework */;
			productType = "com.apple.product-type.framework";
		};
		"Tokamak::TokamakTestRenderer" /* TokamakTestRenderer */ = {
			isa = PBXNativeTarget;
			buildConfigurationList = OBJ_367 /* Build configuration list for PBXNativeTarget "TokamakTestRenderer" */;
			buildPhases = (
				OBJ_370 /* Sources */,
				OBJ_373 /* Frameworks */,
			);
			buildRules = (
			);
			dependencies = (
				OBJ_375 /* PBXTargetDependency */,
			);
			name = TokamakTestRenderer;
			productName = TokamakTestRenderer;
			productReference = "Tokamak::TokamakTestRenderer::Product" /* TokamakTestRenderer.framework */;
			productType = "com.apple.product-type.framework";
		};
		"Tokamak::TokamakTests" /* TokamakTests */ = {
			isa = PBXNativeTarget;
			buildConfigurationList = OBJ_376 /* Build configuration list for PBXNativeTarget "TokamakTests" */;
			buildPhases = (
				OBJ_379 /* Sources */,
				OBJ_385 /* Frameworks */,
			);
			buildRules = (
			);
			dependencies = (
				OBJ_388 /* PBXTargetDependency */,
				OBJ_389 /* PBXTargetDependency */,
			);
			name = TokamakTests;
			productName = TokamakTests;
			productReference = "Tokamak::TokamakTests::Product" /* TokamakTests.xctest */;
			productType = "com.apple.product-type.bundle.unit-test";
		};
		"Tokamak::TokamakUIKit" /* TokamakUIKit */ = {
			isa = PBXNativeTarget;
			buildConfigurationList = OBJ_391 /* Build configuration list for PBXNativeTarget "TokamakUIKit" */;
			buildPhases = (
				OBJ_394 /* Sources */,
				OBJ_456 /* Frameworks */,
			);
			buildRules = (
			);
			dependencies = (
				OBJ_458 /* PBXTargetDependency */,
			);
			name = TokamakUIKit;
			productName = TokamakUIKit;
			productReference = "Tokamak::TokamakUIKit::Product" /* TokamakUIKit.framework */;
			productType = "com.apple.product-type.framework";
		};
/* End PBXNativeTarget section */

/* Begin PBXProject section */
		OBJ_1 /* Project object */ = {
			isa = PBXProject;
			attributes = {
				LastUpgradeCheck = 9999;
				TargetAttributes = {
					"Tokamak::TokamakLint" = {
						LastSwiftMigration = 1010;
					};
				};
			};
			buildConfigurationList = OBJ_2 /* Build configuration list for PBXProject "Tokamak" */;
			compatibilityVersion = "Xcode 3.2";
			developmentRegion = English;
			hasScannedForEncodings = 0;
			knownRegions = (
				en,
			);
			mainGroup = OBJ_5 /*  */;
			productRefGroup = OBJ_213 /* Products */;
			projectDirPath = "";
			projectRoot = "";
			targets = (
				"Tokamak::Tokamak" /* Tokamak */,
				"Tokamak::TokamakAppKit" /* TokamakAppKit */,
				"Tokamak::TokamakDemo" /* TokamakDemo */,
				"Tokamak::TokamakLint" /* TokamakLint */,
				"Tokamak::SwiftPMPackageDescription" /* TokamakPackageDescription */,
				"Tokamak::TokamakPackageTests::ProductTarget" /* TokamakPackageTests */,
				"Tokamak::TokamakTestRenderer" /* TokamakTestRenderer */,
				"Tokamak::TokamakTests" /* TokamakTests */,
				"Tokamak::TokamakUIKit" /* TokamakUIKit */,
			);
		};
/* End PBXProject section */

/* Begin PBXSourcesBuildPhase section */
		OBJ_225 /* Sources */ = {
			isa = PBXSourcesBuildPhase;
			buildActionMask = 0;
			files = (
				OBJ_226 /* AnyEquatable.swift in Sources */,
				OBJ_227 /* AnyNode.swift in Sources */,
				OBJ_228 /* Components.swift in Sources */,
				OBJ_229 /* Alert.swift in Sources */,
				OBJ_230 /* Animated.swift in Sources */,
				OBJ_231 /* Button.swift in Sources */,
				OBJ_232 /* CollectionView.swift in Sources */,
				OBJ_233 /* DatePicker.swift in Sources */,
				OBJ_234 /* ImageView.swift in Sources */,
				OBJ_235 /* Label.swift in Sources */,
				OBJ_236 /* ListView.swift in Sources */,
				OBJ_237 /* NavigationController.swift in Sources */,
				OBJ_238 /* ScrollView.swift in Sources */,
				OBJ_239 /* SegmentedControl.swift in Sources */,
				OBJ_240 /* Slider.swift in Sources */,
				OBJ_241 /* StackView.swift in Sources */,
				OBJ_242 /* Stepper.swift in Sources */,
				OBJ_243 /* Switch.swift in Sources */,
				OBJ_244 /* TextField.swift in Sources */,
				OBJ_245 /* TextView.swift in Sources */,
				OBJ_246 /* Throbber.swift in Sources */,
				OBJ_247 /* View.swift in Sources */,
				OBJ_248 /* ModalPresenter.swift in Sources */,
				OBJ_249 /* NavigationItem.swift in Sources */,
				OBJ_250 /* NavigationPresenter.swift in Sources */,
				OBJ_251 /* TabItem.swift in Sources */,
				OBJ_252 /* TabPresenter.swift in Sources */,
				OBJ_253 /* Accessibility.swift in Sources */,
				OBJ_254 /* Color.swift in Sources */,
				OBJ_255 /* Bottom.swift in Sources */,
				OBJ_256 /* Center.swift in Sources */,
				OBJ_257 /* CenterX.swift in Sources */,
				OBJ_258 /* CenterY.swift in Sources */,
				OBJ_259 /* Constraint.swift in Sources */,
				OBJ_260 /* Edges.swift in Sources */,
				OBJ_261 /* FirstBaseline.swift in Sources */,
				OBJ_262 /* Height.swift in Sources */,
				OBJ_263 /* LastBaseline.swift in Sources */,
				OBJ_264 /* Leading.swift in Sources */,
				OBJ_265 /* Left.swift in Sources */,
				OBJ_266 /* Right.swift in Sources */,
				OBJ_267 /* SizeConstraint.swift in Sources */,
				OBJ_268 /* Top.swift in Sources */,
				OBJ_269 /* Trailing.swift in Sources */,
				OBJ_270 /* Width.swift in Sources */,
				OBJ_271 /* Event.swift in Sources */,
				OBJ_272 /* Image.swift in Sources */,
				OBJ_273 /* Insets.swift in Sources */,
				OBJ_274 /* LineBreakMode.swift in Sources */,
				OBJ_275 /* Rectangle.swift in Sources */,
				OBJ_276 /* ScrollOptions.swift in Sources */,
				OBJ_277 /* Second.swift in Sources */,
				OBJ_278 /* Style.swift in Sources */,
				OBJ_279 /* TextAlignment.swift in Sources */,
				OBJ_280 /* Default.swift in Sources */,
				OBJ_281 /* Effect.swift in Sources */,
				OBJ_282 /* Hooks.swift in Sources */,
				OBJ_283 /* Ref.swift in Sources */,
				OBJ_284 /* State.swift in Sources */,
				OBJ_285 /* MountedComponent.swift in Sources */,
				OBJ_286 /* MountedCompositeComponent.swift in Sources */,
				OBJ_287 /* MountedHostComponent.swift in Sources */,
				OBJ_288 /* MountedNull.swift in Sources */,
				OBJ_289 /* Null.swift in Sources */,
				OBJ_290 /* Renderer.swift in Sources */,
				OBJ_291 /* StackReconciler.swift in Sources */,
				OBJ_292 /* Target.swift in Sources */,
				OBJ_293 /* Unique.swift in Sources */,
			);
			runOnlyForDeploymentPostprocessing = 0;
		};
		OBJ_299 /* Sources */ = {
			isa = PBXSourcesBuildPhase;
			buildActionMask = 0;
			files = (
				OBJ_300 /* AppKitRenderer.swift in Sources */,
				OBJ_301 /* ContainerViewController.swift in Sources */,
				OBJ_302 /* ControlBox.swift in Sources */,
				OBJ_303 /* ViewBox.swift in Sources */,
				OBJ_304 /* ViewControllerBox.swift in Sources */,
				OBJ_305 /* Button.swift in Sources */,
				OBJ_306 /* Label.swift in Sources */,
				OBJ_307 /* StackView.swift in Sources */,
				OBJ_308 /* View.swift in Sources */,
				OBJ_309 /* Color.swift in Sources */,
				OBJ_310 /* BaselineConstraint.swift in Sources */,
				OBJ_311 /* Bottom.swift in Sources */,
				OBJ_312 /* CenterX.swift in Sources */,
				OBJ_313 /* CenterY.swift in Sources */,
				OBJ_314 /* Constrainable.swift in Sources */,
				OBJ_315 /* Constraint.swift in Sources */,
				OBJ_316 /* FirstBaseline.swift in Sources */,
				OBJ_317 /* Height.swift in Sources */,
				OBJ_318 /* LastBaseline.swift in Sources */,
				OBJ_319 /* Leading.swift in Sources */,
				OBJ_320 /* Left.swift in Sources */,
				OBJ_321 /* OwnConstraint.swift in Sources */,
				OBJ_322 /* Right.swift in Sources */,
				OBJ_323 /* Top.swift in Sources */,
				OBJ_324 /* Trailing.swift in Sources */,
				OBJ_325 /* Width.swift in Sources */,
				OBJ_326 /* XAxisConstraint.swift in Sources */,
				OBJ_327 /* YAxisConstraint.swift in Sources */,
				OBJ_328 /* Event.swift in Sources */,
				OBJ_329 /* LineBreakMode.swift in Sources */,
				OBJ_330 /* Rectangle.swift in Sources */,
				OBJ_331 /* NSControlComponent.swift in Sources */,
				OBJ_332 /* NSHostComponent.swift in Sources */,
				OBJ_333 /* NSViewComponent.swift in Sources */,
				OBJ_334 /* TokamakViewController.swift in Sources */,
			);
			runOnlyForDeploymentPostprocessing = 0;
		};
		OBJ_342 /* Sources */ = {
			isa = PBXSourcesBuildPhase;
			buildActionMask = 0;
			files = (
				OBJ_343 /* Counter.swift in Sources */,
			);
			runOnlyForDeploymentPostprocessing = 0;
		};
		OBJ_351 /* Sources */ = {
			isa = PBXSourcesBuildPhase;
			buildActionMask = 0;
			files = (
				A6EF8791224EAC4400113C9E /* Lint.swift in Sources */,
			);
			runOnlyForDeploymentPostprocessing = 0;
		};
		OBJ_358 /* Sources */ = {
			isa = PBXSourcesBuildPhase;
			buildActionMask = 0;
			files = (
				OBJ_359 /* Package.swift in Sources */,
			);
			runOnlyForDeploymentPostprocessing = 0;
		};
		OBJ_370 /* Sources */ = {
			isa = PBXSourcesBuildPhase;
			buildActionMask = 0;
			files = (
				OBJ_371 /* TestRenderer.swift in Sources */,
				OBJ_372 /* TestView.swift in Sources */,
			);
			runOnlyForDeploymentPostprocessing = 0;
		};
		OBJ_379 /* Sources */ = {
			isa = PBXSourcesBuildPhase;
			buildActionMask = 0;
			files = (
				OBJ_380 /* ColorTests.swift in Sources */,
				OBJ_381 /* ConstraintTests.swift in Sources */,
				OBJ_382 /* HooksTests.swift in Sources */,
				OBJ_383 /* ReconcilerTests.swift in Sources */,
				OBJ_384 /* XCTestManifests.swift in Sources */,
			);
			runOnlyForDeploymentPostprocessing = 0;
		};
		OBJ_394 /* Sources */ = {
			isa = PBXSourcesBuildPhase;
			buildActionMask = 0;
			files = (
				OBJ_395 /* CollectionViewBox.swift in Sources */,
				OBJ_396 /* ContainerViewController.swift in Sources */,
				OBJ_397 /* ControlBox.swift in Sources */,
				OBJ_398 /* TabBarControllerBox.swift in Sources */,
				OBJ_399 /* TableViewBox.swift in Sources */,
				OBJ_400 /* TextViewBox.swift in Sources */,
				OBJ_401 /* ValueControlBox.swift in Sources */,
				OBJ_402 /* ViewBox.swift in Sources */,
				OBJ_403 /* ViewControllerBox.swift in Sources */,
				OBJ_404 /* Button.swift in Sources */,
				OBJ_405 /* CollectionView.swift in Sources */,
				OBJ_406 /* DatePicker.swift in Sources */,
				OBJ_407 /* ImageView.swift in Sources */,
				OBJ_408 /* Label.swift in Sources */,
				OBJ_409 /* ListView.swift in Sources */,
				OBJ_410 /* ModalPresenter.swift in Sources */,
				OBJ_411 /* NavigationController.swift in Sources */,
				OBJ_412 /* NavigationItem.swift in Sources */,
				OBJ_413 /* ScrollView.swift in Sources */,
				OBJ_414 /* SegmentedControl.swift in Sources */,
				OBJ_415 /* Slider.swift in Sources */,
				OBJ_416 /* StackView.swift in Sources */,
				OBJ_417 /* Stepper.swift in Sources */,
				OBJ_418 /* Switch.swift in Sources */,
				OBJ_419 /* TabItem.swift in Sources */,
				OBJ_420 /* TabPresenter.swift in Sources */,
				OBJ_421 /* TextField.swift in Sources */,
				OBJ_422 /* TextView.swift in Sources */,
				OBJ_423 /* Throbber.swift in Sources */,
				OBJ_424 /* View.swift in Sources */,
				OBJ_425 /* Color.swift in Sources */,
				OBJ_426 /* BaselineConstraint.swift in Sources */,
				OBJ_427 /* Bottom.swift in Sources */,
				OBJ_428 /* CenterX.swift in Sources */,
				OBJ_429 /* CenterY.swift in Sources */,
				OBJ_430 /* Constrainable.swift in Sources */,
				OBJ_431 /* Constraint.swift in Sources */,
				OBJ_432 /* FirstBaseline.swift in Sources */,
				OBJ_433 /* Height.swift in Sources */,
				OBJ_434 /* LastBaseline.swift in Sources */,
				OBJ_435 /* Leading.swift in Sources */,
				OBJ_436 /* Left.swift in Sources */,
				OBJ_437 /* OwnConstraint.swift in Sources */,
				OBJ_438 /* Right.swift in Sources */,
				OBJ_439 /* Top.swift in Sources */,
				OBJ_440 /* Trailing.swift in Sources */,
				OBJ_441 /* Width.swift in Sources */,
				OBJ_442 /* XAxisConstraint.swift in Sources */,
				OBJ_443 /* YAxisConstraint.swift in Sources */,
				OBJ_444 /* ContentMode.swift in Sources */,
				OBJ_445 /* Event.swift in Sources */,
				OBJ_446 /* Image.swift in Sources */,
				OBJ_447 /* LineBreakMode.swift in Sources */,
				OBJ_448 /* Rectangle.swift in Sources */,
				OBJ_449 /* Scroll.swift in Sources */,
				OBJ_450 /* UIControlComponent.swift in Sources */,
				OBJ_451 /* UIHostComponent.swift in Sources */,
				OBJ_452 /* UIValueComponent.swift in Sources */,
				OBJ_453 /* UIViewComponent.swift in Sources */,
				OBJ_454 /* TokamakViewController.swift in Sources */,
				OBJ_455 /* UIKitRenderer.swift in Sources */,
			);
			runOnlyForDeploymentPostprocessing = 0;
		};
/* End PBXSourcesBuildPhase section */

/* Begin PBXTargetDependency section */
		OBJ_337 /* PBXTargetDependency */ = {
			isa = PBXTargetDependency;
			target = "Tokamak::Tokamak" /* Tokamak */;
			targetProxy = A6EF878C224EAC2C00113C9E /* PBXContainerItemProxy */;
		};
		OBJ_346 /* PBXTargetDependency */ = {
			isa = PBXTargetDependency;
			target = "Tokamak::Tokamak" /* Tokamak */;
			targetProxy = A6EF878B224EAC2C00113C9E /* PBXContainerItemProxy */;
		};
		OBJ_364 /* PBXTargetDependency */ = {
			isa = PBXTargetDependency;
			target = "Tokamak::TokamakTests" /* TokamakTests */;
			targetProxy = A6EF878F224EAC2C00113C9E /* PBXContainerItemProxy */;
		};
		OBJ_375 /* PBXTargetDependency */ = {
			isa = PBXTargetDependency;
			target = "Tokamak::Tokamak" /* Tokamak */;
			targetProxy = A6EF878A224EAC2C00113C9E /* PBXContainerItemProxy */;
		};
		OBJ_388 /* PBXTargetDependency */ = {
			isa = PBXTargetDependency;
			target = "Tokamak::TokamakTestRenderer" /* TokamakTestRenderer */;
			targetProxy = A6EF878D224EAC2C00113C9E /* PBXContainerItemProxy */;
		};
		OBJ_389 /* PBXTargetDependency */ = {
			isa = PBXTargetDependency;
			target = "Tokamak::Tokamak" /* Tokamak */;
			targetProxy = A6EF878E224EAC2C00113C9E /* PBXContainerItemProxy */;
		};
		OBJ_458 /* PBXTargetDependency */ = {
			isa = PBXTargetDependency;
			target = "Tokamak::Tokamak" /* Tokamak */;
			targetProxy = A6EF8789224EAC2C00113C9E /* PBXContainerItemProxy */;
		};
/* End PBXTargetDependency section */

/* Begin XCBuildConfiguration section */
		OBJ_223 /* Debug */ = {
			isa = XCBuildConfiguration;
			baseConfigurationReference = OBJ_8 /* Package.xcconfig */;
			buildSettings = {
				ENABLE_TESTABILITY = YES;
				FRAMEWORK_SEARCH_PATHS = (
					"$(inherited)",
					"$(PLATFORM_DIR)/Developer/Library/Frameworks",
				);
				HEADER_SEARCH_PATHS = "$(inherited)";
				INFOPLIST_FILE = Tokamak.xcodeproj/Tokamak_Info.plist;
				LD_RUNPATH_SEARCH_PATHS = "$(inherited) $(TOOLCHAIN_DIR)/usr/lib/swift/macosx";
				OTHER_CFLAGS = "$(inherited)";
				OTHER_LDFLAGS = "$(inherited)";
				OTHER_SWIFT_FLAGS = "$(inherited)";
				PRODUCT_BUNDLE_IDENTIFIER = Tokamak;
				PRODUCT_MODULE_NAME = "$(TARGET_NAME:c99extidentifier)";
				PRODUCT_NAME = "$(TARGET_NAME:c99extidentifier)";
				SKIP_INSTALL = YES;
				SWIFT_ACTIVE_COMPILATION_CONDITIONS = "$(inherited)";
				SWIFT_VERSION = 4.2;
				TARGET_NAME = Tokamak;
			};
			name = Debug;
		};
		OBJ_224 /* Release */ = {
			isa = XCBuildConfiguration;
			baseConfigurationReference = OBJ_8 /* Package.xcconfig */;
			buildSettings = {
				ENABLE_TESTABILITY = YES;
				FRAMEWORK_SEARCH_PATHS = (
					"$(inherited)",
					"$(PLATFORM_DIR)/Developer/Library/Frameworks",
				);
				HEADER_SEARCH_PATHS = "$(inherited)";
				INFOPLIST_FILE = Tokamak.xcodeproj/Tokamak_Info.plist;
				LD_RUNPATH_SEARCH_PATHS = "$(inherited) $(TOOLCHAIN_DIR)/usr/lib/swift/macosx";
				OTHER_CFLAGS = "$(inherited)";
				OTHER_LDFLAGS = "$(inherited)";
				OTHER_SWIFT_FLAGS = "$(inherited)";
				PRODUCT_BUNDLE_IDENTIFIER = Tokamak;
				PRODUCT_MODULE_NAME = "$(TARGET_NAME:c99extidentifier)";
				PRODUCT_NAME = "$(TARGET_NAME:c99extidentifier)";
				SKIP_INSTALL = YES;
				SWIFT_ACTIVE_COMPILATION_CONDITIONS = "$(inherited)";
				SWIFT_VERSION = 4.2;
				TARGET_NAME = Tokamak;
			};
			name = Release;
		};
		OBJ_297 /* Debug */ = {
			isa = XCBuildConfiguration;
			baseConfigurationReference = OBJ_8 /* Package.xcconfig */;
			buildSettings = {
				ENABLE_TESTABILITY = YES;
				FRAMEWORK_SEARCH_PATHS = (
					"$(inherited)",
					"$(PLATFORM_DIR)/Developer/Library/Frameworks",
				);
				HEADER_SEARCH_PATHS = "$(inherited)";
				INFOPLIST_FILE = Tokamak.xcodeproj/TokamakAppKit_Info.plist;
				LD_RUNPATH_SEARCH_PATHS = "$(inherited) $(TOOLCHAIN_DIR)/usr/lib/swift/macosx";
				OTHER_CFLAGS = "$(inherited)";
				OTHER_LDFLAGS = "$(inherited)";
				OTHER_SWIFT_FLAGS = "$(inherited)";
				PRODUCT_BUNDLE_IDENTIFIER = TokamakAppKit;
				PRODUCT_MODULE_NAME = "$(TARGET_NAME:c99extidentifier)";
				PRODUCT_NAME = "$(TARGET_NAME:c99extidentifier)";
				SKIP_INSTALL = YES;
				SWIFT_ACTIVE_COMPILATION_CONDITIONS = "$(inherited)";
				SWIFT_VERSION = 4.2;
				TARGET_NAME = TokamakAppKit;
			};
			name = Debug;
		};
		OBJ_298 /* Release */ = {
			isa = XCBuildConfiguration;
			baseConfigurationReference = OBJ_8 /* Package.xcconfig */;
			buildSettings = {
				ENABLE_TESTABILITY = YES;
				FRAMEWORK_SEARCH_PATHS = (
					"$(inherited)",
					"$(PLATFORM_DIR)/Developer/Library/Frameworks",
				);
				HEADER_SEARCH_PATHS = "$(inherited)";
				INFOPLIST_FILE = Tokamak.xcodeproj/TokamakAppKit_Info.plist;
				LD_RUNPATH_SEARCH_PATHS = "$(inherited) $(TOOLCHAIN_DIR)/usr/lib/swift/macosx";
				OTHER_CFLAGS = "$(inherited)";
				OTHER_LDFLAGS = "$(inherited)";
				OTHER_SWIFT_FLAGS = "$(inherited)";
				PRODUCT_BUNDLE_IDENTIFIER = TokamakAppKit;
				PRODUCT_MODULE_NAME = "$(TARGET_NAME:c99extidentifier)";
				PRODUCT_NAME = "$(TARGET_NAME:c99extidentifier)";
				SKIP_INSTALL = YES;
				SWIFT_ACTIVE_COMPILATION_CONDITIONS = "$(inherited)";
				SWIFT_VERSION = 4.2;
				TARGET_NAME = TokamakAppKit;
			};
			name = Release;
		};
		OBJ_3 /* Debug */ = {
			isa = XCBuildConfiguration;
			buildSettings = {
				CLANG_ENABLE_OBJC_ARC = YES;
				COMBINE_HIDPI_IMAGES = YES;
				COPY_PHASE_STRIP = NO;
				DEBUG_INFORMATION_FORMAT = dwarf;
				DYLIB_INSTALL_NAME_BASE = "@rpath";
				ENABLE_NS_ASSERTIONS = YES;
				GCC_OPTIMIZATION_LEVEL = 0;
				GCC_PREPROCESSOR_DEFINITIONS = (
					"DEBUG=1",
					"$(inherited)",
				);
				MACOSX_DEPLOYMENT_TARGET = 10.10;
				ONLY_ACTIVE_ARCH = YES;
				OTHER_SWIFT_FLAGS = "-DXcode";
				PRODUCT_NAME = "$(TARGET_NAME)";
				SDKROOT = macosx;
				SUPPORTED_PLATFORMS = "macosx iphoneos iphonesimulator appletvos appletvsimulator watchos watchsimulator";
				SWIFT_ACTIVE_COMPILATION_CONDITIONS = "SWIFT_PACKAGE DEBUG";
				SWIFT_OPTIMIZATION_LEVEL = "-Onone";
				USE_HEADERMAP = NO;
			};
			name = Debug;
		};
		OBJ_340 /* Debug */ = {
			isa = XCBuildConfiguration;
			baseConfigurationReference = OBJ_8 /* Package.xcconfig */;
			buildSettings = {
				ENABLE_TESTABILITY = YES;
				FRAMEWORK_SEARCH_PATHS = (
					"$(inherited)",
					"$(PLATFORM_DIR)/Developer/Library/Frameworks",
				);
				HEADER_SEARCH_PATHS = "$(inherited)";
				INFOPLIST_FILE = Tokamak.xcodeproj/TokamakDemo_Info.plist;
				LD_RUNPATH_SEARCH_PATHS = "$(inherited) $(TOOLCHAIN_DIR)/usr/lib/swift/macosx";
				OTHER_CFLAGS = "$(inherited)";
				OTHER_LDFLAGS = "$(inherited)";
				OTHER_SWIFT_FLAGS = "$(inherited)";
				PRODUCT_BUNDLE_IDENTIFIER = TokamakDemo;
				PRODUCT_MODULE_NAME = "$(TARGET_NAME:c99extidentifier)";
				PRODUCT_NAME = "$(TARGET_NAME:c99extidentifier)";
				SKIP_INSTALL = YES;
				SWIFT_ACTIVE_COMPILATION_CONDITIONS = "$(inherited)";
				SWIFT_VERSION = 4.2;
				TARGET_NAME = TokamakDemo;
			};
			name = Debug;
		};
		OBJ_341 /* Release */ = {
			isa = XCBuildConfiguration;
			baseConfigurationReference = OBJ_8 /* Package.xcconfig */;
			buildSettings = {
				ENABLE_TESTABILITY = YES;
				FRAMEWORK_SEARCH_PATHS = (
					"$(inherited)",
					"$(PLATFORM_DIR)/Developer/Library/Frameworks",
				);
				HEADER_SEARCH_PATHS = "$(inherited)";
				INFOPLIST_FILE = Tokamak.xcodeproj/TokamakDemo_Info.plist;
				LD_RUNPATH_SEARCH_PATHS = "$(inherited) $(TOOLCHAIN_DIR)/usr/lib/swift/macosx";
				OTHER_CFLAGS = "$(inherited)";
				OTHER_LDFLAGS = "$(inherited)";
				OTHER_SWIFT_FLAGS = "$(inherited)";
				PRODUCT_BUNDLE_IDENTIFIER = TokamakDemo;
				PRODUCT_MODULE_NAME = "$(TARGET_NAME:c99extidentifier)";
				PRODUCT_NAME = "$(TARGET_NAME:c99extidentifier)";
				SKIP_INSTALL = YES;
				SWIFT_ACTIVE_COMPILATION_CONDITIONS = "$(inherited)";
				SWIFT_VERSION = 4.2;
				TARGET_NAME = TokamakDemo;
			};
			name = Release;
		};
		OBJ_349 /* Debug */ = {
			isa = XCBuildConfiguration;
			baseConfigurationReference = OBJ_8 /* Package.xcconfig */;
			buildSettings = {
				CLANG_ENABLE_MODULES = YES;
				DEFINES_MODULE = YES;
				ENABLE_TESTABILITY = YES;
				FRAMEWORK_SEARCH_PATHS = (
					"$(inherited)",
					"$(PLATFORM_DIR)/Developer/Library/Frameworks",
				);
				HEADER_SEARCH_PATHS = "$(inherited)";
				INFOPLIST_FILE = Tokamak.xcodeproj/TokamakLint_Info.plist;
				LD_RUNPATH_SEARCH_PATHS = "$(inherited) $(TOOLCHAIN_DIR)/usr/lib/swift/macosx";
				OTHER_CFLAGS = "$(inherited)";
				OTHER_LDFLAGS = "$(inherited)";
				OTHER_SWIFT_FLAGS = "$(inherited)";
				PRODUCT_BUNDLE_IDENTIFIER = TokamakLint;
				PRODUCT_MODULE_NAME = "$(TARGET_NAME:c99extidentifier)";
				PRODUCT_NAME = "$(TARGET_NAME:c99extidentifier)";
				SKIP_INSTALL = YES;
				SWIFT_ACTIVE_COMPILATION_CONDITIONS = "$(inherited)";
				SWIFT_OPTIMIZATION_LEVEL = "-Onone";
				SWIFT_VERSION = 4.2;
				TARGET_NAME = TokamakLint;
			};
			name = Debug;
		};
		OBJ_350 /* Release */ = {
			isa = XCBuildConfiguration;
			baseConfigurationReference = OBJ_8 /* Package.xcconfig */;
			buildSettings = {
				CLANG_ENABLE_MODULES = YES;
				DEFINES_MODULE = YES;
				ENABLE_TESTABILITY = YES;
				FRAMEWORK_SEARCH_PATHS = (
					"$(inherited)",
					"$(PLATFORM_DIR)/Developer/Library/Frameworks",
				);
				HEADER_SEARCH_PATHS = "$(inherited)";
				INFOPLIST_FILE = Tokamak.xcodeproj/TokamakLint_Info.plist;
				LD_RUNPATH_SEARCH_PATHS = "$(inherited) $(TOOLCHAIN_DIR)/usr/lib/swift/macosx";
				OTHER_CFLAGS = "$(inherited)";
				OTHER_LDFLAGS = "$(inherited)";
				OTHER_SWIFT_FLAGS = "$(inherited)";
				PRODUCT_BUNDLE_IDENTIFIER = TokamakLint;
				PRODUCT_MODULE_NAME = "$(TARGET_NAME:c99extidentifier)";
				PRODUCT_NAME = "$(TARGET_NAME:c99extidentifier)";
				SKIP_INSTALL = YES;
				SWIFT_ACTIVE_COMPILATION_CONDITIONS = "$(inherited)";
				SWIFT_VERSION = 4.2;
				TARGET_NAME = TokamakLint;
			};
			name = Release;
		};
		OBJ_356 /* Debug */ = {
			isa = XCBuildConfiguration;
			buildSettings = {
				LD = /usr/bin/true;
				OTHER_SWIFT_FLAGS = "-swift-version 4.2 -I $(TOOLCHAIN_DIR)/usr/lib/swift/pm/4_2 -target x86_64-apple-macosx10.10 -sdk /Applications/Xcode.app/Contents/Developer/Platforms/MacOSX.platform/Developer/SDKs/MacOSX10.14.sdk";
				SWIFT_VERSION = 4.2;
			};
			name = Debug;
		};
		OBJ_357 /* Release */ = {
			isa = XCBuildConfiguration;
			buildSettings = {
				LD = /usr/bin/true;
				OTHER_SWIFT_FLAGS = "-swift-version 4.2 -I $(TOOLCHAIN_DIR)/usr/lib/swift/pm/4_2 -target x86_64-apple-macosx10.10 -sdk /Applications/Xcode.app/Contents/Developer/Platforms/MacOSX.platform/Developer/SDKs/MacOSX10.14.sdk";
				SWIFT_VERSION = 4.2;
			};
			name = Release;
		};
		OBJ_362 /* Debug */ = {
			isa = XCBuildConfiguration;
			buildSettings = {
			};
			name = Debug;
		};
		OBJ_363 /* Release */ = {
			isa = XCBuildConfiguration;
			buildSettings = {
			};
			name = Release;
		};
		OBJ_368 /* Debug */ = {
			isa = XCBuildConfiguration;
			baseConfigurationReference = OBJ_8 /* Package.xcconfig */;
			buildSettings = {
				ENABLE_TESTABILITY = YES;
				FRAMEWORK_SEARCH_PATHS = (
					"$(inherited)",
					"$(PLATFORM_DIR)/Developer/Library/Frameworks",
				);
				HEADER_SEARCH_PATHS = "$(inherited)";
				INFOPLIST_FILE = Tokamak.xcodeproj/TokamakTestRenderer_Info.plist;
				LD_RUNPATH_SEARCH_PATHS = "$(inherited) $(TOOLCHAIN_DIR)/usr/lib/swift/macosx";
				OTHER_CFLAGS = "$(inherited)";
				OTHER_LDFLAGS = "$(inherited)";
				OTHER_SWIFT_FLAGS = "$(inherited)";
				PRODUCT_BUNDLE_IDENTIFIER = TokamakTestRenderer;
				PRODUCT_MODULE_NAME = "$(TARGET_NAME:c99extidentifier)";
				PRODUCT_NAME = "$(TARGET_NAME:c99extidentifier)";
				SKIP_INSTALL = YES;
				SWIFT_ACTIVE_COMPILATION_CONDITIONS = "$(inherited)";
				SWIFT_VERSION = 4.2;
				TARGET_NAME = TokamakTestRenderer;
			};
			name = Debug;
		};
		OBJ_369 /* Release */ = {
			isa = XCBuildConfiguration;
			baseConfigurationReference = OBJ_8 /* Package.xcconfig */;
			buildSettings = {
				ENABLE_TESTABILITY = YES;
				FRAMEWORK_SEARCH_PATHS = (
					"$(inherited)",
					"$(PLATFORM_DIR)/Developer/Library/Frameworks",
				);
				HEADER_SEARCH_PATHS = "$(inherited)";
				INFOPLIST_FILE = Tokamak.xcodeproj/TokamakTestRenderer_Info.plist;
				LD_RUNPATH_SEARCH_PATHS = "$(inherited) $(TOOLCHAIN_DIR)/usr/lib/swift/macosx";
				OTHER_CFLAGS = "$(inherited)";
				OTHER_LDFLAGS = "$(inherited)";
				OTHER_SWIFT_FLAGS = "$(inherited)";
				PRODUCT_BUNDLE_IDENTIFIER = TokamakTestRenderer;
				PRODUCT_MODULE_NAME = "$(TARGET_NAME:c99extidentifier)";
				PRODUCT_NAME = "$(TARGET_NAME:c99extidentifier)";
				SKIP_INSTALL = YES;
				SWIFT_ACTIVE_COMPILATION_CONDITIONS = "$(inherited)";
				SWIFT_VERSION = 4.2;
				TARGET_NAME = TokamakTestRenderer;
			};
			name = Release;
		};
		OBJ_377 /* Debug */ = {
			isa = XCBuildConfiguration;
			baseConfigurationReference = OBJ_8 /* Package.xcconfig */;
			buildSettings = {
				CLANG_ENABLE_MODULES = YES;
				EMBEDDED_CONTENT_CONTAINS_SWIFT = YES;
				FRAMEWORK_SEARCH_PATHS = (
					"$(inherited)",
					"$(PLATFORM_DIR)/Developer/Library/Frameworks",
				);
				HEADER_SEARCH_PATHS = "$(inherited)";
				INFOPLIST_FILE = Tokamak.xcodeproj/TokamakTests_Info.plist;
				LD_RUNPATH_SEARCH_PATHS = "$(inherited) @loader_path/../Frameworks @loader_path/Frameworks";
				OTHER_CFLAGS = "$(inherited)";
				OTHER_LDFLAGS = "$(inherited)";
				OTHER_SWIFT_FLAGS = "$(inherited)";
				SWIFT_ACTIVE_COMPILATION_CONDITIONS = "$(inherited)";
				SWIFT_VERSION = 4.2;
				TARGET_NAME = TokamakTests;
			};
			name = Debug;
		};
		OBJ_378 /* Release */ = {
			isa = XCBuildConfiguration;
			baseConfigurationReference = OBJ_8 /* Package.xcconfig */;
			buildSettings = {
				CLANG_ENABLE_MODULES = YES;
				EMBEDDED_CONTENT_CONTAINS_SWIFT = YES;
				FRAMEWORK_SEARCH_PATHS = (
					"$(inherited)",
					"$(PLATFORM_DIR)/Developer/Library/Frameworks",
				);
				HEADER_SEARCH_PATHS = "$(inherited)";
				INFOPLIST_FILE = Tokamak.xcodeproj/TokamakTests_Info.plist;
				LD_RUNPATH_SEARCH_PATHS = "$(inherited) @loader_path/../Frameworks @loader_path/Frameworks";
				OTHER_CFLAGS = "$(inherited)";
				OTHER_LDFLAGS = "$(inherited)";
				OTHER_SWIFT_FLAGS = "$(inherited)";
				SWIFT_ACTIVE_COMPILATION_CONDITIONS = "$(inherited)";
				SWIFT_VERSION = 4.2;
				TARGET_NAME = TokamakTests;
			};
			name = Release;
		};
		OBJ_392 /* Debug */ = {
			isa = XCBuildConfiguration;
			baseConfigurationReference = OBJ_8 /* Package.xcconfig */;
			buildSettings = {
				ENABLE_TESTABILITY = YES;
				FRAMEWORK_SEARCH_PATHS = (
					"$(inherited)",
					"$(PLATFORM_DIR)/Developer/Library/Frameworks",
				);
				HEADER_SEARCH_PATHS = "$(inherited)";
				INFOPLIST_FILE = Tokamak.xcodeproj/TokamakUIKit_Info.plist;
				LD_RUNPATH_SEARCH_PATHS = "$(inherited) $(TOOLCHAIN_DIR)/usr/lib/swift/macosx";
				OTHER_CFLAGS = "$(inherited)";
				OTHER_LDFLAGS = "$(inherited)";
				OTHER_SWIFT_FLAGS = "$(inherited)";
				PRODUCT_BUNDLE_IDENTIFIER = TokamakUIKit;
				PRODUCT_MODULE_NAME = "$(TARGET_NAME:c99extidentifier)";
				PRODUCT_NAME = "$(TARGET_NAME:c99extidentifier)";
				SKIP_INSTALL = YES;
				SWIFT_ACTIVE_COMPILATION_CONDITIONS = "$(inherited)";
				SWIFT_VERSION = 4.2;
				TARGET_NAME = TokamakUIKit;
			};
			name = Debug;
		};
		OBJ_393 /* Release */ = {
			isa = XCBuildConfiguration;
			baseConfigurationReference = OBJ_8 /* Package.xcconfig */;
			buildSettings = {
				ENABLE_TESTABILITY = YES;
				FRAMEWORK_SEARCH_PATHS = (
					"$(inherited)",
					"$(PLATFORM_DIR)/Developer/Library/Frameworks",
				);
				HEADER_SEARCH_PATHS = "$(inherited)";
				INFOPLIST_FILE = Tokamak.xcodeproj/TokamakUIKit_Info.plist;
				LD_RUNPATH_SEARCH_PATHS = "$(inherited) $(TOOLCHAIN_DIR)/usr/lib/swift/macosx";
				OTHER_CFLAGS = "$(inherited)";
				OTHER_LDFLAGS = "$(inherited)";
				OTHER_SWIFT_FLAGS = "$(inherited)";
				PRODUCT_BUNDLE_IDENTIFIER = TokamakUIKit;
				PRODUCT_MODULE_NAME = "$(TARGET_NAME:c99extidentifier)";
				PRODUCT_NAME = "$(TARGET_NAME:c99extidentifier)";
				SKIP_INSTALL = YES;
				SWIFT_ACTIVE_COMPILATION_CONDITIONS = "$(inherited)";
				SWIFT_VERSION = 4.2;
				TARGET_NAME = TokamakUIKit;
			};
			name = Release;
		};
		OBJ_4 /* Release */ = {
			isa = XCBuildConfiguration;
			buildSettings = {
				CLANG_ENABLE_OBJC_ARC = YES;
				COMBINE_HIDPI_IMAGES = YES;
				COPY_PHASE_STRIP = YES;
				DEBUG_INFORMATION_FORMAT = "dwarf-with-dsym";
				DYLIB_INSTALL_NAME_BASE = "@rpath";
				GCC_OPTIMIZATION_LEVEL = s;
				MACOSX_DEPLOYMENT_TARGET = 10.10;
				OTHER_SWIFT_FLAGS = "-DXcode";
				PRODUCT_NAME = "$(TARGET_NAME)";
				SDKROOT = macosx;
				SUPPORTED_PLATFORMS = "macosx iphoneos iphonesimulator appletvos appletvsimulator watchos watchsimulator";
				SWIFT_ACTIVE_COMPILATION_CONDITIONS = SWIFT_PACKAGE;
				SWIFT_OPTIMIZATION_LEVEL = "-Owholemodule";
				USE_HEADERMAP = NO;
			};
			name = Release;
		};
/* End XCBuildConfiguration section */

/* Begin XCConfigurationList section */
		OBJ_2 /* Build configuration list for PBXProject "Tokamak" */ = {
			isa = XCConfigurationList;
			buildConfigurations = (
				OBJ_3 /* Debug */,
				OBJ_4 /* Release */,
			);
			defaultConfigurationIsVisible = 0;
			defaultConfigurationName = Release;
		};
		OBJ_222 /* Build configuration list for PBXNativeTarget "Tokamak" */ = {
			isa = XCConfigurationList;
			buildConfigurations = (
				OBJ_223 /* Debug */,
				OBJ_224 /* Release */,
			);
			defaultConfigurationIsVisible = 0;
			defaultConfigurationName = Release;
		};
		OBJ_296 /* Build configuration list for PBXNativeTarget "TokamakAppKit" */ = {
			isa = XCConfigurationList;
			buildConfigurations = (
				OBJ_297 /* Debug */,
				OBJ_298 /* Release */,
			);
			defaultConfigurationIsVisible = 0;
			defaultConfigurationName = Release;
		};
		OBJ_339 /* Build configuration list for PBXNativeTarget "TokamakDemo" */ = {
			isa = XCConfigurationList;
			buildConfigurations = (
				OBJ_340 /* Debug */,
				OBJ_341 /* Release */,
			);
			defaultConfigurationIsVisible = 0;
			defaultConfigurationName = Release;
		};
		OBJ_348 /* Build configuration list for PBXNativeTarget "TokamakLint" */ = {
			isa = XCConfigurationList;
			buildConfigurations = (
				OBJ_349 /* Debug */,
				OBJ_350 /* Release */,
			);
			defaultConfigurationIsVisible = 0;
			defaultConfigurationName = Release;
		};
		OBJ_355 /* Build configuration list for PBXNativeTarget "TokamakPackageDescription" */ = {
			isa = XCConfigurationList;
			buildConfigurations = (
				OBJ_356 /* Debug */,
				OBJ_357 /* Release */,
			);
			defaultConfigurationIsVisible = 0;
			defaultConfigurationName = Release;
		};
		OBJ_361 /* Build configuration list for PBXAggregateTarget "TokamakPackageTests" */ = {
			isa = XCConfigurationList;
			buildConfigurations = (
				OBJ_362 /* Debug */,
				OBJ_363 /* Release */,
			);
			defaultConfigurationIsVisible = 0;
			defaultConfigurationName = Release;
		};
		OBJ_367 /* Build configuration list for PBXNativeTarget "TokamakTestRenderer" */ = {
			isa = XCConfigurationList;
			buildConfigurations = (
				OBJ_368 /* Debug */,
				OBJ_369 /* Release */,
			);
			defaultConfigurationIsVisible = 0;
			defaultConfigurationName = Release;
		};
		OBJ_376 /* Build configuration list for PBXNativeTarget "TokamakTests" */ = {
			isa = XCConfigurationList;
			buildConfigurations = (
				OBJ_377 /* Debug */,
				OBJ_378 /* Release */,
			);
			defaultConfigurationIsVisible = 0;
			defaultConfigurationName = Release;
		};
		OBJ_391 /* Build configuration list for PBXNativeTarget "TokamakUIKit" */ = {
			isa = XCConfigurationList;
			buildConfigurations = (
				OBJ_392 /* Debug */,
				OBJ_393 /* Release */,
			);
			defaultConfigurationIsVisible = 0;
			defaultConfigurationName = Release;
		};
/* End XCConfigurationList section */
	};
	rootObject = OBJ_1 /* Project object */;
}
