// !$*UTF8*$!
{
	archiveVersion = 1;
	classes = {
	};
	objectVersion = 50;
	objects = {

/* Begin PBXBuildFile section */
		85ED186A24AD38F20085DFA0 /* UIAppDelegate.swift in Sources */ = {isa = PBXBuildFile; fileRef = 85ED186924AD38F20085DFA0 /* UIAppDelegate.swift */; };
		85ED188A24AD3CD60085DFA0 /* macOS.storyboard in Resources */ = {isa = PBXBuildFile; fileRef = 85ED188724AD3CC30085DFA0 /* macOS.storyboard */; };
		85ED188C24AD3CF10085DFA0 /* LaunchScreen.storyboard in Resources */ = {isa = PBXBuildFile; fileRef = 85ED188B24AD3CF10085DFA0 /* LaunchScreen.storyboard */; };
		85ED18A924AD425E0085DFA0 /* TokamakDemo.swift in Sources */ = {isa = PBXBuildFile; fileRef = 85ED189D24AD425E0085DFA0 /* TokamakDemo.swift */; };
		85ED18AA24AD425E0085DFA0 /* TokamakDemo.swift in Sources */ = {isa = PBXBuildFile; fileRef = 85ED189D24AD425E0085DFA0 /* TokamakDemo.swift */; };
		85ED18B624AD42D70085DFA0 /* NSAppDelegate.swift in Sources */ = {isa = PBXBuildFile; fileRef = 85ED189424AD41B90085DFA0 /* NSAppDelegate.swift */; };
		D107874E274BD1E5003E787B /* SpacerDemo.swift in Sources */ = {isa = PBXBuildFile; fileRef = D1078726274BD1E5003E787B /* SpacerDemo.swift */; };
		D107874F274BD1E5003E787B /* SpacerDemo.swift in Sources */ = {isa = PBXBuildFile; fileRef = D1078726274BD1E5003E787B /* SpacerDemo.swift */; };
		D1078750274BD1E5003E787B /* GeometryReaderDemo.swift in Sources */ = {isa = PBXBuildFile; fileRef = D1078727274BD1E5003E787B /* GeometryReaderDemo.swift */; };
		D1078751274BD1E5003E787B /* GeometryReaderDemo.swift in Sources */ = {isa = PBXBuildFile; fileRef = D1078727274BD1E5003E787B /* GeometryReaderDemo.swift */; };
		D1078752274BD1E5003E787B /* GridDemo.swift in Sources */ = {isa = PBXBuildFile; fileRef = D1078728274BD1E5003E787B /* GridDemo.swift */; };
		D1078753274BD1E5003E787B /* GridDemo.swift in Sources */ = {isa = PBXBuildFile; fileRef = D1078728274BD1E5003E787B /* GridDemo.swift */; };
		D1078754274BD1E5003E787B /* StackDemo.swift in Sources */ = {isa = PBXBuildFile; fileRef = D1078729274BD1E5003E787B /* StackDemo.swift */; };
		D1078755274BD1E5003E787B /* StackDemo.swift in Sources */ = {isa = PBXBuildFile; fileRef = D1078729274BD1E5003E787B /* StackDemo.swift */; };
		D1078756274BD1E5003E787B /* DatePickerDemo.swift in Sources */ = {isa = PBXBuildFile; fileRef = D107872B274BD1E5003E787B /* DatePickerDemo.swift */; };
		D1078757274BD1E5003E787B /* DatePickerDemo.swift in Sources */ = {isa = PBXBuildFile; fileRef = D107872B274BD1E5003E787B /* DatePickerDemo.swift */; };
		D1078758274BD1E5003E787B /* SliderDemo.swift in Sources */ = {isa = PBXBuildFile; fileRef = D107872C274BD1E5003E787B /* SliderDemo.swift */; };
		D1078759274BD1E5003E787B /* SliderDemo.swift in Sources */ = {isa = PBXBuildFile; fileRef = D107872C274BD1E5003E787B /* SliderDemo.swift */; };
		D107875A274BD1E5003E787B /* PickerDemo.swift in Sources */ = {isa = PBXBuildFile; fileRef = D107872D274BD1E5003E787B /* PickerDemo.swift */; };
		D107875B274BD1E5003E787B /* PickerDemo.swift in Sources */ = {isa = PBXBuildFile; fileRef = D107872D274BD1E5003E787B /* PickerDemo.swift */; };
		D107875C274BD1E5003E787B /* ToggleDemo.swift in Sources */ = {isa = PBXBuildFile; fileRef = D107872E274BD1E5003E787B /* ToggleDemo.swift */; };
		D107875D274BD1E5003E787B /* ToggleDemo.swift in Sources */ = {isa = PBXBuildFile; fileRef = D107872E274BD1E5003E787B /* ToggleDemo.swift */; };
		D107875E274BD1E5003E787B /* OutlineGroupDemo.swift in Sources */ = {isa = PBXBuildFile; fileRef = D1078730274BD1E5003E787B /* OutlineGroupDemo.swift */; };
		D107875F274BD1E5003E787B /* OutlineGroupDemo.swift in Sources */ = {isa = PBXBuildFile; fileRef = D1078730274BD1E5003E787B /* OutlineGroupDemo.swift */; };
		D1078760274BD1E5003E787B /* ForEachDemo.swift in Sources */ = {isa = PBXBuildFile; fileRef = D1078731274BD1E5003E787B /* ForEachDemo.swift */; };
		D1078761274BD1E5003E787B /* ForEachDemo.swift in Sources */ = {isa = PBXBuildFile; fileRef = D1078731274BD1E5003E787B /* ForEachDemo.swift */; };
		D1078762274BD1E5003E787B /* ListDemo.swift in Sources */ = {isa = PBXBuildFile; fileRef = D1078732274BD1E5003E787B /* ListDemo.swift */; };
		D1078763274BD1E5003E787B /* ListDemo.swift in Sources */ = {isa = PBXBuildFile; fileRef = D1078732274BD1E5003E787B /* ListDemo.swift */; };
		D1078764274BD1E5003E787B /* SidebarDemo.swift in Sources */ = {isa = PBXBuildFile; fileRef = D1078733274BD1E5003E787B /* SidebarDemo.swift */; };
		D1078765274BD1E5003E787B /* SidebarDemo.swift in Sources */ = {isa = PBXBuildFile; fileRef = D1078733274BD1E5003E787B /* SidebarDemo.swift */; };
		D1078766274BD1E5003E787B /* TaskDemo.swift in Sources */ = {isa = PBXBuildFile; fileRef = D1078735274BD1E5003E787B /* TaskDemo.swift */; };
		D1078767274BD1E5003E787B /* TaskDemo.swift in Sources */ = {isa = PBXBuildFile; fileRef = D1078735274BD1E5003E787B /* TaskDemo.swift */; };
		D1078768274BD1E5003E787B /* ShadowDemo.swift in Sources */ = {isa = PBXBuildFile; fileRef = D1078736274BD1E5003E787B /* ShadowDemo.swift */; };
		D1078769274BD1E5003E787B /* ShadowDemo.swift in Sources */ = {isa = PBXBuildFile; fileRef = D1078736274BD1E5003E787B /* ShadowDemo.swift */; };
		D107876E274BD1E5003E787B /* PathDemo.swift in Sources */ = {isa = PBXBuildFile; fileRef = D107873B274BD1E5003E787B /* PathDemo.swift */; };
		D107876F274BD1E5003E787B /* PathDemo.swift in Sources */ = {isa = PBXBuildFile; fileRef = D107873B274BD1E5003E787B /* PathDemo.swift */; };
		D1078770274BD1E5003E787B /* CanvasDemo.swift in Sources */ = {isa = PBXBuildFile; fileRef = D107873C274BD1E5003E787B /* CanvasDemo.swift */; };
		D1078771274BD1E5003E787B /* CanvasDemo.swift in Sources */ = {isa = PBXBuildFile; fileRef = D107873C274BD1E5003E787B /* CanvasDemo.swift */; };
		D1078772274BD1E5003E787B /* ColorDemo.swift in Sources */ = {isa = PBXBuildFile; fileRef = D107873D274BD1E5003E787B /* ColorDemo.swift */; };
		D1078773274BD1E5003E787B /* ColorDemo.swift in Sources */ = {isa = PBXBuildFile; fileRef = D107873D274BD1E5003E787B /* ColorDemo.swift */; };
		D1078774274BD1E5003E787B /* ShapeStyleDemo.swift in Sources */ = {isa = PBXBuildFile; fileRef = D107873E274BD1E5003E787B /* ShapeStyleDemo.swift */; };
		D1078775274BD1E5003E787B /* ShapeStyleDemo.swift in Sources */ = {isa = PBXBuildFile; fileRef = D107873E274BD1E5003E787B /* ShapeStyleDemo.swift */; };
		D1078776274BD1E5003E787B /* AnimationDemo.swift in Sources */ = {isa = PBXBuildFile; fileRef = D1078740274BD1E5003E787B /* AnimationDemo.swift */; };
		D1078777274BD1E5003E787B /* AnimationDemo.swift in Sources */ = {isa = PBXBuildFile; fileRef = D1078740274BD1E5003E787B /* AnimationDemo.swift */; };
		D1078778274BD1E5003E787B /* PreferenceKeyDemo.swift in Sources */ = {isa = PBXBuildFile; fileRef = D1078741274BD1E5003E787B /* PreferenceKeyDemo.swift */; };
		D1078779274BD1E5003E787B /* PreferenceKeyDemo.swift in Sources */ = {isa = PBXBuildFile; fileRef = D1078741274BD1E5003E787B /* PreferenceKeyDemo.swift */; };
		D107877A274BD1E5003E787B /* TransitionDemo.swift in Sources */ = {isa = PBXBuildFile; fileRef = D1078742274BD1E5003E787B /* TransitionDemo.swift */; };
		D107877B274BD1E5003E787B /* TransitionDemo.swift in Sources */ = {isa = PBXBuildFile; fileRef = D1078742274BD1E5003E787B /* TransitionDemo.swift */; };
		D107877C274BD1E5003E787B /* ProgressViewDemo.swift in Sources */ = {isa = PBXBuildFile; fileRef = D1078743274BD1E5003E787B /* ProgressViewDemo.swift */; };
		D107877D274BD1E5003E787B /* ProgressViewDemo.swift in Sources */ = {isa = PBXBuildFile; fileRef = D1078743274BD1E5003E787B /* ProgressViewDemo.swift */; };
		D107877E274BD1E5003E787B /* AppStorageDemo.swift in Sources */ = {isa = PBXBuildFile; fileRef = D1078744274BD1E5003E787B /* AppStorageDemo.swift */; };
		D107877F274BD1E5003E787B /* AppStorageDemo.swift in Sources */ = {isa = PBXBuildFile; fileRef = D1078744274BD1E5003E787B /* AppStorageDemo.swift */; };
		D1078780274BD1E5003E787B /* EnvironmentDemo.swift in Sources */ = {isa = PBXBuildFile; fileRef = D1078745274BD1E5003E787B /* EnvironmentDemo.swift */; };
		D1078781274BD1E5003E787B /* EnvironmentDemo.swift in Sources */ = {isa = PBXBuildFile; fileRef = D1078745274BD1E5003E787B /* EnvironmentDemo.swift */; };
		D1078782274BD1E5003E787B /* RedactDemo.swift in Sources */ = {isa = PBXBuildFile; fileRef = D1078746274BD1E5003E787B /* RedactDemo.swift */; };
		D1078783274BD1E5003E787B /* RedactDemo.swift in Sources */ = {isa = PBXBuildFile; fileRef = D1078746274BD1E5003E787B /* RedactDemo.swift */; };
		D1078784274BD1E5003E787B /* TextDemo.swift in Sources */ = {isa = PBXBuildFile; fileRef = D1078748274BD1E5003E787B /* TextDemo.swift */; };
		D1078785274BD1E5003E787B /* TextDemo.swift in Sources */ = {isa = PBXBuildFile; fileRef = D1078748274BD1E5003E787B /* TextDemo.swift */; };
		D1078786274BD1E5003E787B /* TextEditorDemo.swift in Sources */ = {isa = PBXBuildFile; fileRef = D1078749274BD1E5003E787B /* TextEditorDemo.swift */; };
		D1078787274BD1E5003E787B /* TextEditorDemo.swift in Sources */ = {isa = PBXBuildFile; fileRef = D1078749274BD1E5003E787B /* TextEditorDemo.swift */; };
		D1078788274BD1E5003E787B /* TextFieldDemo.swift in Sources */ = {isa = PBXBuildFile; fileRef = D107874A274BD1E5003E787B /* TextFieldDemo.swift */; };
		D1078789274BD1E5003E787B /* TextFieldDemo.swift in Sources */ = {isa = PBXBuildFile; fileRef = D107874A274BD1E5003E787B /* TextFieldDemo.swift */; };
		D107878A274BD1E5003E787B /* Counter.swift in Sources */ = {isa = PBXBuildFile; fileRef = D107874C274BD1E5003E787B /* Counter.swift */; };
		D107878B274BD1E5003E787B /* Counter.swift in Sources */ = {isa = PBXBuildFile; fileRef = D107874C274BD1E5003E787B /* Counter.swift */; };
		D107878C274BD1E5003E787B /* ButtonStyleDemo.swift in Sources */ = {isa = PBXBuildFile; fileRef = D107874D274BD1E5003E787B /* ButtonStyleDemo.swift */; };
		D107878D274BD1E5003E787B /* ButtonStyleDemo.swift in Sources */ = {isa = PBXBuildFile; fileRef = D107874D274BD1E5003E787B /* ButtonStyleDemo.swift */; };
		D1E5FDAD24C1D57000E7485E /* TokamakShim.swift in Sources */ = {isa = PBXBuildFile; fileRef = D1E5FDAC24C1D57000E7485E /* TokamakShim.swift */; };
		D1E5FDAF24C1D58E00E7485E /* libTokamakShim.a in Frameworks */ = {isa = PBXBuildFile; fileRef = D1E5FDA424C1D54B00E7485E /* libTokamakShim.a */; };
		D1E5FDB224C1D59400E7485E /* libTokamakShim.a in Frameworks */ = {isa = PBXBuildFile; fileRef = D1E5FDA424C1D54B00E7485E /* libTokamakShim.a */; };
/* End PBXBuildFile section */

/* Begin PBXContainerItemProxy section */
		D1E5FDB024C1D58E00E7485E /* PBXContainerItemProxy */ = {
			isa = PBXContainerItemProxy;
			containerPortal = 85ED183E24AD37970085DFA0 /* Project object */;
			proxyType = 1;
			remoteGlobalIDString = D1E5FDA324C1D54B00E7485E;
			remoteInfo = TokamakShim;
		};
		D1E5FDB324C1D59400E7485E /* PBXContainerItemProxy */ = {
			isa = PBXContainerItemProxy;
			containerPortal = 85ED183E24AD37970085DFA0 /* Project object */;
			proxyType = 1;
			remoteGlobalIDString = D1E5FDA324C1D54B00E7485E;
			remoteInfo = TokamakShim;
		};
/* End PBXContainerItemProxy section */

/* Begin PBXCopyFilesBuildPhase section */
		D1E5FDA224C1D54B00E7485E /* CopyFiles */ = {
			isa = PBXCopyFilesBuildPhase;
			buildActionMask = 2147483647;
			dstPath = "include/$(PRODUCT_NAME)";
			dstSubfolderSpec = 16;
			files = (
			);
			runOnlyForDeploymentPostprocessing = 0;
		};
/* End PBXCopyFilesBuildPhase section */

/* Begin PBXFileReference section */
		8587DF5524D4B9A40033EF43 /* TokamakDemo Native.entitlements */ = {isa = PBXFileReference; lastKnownFileType = text.plist.entitlements; path = "TokamakDemo Native.entitlements"; sourceTree = "<group>"; };
		85ED184A24AD379A0085DFA0 /* TokamakDemo Native.app */ = {isa = PBXFileReference; explicitFileType = wrapper.application; includeInIndex = 0; path = "TokamakDemo Native.app"; sourceTree = BUILT_PRODUCTS_DIR; };
		85ED185224AD379A0085DFA0 /* TokamakDemo Native.app */ = {isa = PBXFileReference; explicitFileType = wrapper.application; includeInIndex = 0; path = "TokamakDemo Native.app"; sourceTree = BUILT_PRODUCTS_DIR; };
		85ED186924AD38F20085DFA0 /* UIAppDelegate.swift */ = {isa = PBXFileReference; fileEncoding = 4; lastKnownFileType = sourcecode.swift; path = UIAppDelegate.swift; sourceTree = "<group>"; };
		85ED188724AD3CC30085DFA0 /* macOS.storyboard */ = {isa = PBXFileReference; fileEncoding = 4; lastKnownFileType = file.storyboard; path = macOS.storyboard; sourceTree = "<group>"; };
		85ED188B24AD3CF10085DFA0 /* LaunchScreen.storyboard */ = {isa = PBXFileReference; fileEncoding = 4; lastKnownFileType = file.storyboard; path = LaunchScreen.storyboard; sourceTree = "<group>"; };
		85ED189424AD41B90085DFA0 /* NSAppDelegate.swift */ = {isa = PBXFileReference; fileEncoding = 4; lastKnownFileType = sourcecode.swift; path = NSAppDelegate.swift; sourceTree = "<group>"; };
		85ED189D24AD425E0085DFA0 /* TokamakDemo.swift */ = {isa = PBXFileReference; fileEncoding = 4; indentWidth = 2; lastKnownFileType = sourcecode.swift; path = TokamakDemo.swift; sourceTree = "<group>"; tabWidth = 2; };
		85ED18BD24AD46340085DFA0 /* Info.plist */ = {isa = PBXFileReference; fileEncoding = 4; lastKnownFileType = text.plist.xml; path = Info.plist; sourceTree = "<group>"; };
		85ED18BF24AD464B0085DFA0 /* iOS Info.plist */ = {isa = PBXFileReference; fileEncoding = 4; lastKnownFileType = text.plist.xml; path = "iOS Info.plist"; sourceTree = "<group>"; };
		D1078726274BD1E5003E787B /* SpacerDemo.swift */ = {isa = PBXFileReference; fileEncoding = 4; lastKnownFileType = sourcecode.swift; path = SpacerDemo.swift; sourceTree = "<group>"; };
		D1078727274BD1E5003E787B /* GeometryReaderDemo.swift */ = {isa = PBXFileReference; fileEncoding = 4; lastKnownFileType = sourcecode.swift; path = GeometryReaderDemo.swift; sourceTree = "<group>"; };
		D1078728274BD1E5003E787B /* GridDemo.swift */ = {isa = PBXFileReference; fileEncoding = 4; lastKnownFileType = sourcecode.swift; path = GridDemo.swift; sourceTree = "<group>"; };
		D1078729274BD1E5003E787B /* StackDemo.swift */ = {isa = PBXFileReference; fileEncoding = 4; lastKnownFileType = sourcecode.swift; path = StackDemo.swift; sourceTree = "<group>"; };
		D107872B274BD1E5003E787B /* DatePickerDemo.swift */ = {isa = PBXFileReference; fileEncoding = 4; lastKnownFileType = sourcecode.swift; path = DatePickerDemo.swift; sourceTree = "<group>"; };
		D107872C274BD1E5003E787B /* SliderDemo.swift */ = {isa = PBXFileReference; fileEncoding = 4; lastKnownFileType = sourcecode.swift; path = SliderDemo.swift; sourceTree = "<group>"; };
		D107872D274BD1E5003E787B /* PickerDemo.swift */ = {isa = PBXFileReference; fileEncoding = 4; lastKnownFileType = sourcecode.swift; path = PickerDemo.swift; sourceTree = "<group>"; };
		D107872E274BD1E5003E787B /* ToggleDemo.swift */ = {isa = PBXFileReference; fileEncoding = 4; lastKnownFileType = sourcecode.swift; path = ToggleDemo.swift; sourceTree = "<group>"; };
		D1078730274BD1E5003E787B /* OutlineGroupDemo.swift */ = {isa = PBXFileReference; fileEncoding = 4; lastKnownFileType = sourcecode.swift; path = OutlineGroupDemo.swift; sourceTree = "<group>"; };
		D1078731274BD1E5003E787B /* ForEachDemo.swift */ = {isa = PBXFileReference; fileEncoding = 4; lastKnownFileType = sourcecode.swift; path = ForEachDemo.swift; sourceTree = "<group>"; };
		D1078732274BD1E5003E787B /* ListDemo.swift */ = {isa = PBXFileReference; fileEncoding = 4; lastKnownFileType = sourcecode.swift; path = ListDemo.swift; sourceTree = "<group>"; };
		D1078733274BD1E5003E787B /* SidebarDemo.swift */ = {isa = PBXFileReference; fileEncoding = 4; lastKnownFileType = sourcecode.swift; path = SidebarDemo.swift; sourceTree = "<group>"; };
		D1078735274BD1E5003E787B /* TaskDemo.swift */ = {isa = PBXFileReference; fileEncoding = 4; lastKnownFileType = sourcecode.swift; path = TaskDemo.swift; sourceTree = "<group>"; };
		D1078736274BD1E5003E787B /* ShadowDemo.swift */ = {isa = PBXFileReference; fileEncoding = 4; lastKnownFileType = sourcecode.swift; path = ShadowDemo.swift; sourceTree = "<group>"; };
		D107873B274BD1E5003E787B /* PathDemo.swift */ = {isa = PBXFileReference; fileEncoding = 4; lastKnownFileType = sourcecode.swift; path = PathDemo.swift; sourceTree = "<group>"; };
		D107873C274BD1E5003E787B /* CanvasDemo.swift */ = {isa = PBXFileReference; fileEncoding = 4; lastKnownFileType = sourcecode.swift; path = CanvasDemo.swift; sourceTree = "<group>"; };
		D107873D274BD1E5003E787B /* ColorDemo.swift */ = {isa = PBXFileReference; fileEncoding = 4; lastKnownFileType = sourcecode.swift; path = ColorDemo.swift; sourceTree = "<group>"; };
		D107873E274BD1E5003E787B /* ShapeStyleDemo.swift */ = {isa = PBXFileReference; fileEncoding = 4; lastKnownFileType = sourcecode.swift; path = ShapeStyleDemo.swift; sourceTree = "<group>"; };
		D1078740274BD1E5003E787B /* AnimationDemo.swift */ = {isa = PBXFileReference; fileEncoding = 4; lastKnownFileType = sourcecode.swift; path = AnimationDemo.swift; sourceTree = "<group>"; };
		D1078741274BD1E5003E787B /* PreferenceKeyDemo.swift */ = {isa = PBXFileReference; fileEncoding = 4; lastKnownFileType = sourcecode.swift; path = PreferenceKeyDemo.swift; sourceTree = "<group>"; };
		D1078742274BD1E5003E787B /* TransitionDemo.swift */ = {isa = PBXFileReference; fileEncoding = 4; lastKnownFileType = sourcecode.swift; path = TransitionDemo.swift; sourceTree = "<group>"; };
		D1078743274BD1E5003E787B /* ProgressViewDemo.swift */ = {isa = PBXFileReference; fileEncoding = 4; lastKnownFileType = sourcecode.swift; path = ProgressViewDemo.swift; sourceTree = "<group>"; };
		D1078744274BD1E5003E787B /* AppStorageDemo.swift */ = {isa = PBXFileReference; fileEncoding = 4; lastKnownFileType = sourcecode.swift; path = AppStorageDemo.swift; sourceTree = "<group>"; };
		D1078745274BD1E5003E787B /* EnvironmentDemo.swift */ = {isa = PBXFileReference; fileEncoding = 4; lastKnownFileType = sourcecode.swift; path = EnvironmentDemo.swift; sourceTree = "<group>"; };
		D1078746274BD1E5003E787B /* RedactDemo.swift */ = {isa = PBXFileReference; fileEncoding = 4; lastKnownFileType = sourcecode.swift; path = RedactDemo.swift; sourceTree = "<group>"; };
		D1078748274BD1E5003E787B /* TextDemo.swift */ = {isa = PBXFileReference; fileEncoding = 4; lastKnownFileType = sourcecode.swift; path = TextDemo.swift; sourceTree = "<group>"; };
		D1078749274BD1E5003E787B /* TextEditorDemo.swift */ = {isa = PBXFileReference; fileEncoding = 4; lastKnownFileType = sourcecode.swift; path = TextEditorDemo.swift; sourceTree = "<group>"; };
		D107874A274BD1E5003E787B /* TextFieldDemo.swift */ = {isa = PBXFileReference; fileEncoding = 4; lastKnownFileType = sourcecode.swift; path = TextFieldDemo.swift; sourceTree = "<group>"; };
		D107874C274BD1E5003E787B /* Counter.swift */ = {isa = PBXFileReference; fileEncoding = 4; lastKnownFileType = sourcecode.swift; path = Counter.swift; sourceTree = "<group>"; };
		D107874D274BD1E5003E787B /* ButtonStyleDemo.swift */ = {isa = PBXFileReference; fileEncoding = 4; lastKnownFileType = sourcecode.swift; path = ButtonStyleDemo.swift; sourceTree = "<group>"; };
		D1E5FDA424C1D54B00E7485E /* libTokamakShim.a */ = {isa = PBXFileReference; explicitFileType = archive.ar; includeInIndex = 0; path = libTokamakShim.a; sourceTree = BUILT_PRODUCTS_DIR; };
		D1E5FDAC24C1D57000E7485E /* TokamakShim.swift */ = {isa = PBXFileReference; fileEncoding = 4; lastKnownFileType = sourcecode.swift; path = TokamakShim.swift; sourceTree = "<group>"; };
/* End PBXFileReference section */

/* Begin PBXFrameworksBuildPhase section */
		85ED184724AD379A0085DFA0 /* Frameworks */ = {
			isa = PBXFrameworksBuildPhase;
			buildActionMask = 2147483647;
			files = (
				D1E5FDAF24C1D58E00E7485E /* libTokamakShim.a in Frameworks */,
			);
			runOnlyForDeploymentPostprocessing = 0;
		};
		85ED184F24AD379A0085DFA0 /* Frameworks */ = {
			isa = PBXFrameworksBuildPhase;
			buildActionMask = 2147483647;
			files = (
				D1E5FDB224C1D59400E7485E /* libTokamakShim.a in Frameworks */,
			);
			runOnlyForDeploymentPostprocessing = 0;
		};
		D1E5FDA124C1D54B00E7485E /* Frameworks */ = {
			isa = PBXFrameworksBuildPhase;
			buildActionMask = 2147483647;
			files = (
			);
			runOnlyForDeploymentPostprocessing = 0;
		};
/* End PBXFrameworksBuildPhase section */

/* Begin PBXGroup section */
		85ED183D24AD37970085DFA0 = {
			isa = PBXGroup;
			children = (
				8587DF5524D4B9A40033EF43 /* TokamakDemo Native.entitlements */,
				D1E5FDAB24C1D57000E7485E /* TokamakShim */,
				85ED188B24AD3CF10085DFA0 /* LaunchScreen.storyboard */,
				85ED186924AD38F20085DFA0 /* UIAppDelegate.swift */,
				85ED189424AD41B90085DFA0 /* NSAppDelegate.swift */,
				85ED188724AD3CC30085DFA0 /* macOS.storyboard */,
				85ED18BF24AD464B0085DFA0 /* iOS Info.plist */,
				85ED18BD24AD46340085DFA0 /* Info.plist */,
				85ED189924AD425E0085DFA0 /* TokamakDemo */,
				85ED184B24AD379A0085DFA0 /* Products */,
				D1E5FDAE24C1D58E00E7485E /* Frameworks */,
			);
			sourceTree = "<group>";
		};
		85ED184B24AD379A0085DFA0 /* Products */ = {
			isa = PBXGroup;
			children = (
				85ED184A24AD379A0085DFA0 /* TokamakDemo Native.app */,
				85ED185224AD379A0085DFA0 /* TokamakDemo Native.app */,
				D1E5FDA424C1D54B00E7485E /* libTokamakShim.a */,
			);
			name = Products;
			sourceTree = "<group>";
		};
		85ED189924AD425E0085DFA0 /* TokamakDemo */ = {
			isa = PBXGroup;
			children = (
				D107874B274BD1E5003E787B /* Buttons */,
				D107872F274BD1E5003E787B /* Containers */,
				D107873A274BD1E5003E787B /* Drawing */,
				D1078725274BD1E5003E787B /* Layout */,
				D107873F274BD1E5003E787B /* Misc */,
				D1078734274BD1E5003E787B /* Modifiers */,
				D107872A274BD1E5003E787B /* Selectors */,
				D1078747274BD1E5003E787B /* Text */,
				85ED189D24AD425E0085DFA0 /* TokamakDemo.swift */,
			);
			name = TokamakDemo;
			path = ../Sources/TokamakDemo;
			sourceTree = "<group>";
		};
		D1078725274BD1E5003E787B /* Layout */ = {
			isa = PBXGroup;
			children = (
				D1078726274BD1E5003E787B /* SpacerDemo.swift */,
				D1078727274BD1E5003E787B /* GeometryReaderDemo.swift */,
				D1078728274BD1E5003E787B /* GridDemo.swift */,
				D1078729274BD1E5003E787B /* StackDemo.swift */,
			);
			path = Layout;
			sourceTree = "<group>";
		};
		D107872A274BD1E5003E787B /* Selectors */ = {
			isa = PBXGroup;
			children = (
				D107872B274BD1E5003E787B /* DatePickerDemo.swift */,
				D107872C274BD1E5003E787B /* SliderDemo.swift */,
				D107872D274BD1E5003E787B /* PickerDemo.swift */,
				D107872E274BD1E5003E787B /* ToggleDemo.swift */,
			);
			path = Selectors;
			sourceTree = "<group>";
		};
		D107872F274BD1E5003E787B /* Containers */ = {
			isa = PBXGroup;
			children = (
				D1078730274BD1E5003E787B /* OutlineGroupDemo.swift */,
				D1078731274BD1E5003E787B /* ForEachDemo.swift */,
				D1078732274BD1E5003E787B /* ListDemo.swift */,
				D1078733274BD1E5003E787B /* SidebarDemo.swift */,
			);
			path = Containers;
			sourceTree = "<group>";
		};
		D1078734274BD1E5003E787B /* Modifiers */ = {
			isa = PBXGroup;
			children = (
				D1078735274BD1E5003E787B /* TaskDemo.swift */,
				D1078736274BD1E5003E787B /* ShadowDemo.swift */,
			);
			path = Modifiers;
			sourceTree = "<group>";
		};
		D107873A274BD1E5003E787B /* Drawing */ = {
			isa = PBXGroup;
			children = (
				D107873B274BD1E5003E787B /* PathDemo.swift */,
				D107873C274BD1E5003E787B /* CanvasDemo.swift */,
				D107873D274BD1E5003E787B /* ColorDemo.swift */,
				D107873E274BD1E5003E787B /* ShapeStyleDemo.swift */,
			);
			path = Drawing;
			sourceTree = "<group>";
		};
		D107873F274BD1E5003E787B /* Misc */ = {
			isa = PBXGroup;
			children = (
				D1078740274BD1E5003E787B /* AnimationDemo.swift */,
				D1078741274BD1E5003E787B /* PreferenceKeyDemo.swift */,
				D1078742274BD1E5003E787B /* TransitionDemo.swift */,
				D1078743274BD1E5003E787B /* ProgressViewDemo.swift */,
				D1078744274BD1E5003E787B /* AppStorageDemo.swift */,
				D1078745274BD1E5003E787B /* EnvironmentDemo.swift */,
				D1078746274BD1E5003E787B /* RedactDemo.swift */,
			);
			path = Misc;
			sourceTree = "<group>";
		};
		D1078747274BD1E5003E787B /* Text */ = {
			isa = PBXGroup;
			children = (
				D1078748274BD1E5003E787B /* TextDemo.swift */,
				D1078749274BD1E5003E787B /* TextEditorDemo.swift */,
				D107874A274BD1E5003E787B /* TextFieldDemo.swift */,
			);
			path = Text;
			sourceTree = "<group>";
		};
		D107874B274BD1E5003E787B /* Buttons */ = {
			isa = PBXGroup;
			children = (
				D107874C274BD1E5003E787B /* Counter.swift */,
				D107874D274BD1E5003E787B /* ButtonStyleDemo.swift */,
			);
			path = Buttons;
			sourceTree = "<group>";
		};
		D1E5FDAB24C1D57000E7485E /* TokamakShim */ = {
			isa = PBXGroup;
			children = (
				D1E5FDAC24C1D57000E7485E /* TokamakShim.swift */,
			);
			name = TokamakShim;
			path = ../Sources/TokamakShim;
			sourceTree = "<group>";
		};
		D1E5FDAE24C1D58E00E7485E /* Frameworks */ = {
			isa = PBXGroup;
			children = (
			);
			name = Frameworks;
			sourceTree = "<group>";
		};
/* End PBXGroup section */

/* Begin PBXNativeTarget section */
		85ED184924AD379A0085DFA0 /* iOS */ = {
			isa = PBXNativeTarget;
			buildConfigurationList = 85ED185E24AD379B0085DFA0 /* Build configuration list for PBXNativeTarget "iOS" */;
			buildPhases = (
				85ED184624AD379A0085DFA0 /* Sources */,
				85ED184724AD379A0085DFA0 /* Frameworks */,
				85ED184824AD379A0085DFA0 /* Resources */,
			);
			buildRules = (
			);
			dependencies = (
				D1E5FDB124C1D58E00E7485E /* PBXTargetDependency */,
			);
			name = iOS;
			productName = iOS;
			productReference = 85ED184A24AD379A0085DFA0 /* TokamakDemo Native.app */;
			productType = "com.apple.product-type.application";
		};
		85ED185124AD379A0085DFA0 /* macOS */ = {
			isa = PBXNativeTarget;
			buildConfigurationList = 85ED186124AD379B0085DFA0 /* Build configuration list for PBXNativeTarget "macOS" */;
			buildPhases = (
				85ED184E24AD379A0085DFA0 /* Sources */,
				85ED184F24AD379A0085DFA0 /* Frameworks */,
				85ED185024AD379A0085DFA0 /* Resources */,
			);
			buildRules = (
			);
			dependencies = (
				D1E5FDB424C1D59400E7485E /* PBXTargetDependency */,
			);
			name = macOS;
			productName = macOS;
			productReference = 85ED185224AD379A0085DFA0 /* TokamakDemo Native.app */;
			productType = "com.apple.product-type.application";
		};
		D1E5FDA324C1D54B00E7485E /* TokamakShim */ = {
			isa = PBXNativeTarget;
			buildConfigurationList = D1E5FDA824C1D54B00E7485E /* Build configuration list for PBXNativeTarget "TokamakShim" */;
			buildPhases = (
				D1E5FDA024C1D54B00E7485E /* Sources */,
				D1E5FDA124C1D54B00E7485E /* Frameworks */,
				D1E5FDA224C1D54B00E7485E /* CopyFiles */,
			);
			buildRules = (
			);
			dependencies = (
			);
			name = TokamakShim;
			productName = TokamakShim;
			productReference = D1E5FDA424C1D54B00E7485E /* libTokamakShim.a */;
			productType = "com.apple.product-type.library.static";
		};
/* End PBXNativeTarget section */

/* Begin PBXProject section */
		85ED183E24AD37970085DFA0 /* Project object */ = {
			isa = PBXProject;
			attributes = {
				LastSwiftUpdateCheck = 1200;
				LastUpgradeCheck = 1200;
				TargetAttributes = {
					85ED184924AD379A0085DFA0 = {
						CreatedOnToolsVersion = 12.0;
						LastSwiftMigration = 1200;
					};
					85ED185124AD379A0085DFA0 = {
						CreatedOnToolsVersion = 12.0;
						LastSwiftMigration = 1200;
					};
					D1E5FDA324C1D54B00E7485E = {
						CreatedOnToolsVersion = 12.0;
					};
				};
			};
			buildConfigurationList = 85ED184124AD37970085DFA0 /* Build configuration list for PBXProject "TokamakDemo" */;
			compatibilityVersion = "Xcode 9.3";
			developmentRegion = en;
			hasScannedForEncodings = 0;
			knownRegions = (
				en,
				Base,
			);
			mainGroup = 85ED183D24AD37970085DFA0;
			productRefGroup = 85ED184B24AD379A0085DFA0 /* Products */;
			projectDirPath = "";
			projectRoot = "";
			targets = (
				85ED184924AD379A0085DFA0 /* iOS */,
				85ED185124AD379A0085DFA0 /* macOS */,
				D1E5FDA324C1D54B00E7485E /* TokamakShim */,
			);
		};
/* End PBXProject section */

/* Begin PBXResourcesBuildPhase section */
		85ED184824AD379A0085DFA0 /* Resources */ = {
			isa = PBXResourcesBuildPhase;
			buildActionMask = 2147483647;
			files = (
				85ED188C24AD3CF10085DFA0 /* LaunchScreen.storyboard in Resources */,
			);
			runOnlyForDeploymentPostprocessing = 0;
		};
		85ED185024AD379A0085DFA0 /* Resources */ = {
			isa = PBXResourcesBuildPhase;
			buildActionMask = 2147483647;
			files = (
				85ED188A24AD3CD60085DFA0 /* macOS.storyboard in Resources */,
			);
			runOnlyForDeploymentPostprocessing = 0;
		};
/* End PBXResourcesBuildPhase section */

/* Begin PBXSourcesBuildPhase section */
		85ED184624AD379A0085DFA0 /* Sources */ = {
			isa = PBXSourcesBuildPhase;
			buildActionMask = 2147483647;
			files = (
				D107875C274BD1E5003E787B /* ToggleDemo.swift in Sources */,
				D1078784274BD1E5003E787B /* TextDemo.swift in Sources */,
				D107878A274BD1E5003E787B /* Counter.swift in Sources */,
				D1078752274BD1E5003E787B /* GridDemo.swift in Sources */,
				D1078774274BD1E5003E787B /* ShapeStyleDemo.swift in Sources */,
				85ED186A24AD38F20085DFA0 /* UIAppDelegate.swift in Sources */,
				D107875E274BD1E5003E787B /* OutlineGroupDemo.swift in Sources */,
				D1078770274BD1E5003E787B /* CanvasDemo.swift in Sources */,
				85ED18A924AD425E0085DFA0 /* TokamakDemo.swift in Sources */,
				D1078758274BD1E5003E787B /* SliderDemo.swift in Sources */,
				D107877A274BD1E5003E787B /* TransitionDemo.swift in Sources */,
				D1078768274BD1E5003E787B /* ShadowDemo.swift in Sources */,
				D107877E274BD1E5003E787B /* AppStorageDemo.swift in Sources */,
				D1078782274BD1E5003E787B /* RedactDemo.swift in Sources */,
				D1078786274BD1E5003E787B /* TextEditorDemo.swift in Sources */,
				D1078772274BD1E5003E787B /* ColorDemo.swift in Sources */,
				D1078776274BD1E5003E787B /* AnimationDemo.swift in Sources */,
				D1078756274BD1E5003E787B /* DatePickerDemo.swift in Sources */,
				D1078780274BD1E5003E787B /* EnvironmentDemo.swift in Sources */,
				D107876E274BD1E5003E787B /* PathDemo.swift in Sources */,
				D1078764274BD1E5003E787B /* SidebarDemo.swift in Sources */,
				D1078754274BD1E5003E787B /* StackDemo.swift in Sources */,
				D1078778274BD1E5003E787B /* PreferenceKeyDemo.swift in Sources */,
				D107874E274BD1E5003E787B /* SpacerDemo.swift in Sources */,
				D1078766274BD1E5003E787B /* TaskDemo.swift in Sources */,
				D1078760274BD1E5003E787B /* ForEachDemo.swift in Sources */,
				D1078750274BD1E5003E787B /* GeometryReaderDemo.swift in Sources */,
				D107875A274BD1E5003E787B /* PickerDemo.swift in Sources */,
				D1078788274BD1E5003E787B /* TextFieldDemo.swift in Sources */,
				D107878C274BD1E5003E787B /* ButtonStyleDemo.swift in Sources */,
				D1078762274BD1E5003E787B /* ListDemo.swift in Sources */,
				D107877C274BD1E5003E787B /* ProgressViewDemo.swift in Sources */,
			);
			runOnlyForDeploymentPostprocessing = 0;
		};
		85ED184E24AD379A0085DFA0 /* Sources */ = {
			isa = PBXSourcesBuildPhase;
			buildActionMask = 2147483647;
			files = (
				D107875D274BD1E5003E787B /* ToggleDemo.swift in Sources */,
				D1078785274BD1E5003E787B /* TextDemo.swift in Sources */,
				D107878B274BD1E5003E787B /* Counter.swift in Sources */,
				D1078753274BD1E5003E787B /* GridDemo.swift in Sources */,
				D1078775274BD1E5003E787B /* ShapeStyleDemo.swift in Sources */,
				85ED18AA24AD425E0085DFA0 /* TokamakDemo.swift in Sources */,
				D107875F274BD1E5003E787B /* OutlineGroupDemo.swift in Sources */,
				D1078771274BD1E5003E787B /* CanvasDemo.swift in Sources */,
				85ED18B624AD42D70085DFA0 /* NSAppDelegate.swift in Sources */,
				D1078759274BD1E5003E787B /* SliderDemo.swift in Sources */,
				D107877B274BD1E5003E787B /* TransitionDemo.swift in Sources */,
				D1078769274BD1E5003E787B /* ShadowDemo.swift in Sources */,
				D107877F274BD1E5003E787B /* AppStorageDemo.swift in Sources */,
				D1078783274BD1E5003E787B /* RedactDemo.swift in Sources */,
				D1078787274BD1E5003E787B /* TextEditorDemo.swift in Sources */,
				D1078773274BD1E5003E787B /* ColorDemo.swift in Sources */,
				D1078777274BD1E5003E787B /* AnimationDemo.swift in Sources */,
				D1078757274BD1E5003E787B /* DatePickerDemo.swift in Sources */,
				D1078781274BD1E5003E787B /* EnvironmentDemo.swift in Sources */,
				D107876F274BD1E5003E787B /* PathDemo.swift in Sources */,
				D1078765274BD1E5003E787B /* SidebarDemo.swift in Sources */,
				D1078755274BD1E5003E787B /* StackDemo.swift in Sources */,
				D1078779274BD1E5003E787B /* PreferenceKeyDemo.swift in Sources */,
				D107874F274BD1E5003E787B /* SpacerDemo.swift in Sources */,
				D1078767274BD1E5003E787B /* TaskDemo.swift in Sources */,
				D1078761274BD1E5003E787B /* ForEachDemo.swift in Sources */,
				D1078751274BD1E5003E787B /* GeometryReaderDemo.swift in Sources */,
				D107875B274BD1E5003E787B /* PickerDemo.swift in Sources */,
				D1078789274BD1E5003E787B /* TextFieldDemo.swift in Sources */,
				D107878D274BD1E5003E787B /* ButtonStyleDemo.swift in Sources */,
				D1078763274BD1E5003E787B /* ListDemo.swift in Sources */,
				D107877D274BD1E5003E787B /* ProgressViewDemo.swift in Sources */,
			);
			runOnlyForDeploymentPostprocessing = 0;
		};
		D1E5FDA024C1D54B00E7485E /* Sources */ = {
			isa = PBXSourcesBuildPhase;
			buildActionMask = 2147483647;
			files = (
				D1E5FDAD24C1D57000E7485E /* TokamakShim.swift in Sources */,
			);
			runOnlyForDeploymentPostprocessing = 0;
		};
/* End PBXSourcesBuildPhase section */

/* Begin PBXTargetDependency section */
		D1E5FDB124C1D58E00E7485E /* PBXTargetDependency */ = {
			isa = PBXTargetDependency;
			target = D1E5FDA324C1D54B00E7485E /* TokamakShim */;
			targetProxy = D1E5FDB024C1D58E00E7485E /* PBXContainerItemProxy */;
		};
		D1E5FDB424C1D59400E7485E /* PBXTargetDependency */ = {
			isa = PBXTargetDependency;
			target = D1E5FDA324C1D54B00E7485E /* TokamakShim */;
			targetProxy = D1E5FDB324C1D59400E7485E /* PBXContainerItemProxy */;
		};
/* End PBXTargetDependency section */

/* Begin XCBuildConfiguration section */
		85ED185C24AD379B0085DFA0 /* Debug */ = {
			isa = XCBuildConfiguration;
			buildSettings = {
				ALWAYS_SEARCH_USER_PATHS = NO;
				CLANG_ANALYZER_NONNULL = YES;
				CLANG_ANALYZER_NUMBER_OBJECT_CONVERSION = YES_AGGRESSIVE;
				CLANG_CXX_LANGUAGE_STANDARD = "gnu++14";
				CLANG_CXX_LIBRARY = "libc++";
				CLANG_ENABLE_MODULES = YES;
				CLANG_ENABLE_OBJC_ARC = YES;
				CLANG_ENABLE_OBJC_WEAK = YES;
				CLANG_WARN_BLOCK_CAPTURE_AUTORELEASING = YES;
				CLANG_WARN_BOOL_CONVERSION = YES;
				CLANG_WARN_COMMA = YES;
				CLANG_WARN_CONSTANT_CONVERSION = YES;
				CLANG_WARN_DEPRECATED_OBJC_IMPLEMENTATIONS = YES;
				CLANG_WARN_DIRECT_OBJC_ISA_USAGE = YES_ERROR;
				CLANG_WARN_DOCUMENTATION_COMMENTS = YES;
				CLANG_WARN_EMPTY_BODY = YES;
				CLANG_WARN_ENUM_CONVERSION = YES;
				CLANG_WARN_INFINITE_RECURSION = YES;
				CLANG_WARN_INT_CONVERSION = YES;
				CLANG_WARN_NON_LITERAL_NULL_CONVERSION = YES;
				CLANG_WARN_OBJC_IMPLICIT_RETAIN_SELF = YES;
				CLANG_WARN_OBJC_LITERAL_CONVERSION = YES;
				CLANG_WARN_OBJC_ROOT_CLASS = YES_ERROR;
				CLANG_WARN_QUOTED_INCLUDE_IN_FRAMEWORK_HEADER = YES;
				CLANG_WARN_RANGE_LOOP_ANALYSIS = YES;
				CLANG_WARN_STRICT_PROTOTYPES = YES;
				CLANG_WARN_SUSPICIOUS_MOVE = YES;
				CLANG_WARN_UNGUARDED_AVAILABILITY = YES_AGGRESSIVE;
				CLANG_WARN_UNREACHABLE_CODE = YES;
				CLANG_WARN__DUPLICATE_METHOD_MATCH = YES;
				COPY_PHASE_STRIP = NO;
				DEBUG_INFORMATION_FORMAT = dwarf;
				ENABLE_STRICT_OBJC_MSGSEND = YES;
				ENABLE_TESTABILITY = YES;
				GCC_C_LANGUAGE_STANDARD = gnu11;
				GCC_DYNAMIC_NO_PIC = NO;
				GCC_NO_COMMON_BLOCKS = YES;
				GCC_OPTIMIZATION_LEVEL = 0;
				GCC_PREPROCESSOR_DEFINITIONS = (
					"DEBUG=1",
					"$(inherited)",
				);
				GCC_WARN_64_TO_32_BIT_CONVERSION = YES;
				GCC_WARN_ABOUT_RETURN_TYPE = YES_ERROR;
				GCC_WARN_UNDECLARED_SELECTOR = YES;
				GCC_WARN_UNINITIALIZED_AUTOS = YES_AGGRESSIVE;
				GCC_WARN_UNUSED_FUNCTION = YES;
				GCC_WARN_UNUSED_VARIABLE = YES;
				MACOSX_DEPLOYMENT_TARGET = 10.15;
				MTL_ENABLE_DEBUG_INFO = INCLUDE_SOURCE;
				MTL_FAST_MATH = YES;
				ONLY_ACTIVE_ARCH = YES;
				PRODUCT_BUNDLE_IDENTIFIER = "com.jedfox.Tokamak-Native";
				SWIFT_ACTIVE_COMPILATION_CONDITIONS = DEBUG;
				SWIFT_OPTIMIZATION_LEVEL = "-Onone";
			};
			name = Debug;
		};
		85ED185D24AD379B0085DFA0 /* Release */ = {
			isa = XCBuildConfiguration;
			buildSettings = {
				ALWAYS_SEARCH_USER_PATHS = NO;
				CLANG_ANALYZER_NONNULL = YES;
				CLANG_ANALYZER_NUMBER_OBJECT_CONVERSION = YES_AGGRESSIVE;
				CLANG_CXX_LANGUAGE_STANDARD = "gnu++14";
				CLANG_CXX_LIBRARY = "libc++";
				CLANG_ENABLE_MODULES = YES;
				CLANG_ENABLE_OBJC_ARC = YES;
				CLANG_ENABLE_OBJC_WEAK = YES;
				CLANG_WARN_BLOCK_CAPTURE_AUTORELEASING = YES;
				CLANG_WARN_BOOL_CONVERSION = YES;
				CLANG_WARN_COMMA = YES;
				CLANG_WARN_CONSTANT_CONVERSION = YES;
				CLANG_WARN_DEPRECATED_OBJC_IMPLEMENTATIONS = YES;
				CLANG_WARN_DIRECT_OBJC_ISA_USAGE = YES_ERROR;
				CLANG_WARN_DOCUMENTATION_COMMENTS = YES;
				CLANG_WARN_EMPTY_BODY = YES;
				CLANG_WARN_ENUM_CONVERSION = YES;
				CLANG_WARN_INFINITE_RECURSION = YES;
				CLANG_WARN_INT_CONVERSION = YES;
				CLANG_WARN_NON_LITERAL_NULL_CONVERSION = YES;
				CLANG_WARN_OBJC_IMPLICIT_RETAIN_SELF = YES;
				CLANG_WARN_OBJC_LITERAL_CONVERSION = YES;
				CLANG_WARN_OBJC_ROOT_CLASS = YES_ERROR;
				CLANG_WARN_QUOTED_INCLUDE_IN_FRAMEWORK_HEADER = YES;
				CLANG_WARN_RANGE_LOOP_ANALYSIS = YES;
				CLANG_WARN_STRICT_PROTOTYPES = YES;
				CLANG_WARN_SUSPICIOUS_MOVE = YES;
				CLANG_WARN_UNGUARDED_AVAILABILITY = YES_AGGRESSIVE;
				CLANG_WARN_UNREACHABLE_CODE = YES;
				CLANG_WARN__DUPLICATE_METHOD_MATCH = YES;
				COPY_PHASE_STRIP = NO;
				DEBUG_INFORMATION_FORMAT = "dwarf-with-dsym";
				ENABLE_NS_ASSERTIONS = NO;
				ENABLE_STRICT_OBJC_MSGSEND = YES;
				GCC_C_LANGUAGE_STANDARD = gnu11;
				GCC_NO_COMMON_BLOCKS = YES;
				GCC_WARN_64_TO_32_BIT_CONVERSION = YES;
				GCC_WARN_ABOUT_RETURN_TYPE = YES_ERROR;
				GCC_WARN_UNDECLARED_SELECTOR = YES;
				GCC_WARN_UNINITIALIZED_AUTOS = YES_AGGRESSIVE;
				GCC_WARN_UNUSED_FUNCTION = YES;
				GCC_WARN_UNUSED_VARIABLE = YES;
				MACOSX_DEPLOYMENT_TARGET = 10.15;
				MTL_ENABLE_DEBUG_INFO = NO;
				MTL_FAST_MATH = YES;
				PRODUCT_BUNDLE_IDENTIFIER = "com.jedfox.Tokamak-Native";
				SWIFT_COMPILATION_MODE = wholemodule;
				SWIFT_OPTIMIZATION_LEVEL = "-O";
			};
			name = Release;
		};
		85ED185F24AD379B0085DFA0 /* Debug */ = {
			isa = XCBuildConfiguration;
			buildSettings = {
				ASSETCATALOG_COMPILER_GLOBAL_ACCENT_COLOR_NAME = AccentColor;
				CLANG_ENABLE_MODULES = YES;
				CODE_SIGN_ENTITLEMENTS = "TokamakDemo Native.entitlements";
				CODE_SIGN_STYLE = Manual;
				DEVELOPMENT_TEAM = "";
				ENABLE_PREVIEWS = YES;
				INFOPLIST_FILE = "iOS Info.plist";
				IPHONEOS_DEPLOYMENT_TARGET = 14.0;
				"IPHONEOS_DEPLOYMENT_TARGET[sdk=macosx*]" = 14.2;
				LD_RUNPATH_SEARCH_PATHS = (
					"$(inherited)",
					"@executable_path/Frameworks",
				);
				PRODUCT_BUNDLE_IDENTIFIER = "dev.tokamak.Tokamak-Native";
				PRODUCT_NAME = "TokamakDemo Native";
				PROVISIONING_PROFILE_SPECIFIER = "";
				SDKROOT = iphoneos;
				SUPPORTS_MACCATALYST = YES;
				SWIFT_OPTIMIZATION_LEVEL = "-Onone";
				SWIFT_VERSION = 5.0;
				TARGETED_DEVICE_FAMILY = "1,2";
			};
			name = Debug;
		};
		85ED186024AD379B0085DFA0 /* Release */ = {
			isa = XCBuildConfiguration;
			buildSettings = {
				ASSETCATALOG_COMPILER_GLOBAL_ACCENT_COLOR_NAME = AccentColor;
				CLANG_ENABLE_MODULES = YES;
				CODE_SIGN_ENTITLEMENTS = "TokamakDemo Native.entitlements";
				CODE_SIGN_STYLE = Manual;
				DEVELOPMENT_TEAM = "";
				ENABLE_PREVIEWS = YES;
				INFOPLIST_FILE = "iOS Info.plist";
				IPHONEOS_DEPLOYMENT_TARGET = 14.0;
				"IPHONEOS_DEPLOYMENT_TARGET[sdk=macosx*]" = 14.2;
				LD_RUNPATH_SEARCH_PATHS = (
					"$(inherited)",
					"@executable_path/Frameworks",
				);
				PRODUCT_BUNDLE_IDENTIFIER = "dev.tokamak.Tokamak-Native";
				PRODUCT_NAME = "TokamakDemo Native";
				PROVISIONING_PROFILE_SPECIFIER = "";
				SDKROOT = iphoneos;
				SUPPORTS_MACCATALYST = YES;
				SWIFT_VERSION = 5.0;
				TARGETED_DEVICE_FAMILY = "1,2";
				VALIDATE_PRODUCT = YES;
			};
			name = Release;
		};
		85ED186224AD379B0085DFA0 /* Debug */ = {
			isa = XCBuildConfiguration;
			buildSettings = {
				ASSETCATALOG_COMPILER_GLOBAL_ACCENT_COLOR_NAME = AccentColor;
				CLANG_ENABLE_MODULES = YES;
				CODE_SIGN_ENTITLEMENTS = "";
				CODE_SIGN_STYLE = Manual;
				COMBINE_HIDPI_IMAGES = YES;
				DEVELOPMENT_TEAM = "";
				ENABLE_HARDENED_RUNTIME = YES;
				ENABLE_PREVIEWS = YES;
				INFOPLIST_FILE = Info.plist;
				LD_RUNPATH_SEARCH_PATHS = (
					"$(inherited)",
					"@executable_path/../Frameworks",
				);
				MACOSX_DEPLOYMENT_TARGET = 11.0;
				PRODUCT_BUNDLE_IDENTIFIER = "dev.tokamak.Tokamak-Native";
				PRODUCT_NAME = "TokamakDemo Native";
				PROVISIONING_PROFILE_SPECIFIER = "";
				SDKROOT = macosx;
				SUPPORTED_PLATFORMS = macosx;
				SWIFT_OPTIMIZATION_LEVEL = "-Onone";
				SWIFT_VERSION = 5.0;
			};
			name = Debug;
		};
		85ED186324AD379B0085DFA0 /* Release */ = {
			isa = XCBuildConfiguration;
			buildSettings = {
				ASSETCATALOG_COMPILER_GLOBAL_ACCENT_COLOR_NAME = AccentColor;
				CLANG_ENABLE_MODULES = YES;
				CODE_SIGN_ENTITLEMENTS = "";
				CODE_SIGN_STYLE = Manual;
				COMBINE_HIDPI_IMAGES = YES;
				DEVELOPMENT_TEAM = "";
				ENABLE_HARDENED_RUNTIME = YES;
				ENABLE_PREVIEWS = YES;
				INFOPLIST_FILE = Info.plist;
				LD_RUNPATH_SEARCH_PATHS = (
					"$(inherited)",
					"@executable_path/../Frameworks",
				);
				MACOSX_DEPLOYMENT_TARGET = 11.0;
				PRODUCT_BUNDLE_IDENTIFIER = "dev.tokamak.Tokamak-Native";
				PRODUCT_NAME = "TokamakDemo Native";
				PROVISIONING_PROFILE_SPECIFIER = "";
				SDKROOT = macosx;
				SUPPORTED_PLATFORMS = macosx;
				SWIFT_VERSION = 5.0;
			};
			name = Release;
		};
		D1E5FDA924C1D54B00E7485E /* Debug */ = {
			isa = XCBuildConfiguration;
			buildSettings = {
				CODE_SIGN_STYLE = Automatic;
				IPHONEOS_DEPLOYMENT_TARGET = 13.0;
				OTHER_LDFLAGS = "-ObjC";
				PRODUCT_NAME = "$(TARGET_NAME)";
				SDKROOT = iphoneos;
				SKIP_INSTALL = YES;
				SUPPORTED_PLATFORMS = "iphonesimulator iphoneos macosx";
				SWIFT_VERSION = 5.0;
				TARGETED_DEVICE_FAMILY = "1,2";
			};
			name = Debug;
		};
		D1E5FDAA24C1D54B00E7485E /* Release */ = {
			isa = XCBuildConfiguration;
			buildSettings = {
				CODE_SIGN_STYLE = Automatic;
				IPHONEOS_DEPLOYMENT_TARGET = 13.0;
				OTHER_LDFLAGS = "-ObjC";
				PRODUCT_NAME = "$(TARGET_NAME)";
				SDKROOT = iphoneos;
				SKIP_INSTALL = YES;
				SUPPORTED_PLATFORMS = "iphonesimulator iphoneos macosx";
				SWIFT_VERSION = 5.0;
				TARGETED_DEVICE_FAMILY = "1,2";
				VALIDATE_PRODUCT = YES;
			};
			name = Release;
		};
/* End XCBuildConfiguration section */

/* Begin XCConfigurationList section */
		85ED184124AD37970085DFA0 /* Build configuration list for PBXProject "TokamakDemo" */ = {
			isa = XCConfigurationList;
			buildConfigurations = (
				85ED185C24AD379B0085DFA0 /* Debug */,
				85ED185D24AD379B0085DFA0 /* Release */,
			);
			defaultConfigurationIsVisible = 0;
			defaultConfigurationName = Release;
		};
		85ED185E24AD379B0085DFA0 /* Build configuration list for PBXNativeTarget "iOS" */ = {
			isa = XCConfigurationList;
			buildConfigurations = (
				85ED185F24AD379B0085DFA0 /* Debug */,
				85ED186024AD379B0085DFA0 /* Release */,
			);
			defaultConfigurationIsVisible = 0;
			defaultConfigurationName = Release;
		};
		85ED186124AD379B0085DFA0 /* Build configuration list for PBXNativeTarget "macOS" */ = {
			isa = XCConfigurationList;
			buildConfigurations = (
				85ED186224AD379B0085DFA0 /* Debug */,
				85ED186324AD379B0085DFA0 /* Release */,
			);
			defaultConfigurationIsVisible = 0;
			defaultConfigurationName = Release;
		};
		D1E5FDA824C1D54B00E7485E /* Build configuration list for PBXNativeTarget "TokamakShim" */ = {
			isa = XCConfigurationList;
			buildConfigurations = (
				D1E5FDA924C1D54B00E7485E /* Debug */,
				D1E5FDAA24C1D54B00E7485E /* Release */,
			);
			defaultConfigurationIsVisible = 0;
			defaultConfigurationName = Release;
		};
/* End XCConfigurationList section */
	};
	rootObject = 85ED183E24AD37970085DFA0 /* Project object */;
}
